// !$*UTF8*$!
{
	archiveVersion = 1;
	classes = {
	};
	objectVersion = 55;
	objects = {

/* Begin PBXBuildFile section */
		1D02819D29345430001EE828 /* PopoverViewCell.m in Sources */ = {isa = PBXBuildFile; fileRef = 1D02819C29345430001EE828 /* PopoverViewCell.m */; };
		1D0281A129346791001EE828 /* BroadcastMainViewController.m in Sources */ = {isa = PBXBuildFile; fileRef = 1D0281A029346791001EE828 /* BroadcastMainViewController.m */; };
		1D0281A429346837001EE828 /* FileViewController.m in Sources */ = {isa = PBXBuildFile; fileRef = 1D0281A329346837001EE828 /* FileViewController.m */; };
		1D0281A729346858001EE828 /* UpdateViewController.m in Sources */ = {isa = PBXBuildFile; fileRef = 1D0281A629346858001EE828 /* UpdateViewController.m */; };
		1D0281AA2934D2ED001EE828 /* NSString+Size.m in Sources */ = {isa = PBXBuildFile; fileRef = 1D0281A92934D2ED001EE828 /* NSString+Size.m */; };
		1D0281AE2934DB3F001EE828 /* NoFileView.m in Sources */ = {isa = PBXBuildFile; fileRef = 1D0281AD2934DB3F001EE828 /* NoFileView.m */; };
		1D0281B2293599A1001EE828 /* UpdateTableViewCell.m in Sources */ = {isa = PBXBuildFile; fileRef = 1D0281B1293599A1001EE828 /* UpdateTableViewCell.m */; };
		1D0281B929360476001EE828 /* UfwSelectView.m in Sources */ = {isa = PBXBuildFile; fileRef = 1D0281B829360476001EE828 /* UfwSelectView.m */; };
		1D0301862946D0670023AF7C /* SDKExtent.swift in Sources */ = {isa = PBXBuildFile; fileRef = 1D0301852946D0670023AF7C /* SDKExtent.swift */; };
		1D05BBA428E5907E0033BD28 /* NavViewController.m in Sources */ = {isa = PBXBuildFile; fileRef = 1D05BBA328E5907E0033BD28 /* NavViewController.m */; };
		1D21A8122930923C002E8D6B /* BroadcastBleManager.m in Sources */ = {isa = PBXBuildFile; fileRef = 1D21A8112930923C002E8D6B /* BroadcastBleManager.m */; };
		1D21A81729309B5E002E8D6B /* BroadcastViewController.m in Sources */ = {isa = PBXBuildFile; fileRef = 1D21A81629309B5E002E8D6B /* BroadcastViewController.m */; };
		1D2477B428F1187700C8EC48 /* FittingView.m in Sources */ = {isa = PBXBuildFile; fileRef = 1D2477B328F1187700C8EC48 /* FittingView.m */; };
		1D2477B828F1627300C8EC48 /* JLUpgradeViewController.m in Sources */ = {isa = PBXBuildFile; fileRef = 1D2477B728F1627300C8EC48 /* JLUpgradeViewController.m */; };
		1D2477BD28F17BFB00C8EC48 /* UfwFileCell.m in Sources */ = {isa = PBXBuildFile; fileRef = 1D2477BB28F17BFB00C8EC48 /* UfwFileCell.m */; };
		1D2477BE28F17BFB00C8EC48 /* UfwFileCell.xib in Resources */ = {isa = PBXBuildFile; fileRef = 1D2477BC28F17BFB00C8EC48 /* UfwFileCell.xib */; };
		1D2FA5E02909309000D5E547 /* AutoUpdateTipsView.m in Sources */ = {isa = PBXBuildFile; fileRef = 1D2FA5DF2909309000D5E547 /* AutoUpdateTipsView.m */; };
		1D2FA5E3290A11EE00D5E547 /* NormalUpdateTipsView.m in Sources */ = {isa = PBXBuildFile; fileRef = 1D2FA5E2290A11EE00D5E547 /* NormalUpdateTipsView.m */; };
		1D2FA5E7290A73BC00D5E547 /* AutoFinishView.m in Sources */ = {isa = PBXBuildFile; fileRef = 1D2FA5E6290A73BC00D5E547 /* AutoFinishView.m */; };
		1D2FA5EA290A73CA00D5E547 /* NormalFinishView.m in Sources */ = {isa = PBXBuildFile; fileRef = 1D2FA5E9290A73CA00D5E547 /* NormalFinishView.m */; };
		1D30D5B1292F57A400BC5E89 /* DeviceManager.m in Sources */ = {isa = PBXBuildFile; fileRef = 1D30D5B0292F57A400BC5E89 /* DeviceManager.m */; };
		1D30D5BE292F8E1000BC5E89 /* BroadcastThread.m in Sources */ = {isa = PBXBuildFile; fileRef = 1D30D5BD292F8E1000BC5E89 /* BroadcastThread.m */; };
		1D3EAE9E29F52AF200C3405F /* SGScanViewConfigure.m in Sources */ = {isa = PBXBuildFile; fileRef = 1D3EAE8129F52AF200C3405F /* SGScanViewConfigure.m */; };
		1D3EAE9F29F52AF200C3405F /* SGScanView.m in Sources */ = {isa = PBXBuildFile; fileRef = 1D3EAE8229F52AF200C3405F /* SGScanView.m */; };
		1D3EAEA029F52AF200C3405F /* SGQRCode.bundle in Resources */ = {isa = PBXBuildFile; fileRef = 1D3EAE8529F52AF200C3405F /* SGQRCode.bundle */; };
		1D3EAEA129F52AF200C3405F /* SGWeakProxy.m in Sources */ = {isa = PBXBuildFile; fileRef = 1D3EAE8729F52AF200C3405F /* SGWeakProxy.m */; };
		1D3EAEA229F52AF200C3405F /* SGTorch.m in Sources */ = {isa = PBXBuildFile; fileRef = 1D3EAE8A29F52AF200C3405F /* SGTorch.m */; };
		1D3EAEA329F52AF200C3405F /* SGQRCodeLog.m in Sources */ = {isa = PBXBuildFile; fileRef = 1D3EAE8C29F52AF200C3405F /* SGQRCodeLog.m */; };
		1D3EAEA429F52AF200C3405F /* SGScanCode.m in Sources */ = {isa = PBXBuildFile; fileRef = 1D3EAE8F29F52AF200C3405F /* SGScanCode.m */; };
		1D3EAEA529F52AF200C3405F /* SGGenerateQRCode.m in Sources */ = {isa = PBXBuildFile; fileRef = 1D3EAE9229F52AF200C3405F /* SGGenerateQRCode.m */; };
		1D3EAEA629F52AF200C3405F /* SGSoundEffect.m in Sources */ = {isa = PBXBuildFile; fileRef = 1D3EAE9429F52AF200C3405F /* SGSoundEffect.m */; };
		1D3EAEA729F52AF200C3405F /* SGPermissionCamera.m in Sources */ = {isa = PBXBuildFile; fileRef = 1D3EAE9729F52AF200C3405F /* SGPermissionCamera.m */; };
		1D3EAEA829F52AF200C3405F /* SGPermission.m in Sources */ = {isa = PBXBuildFile; fileRef = 1D3EAE9829F52AF200C3405F /* SGPermission.m */; };
		1D3EAEA929F52AF300C3405F /* SGPermissionPhoto.m in Sources */ = {isa = PBXBuildFile; fileRef = 1D3EAE9929F52AF200C3405F /* SGPermissionPhoto.m */; };
		1D3EAEB029F540C200C3405F /* DownloadView.m in Sources */ = {isa = PBXBuildFile; fileRef = 1D3EAEAF29F540C200C3405F /* DownloadView.m */; };
		1D3EAEBE29F6528700C3405F /* ScanQRCodeVC.m in Sources */ = {isa = PBXBuildFile; fileRef = 1D3EAEBD29F6528700C3405F /* ScanQRCodeVC.m */; };
		1D5DA7B228FCFF7900A398EA /* TipsDeleteView.m in Sources */ = {isa = PBXBuildFile; fileRef = 1D5DA7B128FCFF7900A398EA /* TipsDeleteView.m */; };
		1D5DA7B628FD25C700A398EA /* JLShareDetailViewController.m in Sources */ = {isa = PBXBuildFile; fileRef = 1D5DA7B528FD25C700A398EA /* JLShareDetailViewController.m */; };
		1D5DF08628E597F500124EEF /* JLDeviceViewController.m in Sources */ = {isa = PBXBuildFile; fileRef = 1D05BBA728E592630033BD28 /* JLDeviceViewController.m */; };
		1D5EB63A29B8182E0096AEE4 /* SingleDataSender.m in Sources */ = {isa = PBXBuildFile; fileRef = 1D5EB63929B8182E0096AEE4 /* SingleDataSender.m */; };
		1D73A29529430620003D7EDE /* AutoDevicesViewController.m in Sources */ = {isa = PBXBuildFile; fileRef = 1D73A29429430620003D7EDE /* AutoDevicesViewController.m */; };
		1D73A2992943090D003D7EDE /* AutoUpdateViewController.m in Sources */ = {isa = PBXBuildFile; fileRef = 1D73A2982943090D003D7EDE /* AutoUpdateViewController.m */; };
		1D73A29D29430ABD003D7EDE /* AutoSettingViewController.m in Sources */ = {isa = PBXBuildFile; fileRef = 1D73A29C29430ABD003D7EDE /* AutoSettingViewController.m */; };
		1D73A2A029430CB0003D7EDE /* JLAutoViewsController.m in Sources */ = {isa = PBXBuildFile; fileRef = 1D73A29F29430CB0003D7EDE /* JLAutoViewsController.m */; };
		1D8CF1F629669ED500CB3C3A /* InfoPlist.strings in Resources */ = {isa = PBXBuildFile; fileRef = 1D8CF1F829669ED500CB3C3A /* InfoPlist.strings */; };
		1DA322E829558BA0001CCE86 /* AutoTestModels.swift in Sources */ = {isa = PBXBuildFile; fileRef = 1DA322E729558BA0001CCE86 /* AutoTestModels.swift */; };
		1DC4DD2A29370ADA00E157EB /* UfwConfig.m in Sources */ = {isa = PBXBuildFile; fileRef = 1DC4DD2929370ADA00E157EB /* UfwConfig.m */; };
		1DC4DD2E2937321D00E157EB /* UpdateStatusView.m in Sources */ = {isa = PBXBuildFile; fileRef = 1DC4DD2D2937321D00E157EB /* UpdateStatusView.m */; };
		1DC4DD35293734BA00E157EB /* UpdateStatusCell.m in Sources */ = {isa = PBXBuildFile; fileRef = 1DC4DD34293734BA00E157EB /* UpdateStatusCell.m */; };
		1DD6CEDA2D0BDB0B00E60099 /* JL_BLEKit.framework in Frameworks */ = {isa = PBXBuildFile; fileRef = 1DD6CED92D0BDB0B00E60099 /* JL_BLEKit.framework */; };
		1DD6CEE02D0BDCA100E60099 /* JL_OTALib.framework in Frameworks */ = {isa = PBXBuildFile; fileRef = 1DD6CEDF2D0BDCA100E60099 /* JL_OTALib.framework */; };
		1DD6CEE22D0BDD0100E60099 /* JL_AdvParse.framework in Frameworks */ = {isa = PBXBuildFile; fileRef = 1DD6CEE12D0BDD0100E60099 /* JL_AdvParse.framework */; };
		1DD6CEE42D0BDD8500E60099 /* JL_HashPair.framework in Frameworks */ = {isa = PBXBuildFile; fileRef = 1DD6CEE32D0BDD8500E60099 /* JL_HashPair.framework */; };
		1DD6CEE62D0BDDE500E60099 /* JLLogHelper.framework in Frameworks */ = {isa = PBXBuildFile; fileRef = 1DD6CEE52D0BDDE500E60099 /* JLLogHelper.framework */; };
		1DD757B3294AEEAB00DE5702 /* libc++.tbd in Frameworks */ = {isa = PBXBuildFile; fileRef = 1DD757B2294AEEAB00DE5702 /* libc++.tbd */; };
		1DD757B5294AEEB600DE5702 /* Security.framework in Frameworks */ = {isa = PBXBuildFile; fileRef = 1DD757B4294AEEB600DE5702 /* Security.framework */; };
		1DD757B7294AEEBD00DE5702 /* SystemConfiguration.framework in Frameworks */ = {isa = PBXBuildFile; fileRef = 1DD757B6294AEEBD00DE5702 /* SystemConfiguration.framework */; };
		1DDE6A1A29149D4B009BD1BA /* PopoverView.m in Sources */ = {isa = PBXBuildFile; fileRef = 1DDE6A1929149D4B009BD1BA /* PopoverView.m */; };
		1DDE6A1D2914FCD4009BD1BA /* EcEditView.m in Sources */ = {isa = PBXBuildFile; fileRef = 1DDE6A1C2914FCD4009BD1BA /* EcEditView.m */; };
		1DDE6A1F29152955009BD1BA /* DFUnits.framework in Frameworks */ = {isa = PBXBuildFile; fileRef = 1DDE6A1E29152955009BD1BA /* DFUnits.framework */; };
		1DE45E2428F4227F00BB7AD2 /* ToolsHelper.m in Sources */ = {isa = PBXBuildFile; fileRef = 1DE45E2328F4227F00BB7AD2 /* ToolsHelper.m */; };
		1DE45E2728F4F78C00BB7AD2 /* TipsFinishView.m in Sources */ = {isa = PBXBuildFile; fileRef = 1DE45E2628F4F78C00BB7AD2 /* TipsFinishView.m */; };
		1DE45E2A28F4F7A200BB7AD2 /* TipsProgressView.m in Sources */ = {isa = PBXBuildFile; fileRef = 1DE45E2928F4F7A200BB7AD2 /* TipsProgressView.m */; };
		1DE45E2D28F4F93A00BB7AD2 /* TipsComputerView.m in Sources */ = {isa = PBXBuildFile; fileRef = 1DE45E2C28F4F93A00BB7AD2 /* TipsComputerView.m */; };
		1DE45E3128F5425A00BB7AD2 /* JLSettingViewController.m in Sources */ = {isa = PBXBuildFile; fileRef = 1DE45E3028F5425A00BB7AD2 /* JLSettingViewController.m */; };
		1DE45E3628F54D5600BB7AD2 /* SettingTableViewCell.m in Sources */ = {isa = PBXBuildFile; fileRef = 1DE45E3428F54D5600BB7AD2 /* SettingTableViewCell.m */; };
		1DE45E3728F54D5600BB7AD2 /* SettingTableViewCell.xib in Resources */ = {isa = PBXBuildFile; fileRef = 1DE45E3528F54D5600BB7AD2 /* SettingTableViewCell.xib */; };
		1DE45E3A28F648A100BB7AD2 /* TestNumberView.m in Sources */ = {isa = PBXBuildFile; fileRef = 1DE45E3928F648A100BB7AD2 /* TestNumberView.m */; };
		1DE45E3E28F66BDF00BB7AD2 /* JLBleHandler.m in Sources */ = {isa = PBXBuildFile; fileRef = 1DE45E3D28F66BDE00BB7AD2 /* JLBleHandler.m */; };
		1DE45E4228F69E6400BB7AD2 /* SDKBleHelper.m in Sources */ = {isa = PBXBuildFile; fileRef = 1DE45E4128F69E6400BB7AD2 /* SDKBleHelper.m */; };
		1DE45E4328F6B33F00BB7AD2 /* JL_RunSDK.m in Sources */ = {isa = PBXBuildFile; fileRef = BECEAD092711466B0090027A /* JL_RunSDK.m */; };
		1DE45E4628F7AEB900BB7AD2 /* LoopUpdateManager.m in Sources */ = {isa = PBXBuildFile; fileRef = 1DE45E4528F7AEB900BB7AD2 /* LoopUpdateManager.m */; };
		1DF2527F2987A60F0058EDA0 /* HandleBroadcastPtl.m in Sources */ = {isa = PBXBuildFile; fileRef = 1DF2527E2987A60F0058EDA0 /* HandleBroadcastPtl.m */; };
		1DFA8DDD28F961A700E7EB99 /* JLShareFileViewController.m in Sources */ = {isa = PBXBuildFile; fileRef = 1DFA8DDC28F961A700E7EB99 /* JLShareFileViewController.m */; };
		1DFA8DDF28F9677300E7EB99 /* file_share.gif in Resources */ = {isa = PBXBuildFile; fileRef = 1DFA8DDE28F9677300E7EB99 /* file_share.gif */; };
		1DFF1B0E28FCE72800C0EDBC /* JLShareLogViewController.m in Sources */ = {isa = PBXBuildFile; fileRef = 1DFF1B0D28FCE72800C0EDBC /* JLShareLogViewController.m */; };
		485354C527390335004B426F /* GCDWebKit.m in Sources */ = {isa = PBXBuildFile; fileRef = 485354B127390335004B426F /* GCDWebKit.m */; };
		485354C627390335004B426F /* SJXCSMIPHelper.m in Sources */ = {isa = PBXBuildFile; fileRef = 485354B227390335004B426F /* SJXCSMIPHelper.m */; };
		485354F32739081B004B426F /* libxml2.tbd in Frameworks */ = {isa = PBXBuildFile; fileRef = 485354F22739081B004B426F /* libxml2.tbd */; };
		485354F527390825004B426F /* libz.tbd in Frameworks */ = {isa = PBXBuildFile; fileRef = 485354F427390825004B426F /* libz.tbd */; };
		B2586349BAABE434E407B5A7 /* libPods-JL_OTA.a in Frameworks */ = {isa = PBXBuildFile; fileRef = E09C2BB6B03B592389252C0C /* libPods-JL_OTA.a */; };
		BE8A22F127153A2C00589FB3 /* JLMainViewController.m in Sources */ = {isa = PBXBuildFile; fileRef = BE8A22F027153A2C00589FB3 /* JLMainViewController.m */; };
		BE8A22F627156DD300589FB3 /* JLBaseViewController.m in Sources */ = {isa = PBXBuildFile; fileRef = BE8A22F527156DD300589FB3 /* JLBaseViewController.m */; };
		BECEACBE271132DE0090027A /* AppDelegate.m in Sources */ = {isa = PBXBuildFile; fileRef = BECEACBD271132DE0090027A /* AppDelegate.m */; };
		BECEACC9271132E20090027A /* Assets.xcassets in Resources */ = {isa = PBXBuildFile; fileRef = BECEACC8271132E20090027A /* Assets.xcassets */; };
		BECEACCF271132E20090027A /* main.m in Sources */ = {isa = PBXBuildFile; fileRef = BECEACCE271132E20090027A /* main.m */; };
		BECEAD3C2713C2200090027A /* JLDeviceCell.m in Sources */ = {isa = PBXBuildFile; fileRef = BECEAD3A2713C2200090027A /* JLDeviceCell.m */; };
		BECEAD3E2713C2200090027A /* JLDeviceCell.xib in Resources */ = {isa = PBXBuildFile; fileRef = BECEAD3B2713C2200090027A /* JLDeviceCell.xib */; };
		BECEAD432713CFD40090027A /* Localizable.strings in Resources */ = {isa = PBXBuildFile; fileRef = BECEAD462713CFD40090027A /* Localizable.strings */; };
		BECEAD502713D1E90090027A /* JLBleManager.m in Sources */ = {isa = PBXBuildFile; fileRef = BECEAD4F2713D1E90090027A /* JLBleManager.m */; };
		BECEAD582713E5AF0090027A /* JLBleEntity.m in Sources */ = {isa = PBXBuildFile; fileRef = BECEAD572713E5AF0090027A /* JLBleEntity.m */; };
		BECEAD60271422610090027A /* 2.ufw in Resources */ = {isa = PBXBuildFile; fileRef = BECEAD5D271422610090027A /* 2.ufw */; };
		BECEAD62271422610090027A /* 1.ufw in Resources */ = {isa = PBXBuildFile; fileRef = BECEAD5E271422610090027A /* 1.ufw */; };
		BECEAD64271422610090027A /* 0.ufw in Resources */ = {isa = PBXBuildFile; fileRef = BECEAD5F271422610090027A /* 0.ufw */; };
		BECEAD6A271423C90090027A /* JLOtaFileManager.m in Sources */ = {isa = PBXBuildFile; fileRef = BECEAD69271423C90090027A /* JLOtaFileManager.m */; };
		BECEAD74271441B70090027A /* UITableViewCell+JLCustom.m in Sources */ = {isa = PBXBuildFile; fileRef = BECEAD73271441B70090027A /* UITableViewCell+JLCustom.m */; };
		C201E4032CF45E4800338FB0 /* user_protocol.html in Resources */ = {isa = PBXBuildFile; fileRef = C201E4022CF45E4800338FB0 /* user_protocol.html */; };
		C2D469882CF16EEC0085DEA6 /* AboutViewController.m in Sources */ = {isa = PBXBuildFile; fileRef = C2D469852CF16EEC0085DEA6 /* AboutViewController.m */; };
		C2D4698C2CF17A3B0085DEA6 /* AboutCell.m in Sources */ = {isa = PBXBuildFile; fileRef = C2D4698B2CF17A3B0085DEA6 /* AboutCell.m */; };
		C2D469902CF17CB00085DEA6 /* user_privacy_policy.html in Resources */ = {isa = PBXBuildFile; fileRef = C2D4698E2CF17CB00085DEA6 /* user_privacy_policy.html */; };
		C2D53B0F2CF1C870000FE8EC /* StatementViewController.m in Sources */ = {isa = PBXBuildFile; fileRef = C2D53B0D2CF1C870000FE8EC /* StatementViewController.m */; };
		C2D53B122CF1C999000FE8EC /* UILabel+YBAttributeTextTapAction.m in Sources */ = {isa = PBXBuildFile; fileRef = C2D53B112CF1C999000FE8EC /* UILabel+YBAttributeTextTapAction.m */; };
		C2E36AA82CF55DE600668227 /* OpenShowView.m in Sources */ = {isa = PBXBuildFile; fileRef = C2E36AA52CF55DE600668227 /* OpenShowView.m */; };
		C2E36AAB2CF564E400668227 /* LaunchScreen.storyboard in Resources */ = {isa = PBXBuildFile; fileRef = C2E36AAA2CF564E400668227 /* LaunchScreen.storyboard */; };
		C2E5231C2CF85A52009C7120 /* WebViewController.m in Sources */ = {isa = PBXBuildFile; fileRef = C2E5231A2CF85A52009C7120 /* WebViewController.m */; };
/* End PBXBuildFile section */

/* Begin PBXFileReference section */
		1D02819B29345430001EE828 /* PopoverViewCell.h */ = {isa = PBXFileReference; lastKnownFileType = sourcecode.c.h; path = PopoverViewCell.h; sourceTree = "<group>"; };
		1D02819C29345430001EE828 /* PopoverViewCell.m */ = {isa = PBXFileReference; lastKnownFileType = sourcecode.c.objc; path = PopoverViewCell.m; sourceTree = "<group>"; };
		1D02819F29346791001EE828 /* BroadcastMainViewController.h */ = {isa = PBXFileReference; lastKnownFileType = sourcecode.c.h; path = BroadcastMainViewController.h; sourceTree = "<group>"; };
		1D0281A029346791001EE828 /* BroadcastMainViewController.m */ = {isa = PBXFileReference; lastKnownFileType = sourcecode.c.objc; path = BroadcastMainViewController.m; sourceTree = "<group>"; };
		1D0281A229346837001EE828 /* FileViewController.h */ = {isa = PBXFileReference; lastKnownFileType = sourcecode.c.h; path = FileViewController.h; sourceTree = "<group>"; };
		1D0281A329346837001EE828 /* FileViewController.m */ = {isa = PBXFileReference; lastKnownFileType = sourcecode.c.objc; path = FileViewController.m; sourceTree = "<group>"; };
		1D0281A529346858001EE828 /* UpdateViewController.h */ = {isa = PBXFileReference; lastKnownFileType = sourcecode.c.h; path = UpdateViewController.h; sourceTree = "<group>"; };
		1D0281A629346858001EE828 /* UpdateViewController.m */ = {isa = PBXFileReference; lastKnownFileType = sourcecode.c.objc; path = UpdateViewController.m; sourceTree = "<group>"; };
		1D0281A82934D2ED001EE828 /* NSString+Size.h */ = {isa = PBXFileReference; lastKnownFileType = sourcecode.c.h; path = "NSString+Size.h"; sourceTree = "<group>"; };
		1D0281A92934D2ED001EE828 /* NSString+Size.m */ = {isa = PBXFileReference; lastKnownFileType = sourcecode.c.objc; path = "NSString+Size.m"; sourceTree = "<group>"; };
		1D0281AC2934DB3F001EE828 /* NoFileView.h */ = {isa = PBXFileReference; lastKnownFileType = sourcecode.c.h; path = NoFileView.h; sourceTree = "<group>"; };
		1D0281AD2934DB3F001EE828 /* NoFileView.m */ = {isa = PBXFileReference; lastKnownFileType = sourcecode.c.objc; path = NoFileView.m; sourceTree = "<group>"; };
		1D0281B0293599A1001EE828 /* UpdateTableViewCell.h */ = {isa = PBXFileReference; lastKnownFileType = sourcecode.c.h; path = UpdateTableViewCell.h; sourceTree = "<group>"; };
		1D0281B1293599A1001EE828 /* UpdateTableViewCell.m */ = {isa = PBXFileReference; lastKnownFileType = sourcecode.c.objc; path = UpdateTableViewCell.m; sourceTree = "<group>"; };
		1D0281B729360476001EE828 /* UfwSelectView.h */ = {isa = PBXFileReference; lastKnownFileType = sourcecode.c.h; path = UfwSelectView.h; sourceTree = "<group>"; };
		1D0281B829360476001EE828 /* UfwSelectView.m */ = {isa = PBXFileReference; lastKnownFileType = sourcecode.c.objc; path = UfwSelectView.m; sourceTree = "<group>"; };
		1D0301832946D0660023AF7C /* JL_OTA-Bridging-Header.h */ = {isa = PBXFileReference; lastKnownFileType = sourcecode.c.h; path = "JL_OTA-Bridging-Header.h"; sourceTree = "<group>"; };
		1D0301852946D0670023AF7C /* SDKExtent.swift */ = {isa = PBXFileReference; lastKnownFileType = sourcecode.swift; path = SDKExtent.swift; sourceTree = "<group>"; };
		1D05BBA228E5907E0033BD28 /* NavViewController.h */ = {isa = PBXFileReference; fileEncoding = 4; lastKnownFileType = sourcecode.c.h; path = NavViewController.h; sourceTree = "<group>"; };
		1D05BBA328E5907E0033BD28 /* NavViewController.m */ = {isa = PBXFileReference; fileEncoding = 4; lastKnownFileType = sourcecode.c.objc; path = NavViewController.m; sourceTree = "<group>"; };
		1D05BBA628E592630033BD28 /* JLDeviceViewController.h */ = {isa = PBXFileReference; lastKnownFileType = sourcecode.c.h; path = JLDeviceViewController.h; sourceTree = "<group>"; };
		1D05BBA728E592630033BD28 /* JLDeviceViewController.m */ = {isa = PBXFileReference; lastKnownFileType = sourcecode.c.objc; path = JLDeviceViewController.m; sourceTree = "<group>"; };
		1D21A8102930923C002E8D6B /* BroadcastBleManager.h */ = {isa = PBXFileReference; lastKnownFileType = sourcecode.c.h; path = BroadcastBleManager.h; sourceTree = "<group>"; };
		1D21A8112930923C002E8D6B /* BroadcastBleManager.m */ = {isa = PBXFileReference; lastKnownFileType = sourcecode.c.objc; path = BroadcastBleManager.m; sourceTree = "<group>"; };
		1D21A81529309B5E002E8D6B /* BroadcastViewController.h */ = {isa = PBXFileReference; lastKnownFileType = sourcecode.c.h; path = BroadcastViewController.h; sourceTree = "<group>"; };
		1D21A81629309B5E002E8D6B /* BroadcastViewController.m */ = {isa = PBXFileReference; lastKnownFileType = sourcecode.c.objc; path = BroadcastViewController.m; sourceTree = "<group>"; };
		1D2477B228F1187700C8EC48 /* FittingView.h */ = {isa = PBXFileReference; lastKnownFileType = sourcecode.c.h; path = FittingView.h; sourceTree = "<group>"; };
		1D2477B328F1187700C8EC48 /* FittingView.m */ = {isa = PBXFileReference; lastKnownFileType = sourcecode.c.objc; path = FittingView.m; sourceTree = "<group>"; };
		1D2477B628F1627300C8EC48 /* JLUpgradeViewController.h */ = {isa = PBXFileReference; lastKnownFileType = sourcecode.c.h; path = JLUpgradeViewController.h; sourceTree = "<group>"; };
		1D2477B728F1627300C8EC48 /* JLUpgradeViewController.m */ = {isa = PBXFileReference; lastKnownFileType = sourcecode.c.objc; path = JLUpgradeViewController.m; sourceTree = "<group>"; };
		1D2477BA28F17BFB00C8EC48 /* UfwFileCell.h */ = {isa = PBXFileReference; lastKnownFileType = sourcecode.c.h; path = UfwFileCell.h; sourceTree = "<group>"; };
		1D2477BB28F17BFB00C8EC48 /* UfwFileCell.m */ = {isa = PBXFileReference; lastKnownFileType = sourcecode.c.objc; path = UfwFileCell.m; sourceTree = "<group>"; };
		1D2477BC28F17BFB00C8EC48 /* UfwFileCell.xib */ = {isa = PBXFileReference; lastKnownFileType = file.xib; path = UfwFileCell.xib; sourceTree = "<group>"; };
		1D27E11E298B502D005244AB /* JLBleAssistManager.m */ = {isa = PBXFileReference; lastKnownFileType = sourcecode.c.objc; path = JLBleAssistManager.m; sourceTree = "<group>"; };
		1D27E11F298B502D005244AB /* JLBleAssistManager.h */ = {isa = PBXFileReference; lastKnownFileType = sourcecode.c.h; path = JLBleAssistManager.h; sourceTree = "<group>"; };
		1D2CA7DB2963FF5800893829 /* ko */ = {isa = PBXFileReference; lastKnownFileType = text.plist.strings; name = ko; path = ko.lproj/Localizable.strings; sourceTree = "<group>"; };
		1D2FA5DE2909309000D5E547 /* AutoUpdateTipsView.h */ = {isa = PBXFileReference; lastKnownFileType = sourcecode.c.h; path = AutoUpdateTipsView.h; sourceTree = "<group>"; };
		1D2FA5DF2909309000D5E547 /* AutoUpdateTipsView.m */ = {isa = PBXFileReference; lastKnownFileType = sourcecode.c.objc; path = AutoUpdateTipsView.m; sourceTree = "<group>"; };
		1D2FA5E1290A11EE00D5E547 /* NormalUpdateTipsView.h */ = {isa = PBXFileReference; lastKnownFileType = sourcecode.c.h; path = NormalUpdateTipsView.h; sourceTree = "<group>"; };
		1D2FA5E2290A11EE00D5E547 /* NormalUpdateTipsView.m */ = {isa = PBXFileReference; lastKnownFileType = sourcecode.c.objc; path = NormalUpdateTipsView.m; sourceTree = "<group>"; };
		1D2FA5E5290A73BC00D5E547 /* AutoFinishView.h */ = {isa = PBXFileReference; lastKnownFileType = sourcecode.c.h; path = AutoFinishView.h; sourceTree = "<group>"; };
		1D2FA5E6290A73BC00D5E547 /* AutoFinishView.m */ = {isa = PBXFileReference; lastKnownFileType = sourcecode.c.objc; path = AutoFinishView.m; sourceTree = "<group>"; };
		1D2FA5E8290A73CA00D5E547 /* NormalFinishView.h */ = {isa = PBXFileReference; lastKnownFileType = sourcecode.c.h; path = NormalFinishView.h; sourceTree = "<group>"; };
		1D2FA5E9290A73CA00D5E547 /* NormalFinishView.m */ = {isa = PBXFileReference; lastKnownFileType = sourcecode.c.objc; path = NormalFinishView.m; sourceTree = "<group>"; };
		1D30D5AF292F57A400BC5E89 /* DeviceManager.h */ = {isa = PBXFileReference; lastKnownFileType = sourcecode.c.h; path = DeviceManager.h; sourceTree = "<group>"; };
		1D30D5B0292F57A400BC5E89 /* DeviceManager.m */ = {isa = PBXFileReference; lastKnownFileType = sourcecode.c.objc; path = DeviceManager.m; sourceTree = "<group>"; };
		1D30D5BC292F8E1000BC5E89 /* BroadcastThread.h */ = {isa = PBXFileReference; lastKnownFileType = sourcecode.c.h; path = BroadcastThread.h; sourceTree = "<group>"; };
		1D30D5BD292F8E1000BC5E89 /* BroadcastThread.m */ = {isa = PBXFileReference; lastKnownFileType = sourcecode.c.objc; path = BroadcastThread.m; sourceTree = "<group>"; };
		1D3EAE7F29F52AF200C3405F /* SGQRCode.h */ = {isa = PBXFileReference; fileEncoding = 4; lastKnownFileType = sourcecode.c.h; path = SGQRCode.h; sourceTree = "<group>"; };
		1D3EAE8129F52AF200C3405F /* SGScanViewConfigure.m */ = {isa = PBXFileReference; fileEncoding = 4; lastKnownFileType = sourcecode.c.objc; path = SGScanViewConfigure.m; sourceTree = "<group>"; };
		1D3EAE8229F52AF200C3405F /* SGScanView.m */ = {isa = PBXFileReference; fileEncoding = 4; lastKnownFileType = sourcecode.c.objc; path = SGScanView.m; sourceTree = "<group>"; };
		1D3EAE8329F52AF200C3405F /* SGScanViewConfigure.h */ = {isa = PBXFileReference; fileEncoding = 4; lastKnownFileType = sourcecode.c.h; path = SGScanViewConfigure.h; sourceTree = "<group>"; };
		1D3EAE8429F52AF200C3405F /* SGScanView.h */ = {isa = PBXFileReference; fileEncoding = 4; lastKnownFileType = sourcecode.c.h; path = SGScanView.h; sourceTree = "<group>"; };
		1D3EAE8529F52AF200C3405F /* SGQRCode.bundle */ = {isa = PBXFileReference; lastKnownFileType = "wrapper.plug-in"; path = SGQRCode.bundle; sourceTree = "<group>"; };
		1D3EAE8729F52AF200C3405F /* SGWeakProxy.m */ = {isa = PBXFileReference; fileEncoding = 4; lastKnownFileType = sourcecode.c.objc; path = SGWeakProxy.m; sourceTree = "<group>"; };
		1D3EAE8829F52AF200C3405F /* SGWeakProxy.h */ = {isa = PBXFileReference; fileEncoding = 4; lastKnownFileType = sourcecode.c.h; path = SGWeakProxy.h; sourceTree = "<group>"; };
		1D3EAE8A29F52AF200C3405F /* SGTorch.m */ = {isa = PBXFileReference; fileEncoding = 4; lastKnownFileType = sourcecode.c.objc; path = SGTorch.m; sourceTree = "<group>"; };
		1D3EAE8B29F52AF200C3405F /* SGTorch.h */ = {isa = PBXFileReference; fileEncoding = 4; lastKnownFileType = sourcecode.c.h; path = SGTorch.h; sourceTree = "<group>"; };
		1D3EAE8C29F52AF200C3405F /* SGQRCodeLog.m */ = {isa = PBXFileReference; fileEncoding = 4; lastKnownFileType = sourcecode.c.objc; path = SGQRCodeLog.m; sourceTree = "<group>"; };
		1D3EAE8E29F52AF200C3405F /* SGGenerateQRCode.h */ = {isa = PBXFileReference; fileEncoding = 4; lastKnownFileType = sourcecode.c.h; path = SGGenerateQRCode.h; sourceTree = "<group>"; };
		1D3EAE8F29F52AF200C3405F /* SGScanCode.m */ = {isa = PBXFileReference; fileEncoding = 4; lastKnownFileType = sourcecode.c.objc; path = SGScanCode.m; sourceTree = "<group>"; };
		1D3EAE9029F52AF200C3405F /* SGScanCodeDelegate.h */ = {isa = PBXFileReference; fileEncoding = 4; lastKnownFileType = sourcecode.c.h; path = SGScanCodeDelegate.h; sourceTree = "<group>"; };
		1D3EAE9129F52AF200C3405F /* SGScanCode.h */ = {isa = PBXFileReference; fileEncoding = 4; lastKnownFileType = sourcecode.c.h; path = SGScanCode.h; sourceTree = "<group>"; };
		1D3EAE9229F52AF200C3405F /* SGGenerateQRCode.m */ = {isa = PBXFileReference; fileEncoding = 4; lastKnownFileType = sourcecode.c.objc; path = SGGenerateQRCode.m; sourceTree = "<group>"; };
		1D3EAE9429F52AF200C3405F /* SGSoundEffect.m */ = {isa = PBXFileReference; fileEncoding = 4; lastKnownFileType = sourcecode.c.objc; path = SGSoundEffect.m; sourceTree = "<group>"; };
		1D3EAE9529F52AF200C3405F /* SGSoundEffect.h */ = {isa = PBXFileReference; fileEncoding = 4; lastKnownFileType = sourcecode.c.h; path = SGSoundEffect.h; sourceTree = "<group>"; };
		1D3EAE9729F52AF200C3405F /* SGPermissionCamera.m */ = {isa = PBXFileReference; fileEncoding = 4; lastKnownFileType = sourcecode.c.objc; path = SGPermissionCamera.m; sourceTree = "<group>"; };
		1D3EAE9829F52AF200C3405F /* SGPermission.m */ = {isa = PBXFileReference; fileEncoding = 4; lastKnownFileType = sourcecode.c.objc; path = SGPermission.m; sourceTree = "<group>"; };
		1D3EAE9929F52AF200C3405F /* SGPermissionPhoto.m */ = {isa = PBXFileReference; fileEncoding = 4; lastKnownFileType = sourcecode.c.objc; path = SGPermissionPhoto.m; sourceTree = "<group>"; };
		1D3EAE9A29F52AF200C3405F /* SGPermissionCamera.h */ = {isa = PBXFileReference; fileEncoding = 4; lastKnownFileType = sourcecode.c.h; path = SGPermissionCamera.h; sourceTree = "<group>"; };
		1D3EAE9B29F52AF200C3405F /* SGPermission.h */ = {isa = PBXFileReference; fileEncoding = 4; lastKnownFileType = sourcecode.c.h; path = SGPermission.h; sourceTree = "<group>"; };
		1D3EAE9C29F52AF200C3405F /* SGPermissionPhoto.h */ = {isa = PBXFileReference; fileEncoding = 4; lastKnownFileType = sourcecode.c.h; path = SGPermissionPhoto.h; sourceTree = "<group>"; };
		1D3EAE9D29F52AF200C3405F /* SGQRCodeLog.h */ = {isa = PBXFileReference; fileEncoding = 4; lastKnownFileType = sourcecode.c.h; path = SGQRCodeLog.h; sourceTree = "<group>"; };
		1D3EAEAE29F540C200C3405F /* DownloadView.h */ = {isa = PBXFileReference; lastKnownFileType = sourcecode.c.h; path = DownloadView.h; sourceTree = "<group>"; };
		1D3EAEAF29F540C200C3405F /* DownloadView.m */ = {isa = PBXFileReference; lastKnownFileType = sourcecode.c.objc; path = DownloadView.m; sourceTree = "<group>"; };
		1D3EAEBC29F6528700C3405F /* ScanQRCodeVC.h */ = {isa = PBXFileReference; fileEncoding = 4; lastKnownFileType = sourcecode.c.h; path = ScanQRCodeVC.h; sourceTree = "<group>"; };
		1D3EAEBD29F6528700C3405F /* ScanQRCodeVC.m */ = {isa = PBXFileReference; fileEncoding = 4; lastKnownFileType = sourcecode.c.objc; path = ScanQRCodeVC.m; sourceTree = "<group>"; };
		1D5DA7B028FCFF7900A398EA /* TipsDeleteView.h */ = {isa = PBXFileReference; lastKnownFileType = sourcecode.c.h; path = TipsDeleteView.h; sourceTree = "<group>"; };
		1D5DA7B128FCFF7900A398EA /* TipsDeleteView.m */ = {isa = PBXFileReference; lastKnownFileType = sourcecode.c.objc; path = TipsDeleteView.m; sourceTree = "<group>"; };
		1D5DA7B428FD25C700A398EA /* JLShareDetailViewController.h */ = {isa = PBXFileReference; lastKnownFileType = sourcecode.c.h; path = JLShareDetailViewController.h; sourceTree = "<group>"; };
		1D5DA7B528FD25C700A398EA /* JLShareDetailViewController.m */ = {isa = PBXFileReference; lastKnownFileType = sourcecode.c.objc; path = JLShareDetailViewController.m; sourceTree = "<group>"; };
		1D5EB63829B8182E0096AEE4 /* SingleDataSender.h */ = {isa = PBXFileReference; lastKnownFileType = sourcecode.c.h; path = SingleDataSender.h; sourceTree = "<group>"; };
		1D5EB63929B8182E0096AEE4 /* SingleDataSender.m */ = {isa = PBXFileReference; lastKnownFileType = sourcecode.c.objc; path = SingleDataSender.m; sourceTree = "<group>"; };
		1D73A29329430620003D7EDE /* AutoDevicesViewController.h */ = {isa = PBXFileReference; lastKnownFileType = sourcecode.c.h; path = AutoDevicesViewController.h; sourceTree = "<group>"; };
		1D73A29429430620003D7EDE /* AutoDevicesViewController.m */ = {isa = PBXFileReference; lastKnownFileType = sourcecode.c.objc; path = AutoDevicesViewController.m; sourceTree = "<group>"; };
		1D73A2972943090D003D7EDE /* AutoUpdateViewController.h */ = {isa = PBXFileReference; lastKnownFileType = sourcecode.c.h; path = AutoUpdateViewController.h; sourceTree = "<group>"; };
		1D73A2982943090D003D7EDE /* AutoUpdateViewController.m */ = {isa = PBXFileReference; lastKnownFileType = sourcecode.c.objc; path = AutoUpdateViewController.m; sourceTree = "<group>"; };
		1D73A29B29430ABD003D7EDE /* AutoSettingViewController.h */ = {isa = PBXFileReference; lastKnownFileType = sourcecode.c.h; path = AutoSettingViewController.h; sourceTree = "<group>"; };
		1D73A29C29430ABD003D7EDE /* AutoSettingViewController.m */ = {isa = PBXFileReference; lastKnownFileType = sourcecode.c.objc; path = AutoSettingViewController.m; sourceTree = "<group>"; };
		1D73A29E29430CB0003D7EDE /* JLAutoViewsController.h */ = {isa = PBXFileReference; lastKnownFileType = sourcecode.c.h; path = JLAutoViewsController.h; sourceTree = "<group>"; };
		1D73A29F29430CB0003D7EDE /* JLAutoViewsController.m */ = {isa = PBXFileReference; lastKnownFileType = sourcecode.c.objc; path = JLAutoViewsController.m; sourceTree = "<group>"; };
		1D8CF1F729669ED500CB3C3A /* en */ = {isa = PBXFileReference; lastKnownFileType = text.plist.strings; name = en; path = en.lproj/InfoPlist.strings; sourceTree = "<group>"; };
		1D8CF1F929669EDA00CB3C3A /* zh-Hans */ = {isa = PBXFileReference; lastKnownFileType = text.plist.strings; name = "zh-Hans"; path = "zh-Hans.lproj/InfoPlist.strings"; sourceTree = "<group>"; };
		1D8CF1FA29669EDD00CB3C3A /* ko */ = {isa = PBXFileReference; lastKnownFileType = text.plist.strings; name = ko; path = ko.lproj/InfoPlist.strings; sourceTree = "<group>"; };
		1DA322E729558BA0001CCE86 /* AutoTestModels.swift */ = {isa = PBXFileReference; lastKnownFileType = sourcecode.swift; path = AutoTestModels.swift; sourceTree = "<group>"; };
		1DC4DD2829370ADA00E157EB /* UfwConfig.h */ = {isa = PBXFileReference; lastKnownFileType = sourcecode.c.h; path = UfwConfig.h; sourceTree = "<group>"; };
		1DC4DD2929370ADA00E157EB /* UfwConfig.m */ = {isa = PBXFileReference; lastKnownFileType = sourcecode.c.objc; path = UfwConfig.m; sourceTree = "<group>"; };
		1DC4DD2C2937321D00E157EB /* UpdateStatusView.h */ = {isa = PBXFileReference; lastKnownFileType = sourcecode.c.h; path = UpdateStatusView.h; sourceTree = "<group>"; };
		1DC4DD2D2937321D00E157EB /* UpdateStatusView.m */ = {isa = PBXFileReference; lastKnownFileType = sourcecode.c.objc; path = UpdateStatusView.m; sourceTree = "<group>"; };
		1DC4DD33293734BA00E157EB /* UpdateStatusCell.h */ = {isa = PBXFileReference; lastKnownFileType = sourcecode.c.h; path = UpdateStatusCell.h; sourceTree = "<group>"; };
		1DC4DD34293734BA00E157EB /* UpdateStatusCell.m */ = {isa = PBXFileReference; lastKnownFileType = sourcecode.c.objc; path = UpdateStatusCell.m; sourceTree = "<group>"; };
		1DD6CED92D0BDB0B00E60099 /* JL_BLEKit.framework */ = {isa = PBXFileReference; lastKnownFileType = wrapper.framework; path = JL_BLEKit.framework; sourceTree = "<group>"; };
		1DD6CEDF2D0BDCA100E60099 /* JL_OTALib.framework */ = {isa = PBXFileReference; lastKnownFileType = wrapper.framework; path = JL_OTALib.framework; sourceTree = "<group>"; };
		1DD6CEE12D0BDD0100E60099 /* JL_AdvParse.framework */ = {isa = PBXFileReference; lastKnownFileType = wrapper.framework; path = JL_AdvParse.framework; sourceTree = "<group>"; };
		1DD6CEE32D0BDD8500E60099 /* JL_HashPair.framework */ = {isa = PBXFileReference; lastKnownFileType = wrapper.framework; path = JL_HashPair.framework; sourceTree = "<group>"; };
		1DD6CEE52D0BDDE500E60099 /* JLLogHelper.framework */ = {isa = PBXFileReference; lastKnownFileType = wrapper.framework; path = JLLogHelper.framework; sourceTree = "<group>"; };
		1DD757B2294AEEAB00DE5702 /* libc++.tbd */ = {isa = PBXFileReference; lastKnownFileType = "sourcecode.text-based-dylib-definition"; name = "libc++.tbd"; path = "usr/lib/libc++.tbd"; sourceTree = SDKROOT; };
		1DD757B4294AEEB600DE5702 /* Security.framework */ = {isa = PBXFileReference; lastKnownFileType = wrapper.framework; name = Security.framework; path = System/Library/Frameworks/Security.framework; sourceTree = SDKROOT; };
		1DD757B6294AEEBD00DE5702 /* SystemConfiguration.framework */ = {isa = PBXFileReference; lastKnownFileType = wrapper.framework; name = SystemConfiguration.framework; path = System/Library/Frameworks/SystemConfiguration.framework; sourceTree = SDKROOT; };
		1DDE6A1829149D4B009BD1BA /* PopoverView.h */ = {isa = PBXFileReference; lastKnownFileType = sourcecode.c.h; path = PopoverView.h; sourceTree = "<group>"; };
		1DDE6A1929149D4B009BD1BA /* PopoverView.m */ = {isa = PBXFileReference; lastKnownFileType = sourcecode.c.objc; path = PopoverView.m; sourceTree = "<group>"; };
		1DDE6A1B2914FCD4009BD1BA /* EcEditView.h */ = {isa = PBXFileReference; lastKnownFileType = sourcecode.c.h; path = EcEditView.h; sourceTree = "<group>"; };
		1DDE6A1C2914FCD4009BD1BA /* EcEditView.m */ = {isa = PBXFileReference; lastKnownFileType = sourcecode.c.objc; path = EcEditView.m; sourceTree = "<group>"; };
		1DDE6A1E29152955009BD1BA /* DFUnits.framework */ = {isa = PBXFileReference; lastKnownFileType = wrapper.framework; path = DFUnits.framework; sourceTree = "<group>"; };
		1DE45E2228F4227F00BB7AD2 /* ToolsHelper.h */ = {isa = PBXFileReference; lastKnownFileType = sourcecode.c.h; path = ToolsHelper.h; sourceTree = "<group>"; };
		1DE45E2328F4227F00BB7AD2 /* ToolsHelper.m */ = {isa = PBXFileReference; lastKnownFileType = sourcecode.c.objc; path = ToolsHelper.m; sourceTree = "<group>"; };
		1DE45E2528F4F78C00BB7AD2 /* TipsFinishView.h */ = {isa = PBXFileReference; lastKnownFileType = sourcecode.c.h; path = TipsFinishView.h; sourceTree = "<group>"; };
		1DE45E2628F4F78C00BB7AD2 /* TipsFinishView.m */ = {isa = PBXFileReference; lastKnownFileType = sourcecode.c.objc; path = TipsFinishView.m; sourceTree = "<group>"; };
		1DE45E2828F4F7A200BB7AD2 /* TipsProgressView.h */ = {isa = PBXFileReference; lastKnownFileType = sourcecode.c.h; path = TipsProgressView.h; sourceTree = "<group>"; };
		1DE45E2928F4F7A200BB7AD2 /* TipsProgressView.m */ = {isa = PBXFileReference; lastKnownFileType = sourcecode.c.objc; path = TipsProgressView.m; sourceTree = "<group>"; };
		1DE45E2B28F4F93A00BB7AD2 /* TipsComputerView.h */ = {isa = PBXFileReference; lastKnownFileType = sourcecode.c.h; path = TipsComputerView.h; sourceTree = "<group>"; };
		1DE45E2C28F4F93A00BB7AD2 /* TipsComputerView.m */ = {isa = PBXFileReference; lastKnownFileType = sourcecode.c.objc; path = TipsComputerView.m; sourceTree = "<group>"; };
		1DE45E2F28F5425A00BB7AD2 /* JLSettingViewController.h */ = {isa = PBXFileReference; lastKnownFileType = sourcecode.c.h; path = JLSettingViewController.h; sourceTree = "<group>"; };
		1DE45E3028F5425A00BB7AD2 /* JLSettingViewController.m */ = {isa = PBXFileReference; lastKnownFileType = sourcecode.c.objc; path = JLSettingViewController.m; sourceTree = "<group>"; };
		1DE45E3328F54D5600BB7AD2 /* SettingTableViewCell.h */ = {isa = PBXFileReference; lastKnownFileType = sourcecode.c.h; path = SettingTableViewCell.h; sourceTree = "<group>"; };
		1DE45E3428F54D5600BB7AD2 /* SettingTableViewCell.m */ = {isa = PBXFileReference; lastKnownFileType = sourcecode.c.objc; path = SettingTableViewCell.m; sourceTree = "<group>"; };
		1DE45E3528F54D5600BB7AD2 /* SettingTableViewCell.xib */ = {isa = PBXFileReference; lastKnownFileType = file.xib; path = SettingTableViewCell.xib; sourceTree = "<group>"; };
		1DE45E3828F648A100BB7AD2 /* TestNumberView.h */ = {isa = PBXFileReference; lastKnownFileType = sourcecode.c.h; path = TestNumberView.h; sourceTree = "<group>"; };
		1DE45E3928F648A100BB7AD2 /* TestNumberView.m */ = {isa = PBXFileReference; lastKnownFileType = sourcecode.c.objc; path = TestNumberView.m; sourceTree = "<group>"; };
		1DE45E3C28F66BDE00BB7AD2 /* JLBleHandler.h */ = {isa = PBXFileReference; lastKnownFileType = sourcecode.c.h; path = JLBleHandler.h; sourceTree = "<group>"; };
		1DE45E3D28F66BDE00BB7AD2 /* JLBleHandler.m */ = {isa = PBXFileReference; lastKnownFileType = sourcecode.c.objc; path = JLBleHandler.m; sourceTree = "<group>"; };
		1DE45E4028F69E6400BB7AD2 /* SDKBleHelper.h */ = {isa = PBXFileReference; lastKnownFileType = sourcecode.c.h; path = SDKBleHelper.h; sourceTree = "<group>"; };
		1DE45E4128F69E6400BB7AD2 /* SDKBleHelper.m */ = {isa = PBXFileReference; lastKnownFileType = sourcecode.c.objc; path = SDKBleHelper.m; sourceTree = "<group>"; };
		1DE45E4428F7AEB900BB7AD2 /* LoopUpdateManager.h */ = {isa = PBXFileReference; lastKnownFileType = sourcecode.c.h; path = LoopUpdateManager.h; sourceTree = "<group>"; };
		1DE45E4528F7AEB900BB7AD2 /* LoopUpdateManager.m */ = {isa = PBXFileReference; lastKnownFileType = sourcecode.c.objc; path = LoopUpdateManager.m; sourceTree = "<group>"; };
		1DF2527D2987A60F0058EDA0 /* HandleBroadcastPtl.h */ = {isa = PBXFileReference; lastKnownFileType = sourcecode.c.h; path = HandleBroadcastPtl.h; sourceTree = "<group>"; };
		1DF2527E2987A60F0058EDA0 /* HandleBroadcastPtl.m */ = {isa = PBXFileReference; lastKnownFileType = sourcecode.c.objc; path = HandleBroadcastPtl.m; sourceTree = "<group>"; };
		1DFA8DDB28F961A700E7EB99 /* JLShareFileViewController.h */ = {isa = PBXFileReference; lastKnownFileType = sourcecode.c.h; path = JLShareFileViewController.h; sourceTree = "<group>"; };
		1DFA8DDC28F961A700E7EB99 /* JLShareFileViewController.m */ = {isa = PBXFileReference; lastKnownFileType = sourcecode.c.objc; path = JLShareFileViewController.m; sourceTree = "<group>"; };
		1DFA8DDE28F9677300E7EB99 /* file_share.gif */ = {isa = PBXFileReference; lastKnownFileType = image.gif; path = file_share.gif; sourceTree = "<group>"; };
		1DFF1B0C28FCE72800C0EDBC /* JLShareLogViewController.h */ = {isa = PBXFileReference; lastKnownFileType = sourcecode.c.h; path = JLShareLogViewController.h; sourceTree = "<group>"; };
		1DFF1B0D28FCE72800C0EDBC /* JLShareLogViewController.m */ = {isa = PBXFileReference; lastKnownFileType = sourcecode.c.objc; path = JLShareLogViewController.m; sourceTree = "<group>"; };
		485354AF27390335004B426F /* GCDWebKit.h */ = {isa = PBXFileReference; fileEncoding = 4; lastKnownFileType = sourcecode.c.h; path = GCDWebKit.h; sourceTree = "<group>"; };
		485354B027390335004B426F /* SJXCSMIPHelper.h */ = {isa = PBXFileReference; fileEncoding = 4; lastKnownFileType = sourcecode.c.h; path = SJXCSMIPHelper.h; sourceTree = "<group>"; };
		485354B127390335004B426F /* GCDWebKit.m */ = {isa = PBXFileReference; fileEncoding = 4; lastKnownFileType = sourcecode.c.objc; path = GCDWebKit.m; sourceTree = "<group>"; };
		485354B227390335004B426F /* SJXCSMIPHelper.m */ = {isa = PBXFileReference; fileEncoding = 4; lastKnownFileType = sourcecode.c.objc; path = SJXCSMIPHelper.m; sourceTree = "<group>"; };
		485354F22739081B004B426F /* libxml2.tbd */ = {isa = PBXFileReference; lastKnownFileType = "sourcecode.text-based-dylib-definition"; name = libxml2.tbd; path = usr/lib/libxml2.tbd; sourceTree = SDKROOT; };
		485354F427390825004B426F /* libz.tbd */ = {isa = PBXFileReference; lastKnownFileType = "sourcecode.text-based-dylib-definition"; name = libz.tbd; path = usr/lib/libz.tbd; sourceTree = SDKROOT; };
		B338BE157734E70B6A35FD8C /* Pods-JL_OTA.release.xcconfig */ = {isa = PBXFileReference; includeInIndex = 1; lastKnownFileType = text.xcconfig; name = "Pods-JL_OTA.release.xcconfig"; path = "Target Support Files/Pods-JL_OTA/Pods-JL_OTA.release.xcconfig"; sourceTree = "<group>"; };
		BE8A22EF27153A2C00589FB3 /* JLMainViewController.h */ = {isa = PBXFileReference; lastKnownFileType = sourcecode.c.h; path = JLMainViewController.h; sourceTree = "<group>"; };
		BE8A22F027153A2C00589FB3 /* JLMainViewController.m */ = {isa = PBXFileReference; lastKnownFileType = sourcecode.c.objc; path = JLMainViewController.m; sourceTree = "<group>"; };
		BE8A22F427156DD300589FB3 /* JLBaseViewController.h */ = {isa = PBXFileReference; lastKnownFileType = sourcecode.c.h; path = JLBaseViewController.h; sourceTree = "<group>"; };
		BE8A22F527156DD300589FB3 /* JLBaseViewController.m */ = {isa = PBXFileReference; lastKnownFileType = sourcecode.c.objc; path = JLBaseViewController.m; sourceTree = "<group>"; };
		BECEACB9271132DE0090027A /* JL_OTA.app */ = {isa = PBXFileReference; explicitFileType = wrapper.application; includeInIndex = 0; path = JL_OTA.app; sourceTree = BUILT_PRODUCTS_DIR; };
		BECEACBC271132DE0090027A /* AppDelegate.h */ = {isa = PBXFileReference; lastKnownFileType = sourcecode.c.h; path = AppDelegate.h; sourceTree = "<group>"; };
		BECEACBD271132DE0090027A /* AppDelegate.m */ = {isa = PBXFileReference; lastKnownFileType = sourcecode.c.objc; path = AppDelegate.m; sourceTree = "<group>"; };
		BECEACC8271132E20090027A /* Assets.xcassets */ = {isa = PBXFileReference; lastKnownFileType = folder.assetcatalog; path = Assets.xcassets; sourceTree = "<group>"; };
		BECEACCD271132E20090027A /* Info.plist */ = {isa = PBXFileReference; lastKnownFileType = text.plist.xml; path = Info.plist; sourceTree = "<group>"; };
		BECEACCE271132E20090027A /* main.m */ = {isa = PBXFileReference; lastKnownFileType = sourcecode.c.objc; path = main.m; sourceTree = "<group>"; };
		BECEAD082711466B0090027A /* JL_RunSDK.h */ = {isa = PBXFileReference; lastKnownFileType = sourcecode.c.h; path = JL_RunSDK.h; sourceTree = "<group>"; };
		BECEAD092711466B0090027A /* JL_RunSDK.m */ = {isa = PBXFileReference; lastKnownFileType = sourcecode.c.objc; path = JL_RunSDK.m; sourceTree = "<group>"; };
		BECEAD392713C2200090027A /* JLDeviceCell.h */ = {isa = PBXFileReference; fileEncoding = 4; lastKnownFileType = sourcecode.c.h; path = JLDeviceCell.h; sourceTree = "<group>"; };
		BECEAD3A2713C2200090027A /* JLDeviceCell.m */ = {isa = PBXFileReference; fileEncoding = 4; lastKnownFileType = sourcecode.c.objc; path = JLDeviceCell.m; sourceTree = "<group>"; };
		BECEAD3B2713C2200090027A /* JLDeviceCell.xib */ = {isa = PBXFileReference; fileEncoding = 4; lastKnownFileType = file.xib; path = JLDeviceCell.xib; sourceTree = "<group>"; };
		BECEAD452713CFD40090027A /* en */ = {isa = PBXFileReference; lastKnownFileType = text.plist.strings; name = en; path = en.lproj/Localizable.strings; sourceTree = "<group>"; };
		BECEAD4D2713D0360090027A /* zh-Hans */ = {isa = PBXFileReference; lastKnownFileType = text.plist.strings; name = "zh-Hans"; path = "zh-Hans.lproj/Localizable.strings"; sourceTree = "<group>"; };
		BECEAD4E2713D1E90090027A /* JLBleManager.h */ = {isa = PBXFileReference; lastKnownFileType = sourcecode.c.h; path = JLBleManager.h; sourceTree = "<group>"; };
		BECEAD4F2713D1E90090027A /* JLBleManager.m */ = {isa = PBXFileReference; lastKnownFileType = sourcecode.c.objc; path = JLBleManager.m; sourceTree = "<group>"; };
		BECEAD532713D4B30090027A /* PrefixHeader.pch */ = {isa = PBXFileReference; lastKnownFileType = sourcecode.c.h; path = PrefixHeader.pch; sourceTree = "<group>"; };
		BECEAD562713E5AF0090027A /* JLBleEntity.h */ = {isa = PBXFileReference; lastKnownFileType = sourcecode.c.h; path = JLBleEntity.h; sourceTree = "<group>"; };
		BECEAD572713E5AF0090027A /* JLBleEntity.m */ = {isa = PBXFileReference; lastKnownFileType = sourcecode.c.objc; path = JLBleEntity.m; sourceTree = "<group>"; };
		BECEAD5D271422610090027A /* 2.ufw */ = {isa = PBXFileReference; lastKnownFileType = file; path = 2.ufw; sourceTree = "<group>"; };
		BECEAD5E271422610090027A /* 1.ufw */ = {isa = PBXFileReference; lastKnownFileType = file; path = 1.ufw; sourceTree = "<group>"; };
		BECEAD5F271422610090027A /* 0.ufw */ = {isa = PBXFileReference; lastKnownFileType = file; path = 0.ufw; sourceTree = "<group>"; };
		BECEAD68271423C90090027A /* JLOtaFileManager.h */ = {isa = PBXFileReference; lastKnownFileType = sourcecode.c.h; path = JLOtaFileManager.h; sourceTree = "<group>"; };
		BECEAD69271423C90090027A /* JLOtaFileManager.m */ = {isa = PBXFileReference; lastKnownFileType = sourcecode.c.objc; path = JLOtaFileManager.m; sourceTree = "<group>"; };
		BECEAD72271441B70090027A /* UITableViewCell+JLCustom.h */ = {isa = PBXFileReference; lastKnownFileType = sourcecode.c.h; path = "UITableViewCell+JLCustom.h"; sourceTree = "<group>"; };
		BECEAD73271441B70090027A /* UITableViewCell+JLCustom.m */ = {isa = PBXFileReference; lastKnownFileType = sourcecode.c.objc; path = "UITableViewCell+JLCustom.m"; sourceTree = "<group>"; };
		C057BFA0D8007BF50224E58C /* Pods-JL_OTA.debug.xcconfig */ = {isa = PBXFileReference; includeInIndex = 1; lastKnownFileType = text.xcconfig; name = "Pods-JL_OTA.debug.xcconfig"; path = "Target Support Files/Pods-JL_OTA/Pods-JL_OTA.debug.xcconfig"; sourceTree = "<group>"; };
		C201E4022CF45E4800338FB0 /* user_protocol.html */ = {isa = PBXFileReference; fileEncoding = 4; lastKnownFileType = text.html; path = user_protocol.html; sourceTree = "<group>"; };
		C2D469842CF16EEC0085DEA6 /* AboutViewController.h */ = {isa = PBXFileReference; lastKnownFileType = sourcecode.c.h; path = AboutViewController.h; sourceTree = "<group>"; };
		C2D469852CF16EEC0085DEA6 /* AboutViewController.m */ = {isa = PBXFileReference; lastKnownFileType = sourcecode.c.objc; path = AboutViewController.m; sourceTree = "<group>"; };
		C2D4698A2CF17A3B0085DEA6 /* AboutCell.h */ = {isa = PBXFileReference; lastKnownFileType = sourcecode.c.h; path = AboutCell.h; sourceTree = "<group>"; };
		C2D4698B2CF17A3B0085DEA6 /* AboutCell.m */ = {isa = PBXFileReference; lastKnownFileType = sourcecode.c.objc; path = AboutCell.m; sourceTree = "<group>"; };
		C2D4698E2CF17CB00085DEA6 /* user_privacy_policy.html */ = {isa = PBXFileReference; fileEncoding = 4; lastKnownFileType = text.html; path = user_privacy_policy.html; sourceTree = "<group>"; };
		C2D53B0B2CF1C870000FE8EC /* StatementViewController.h */ = {isa = PBXFileReference; fileEncoding = 4; lastKnownFileType = sourcecode.c.h; path = StatementViewController.h; sourceTree = "<group>"; };
		C2D53B0D2CF1C870000FE8EC /* StatementViewController.m */ = {isa = PBXFileReference; fileEncoding = 4; lastKnownFileType = sourcecode.c.objc; path = StatementViewController.m; sourceTree = "<group>"; };
		C2D53B102CF1C999000FE8EC /* UILabel+YBAttributeTextTapAction.h */ = {isa = PBXFileReference; fileEncoding = 4; lastKnownFileType = sourcecode.c.h; path = "UILabel+YBAttributeTextTapAction.h"; sourceTree = "<group>"; };
		C2D53B112CF1C999000FE8EC /* UILabel+YBAttributeTextTapAction.m */ = {isa = PBXFileReference; fileEncoding = 4; lastKnownFileType = sourcecode.c.objc; path = "UILabel+YBAttributeTextTapAction.m"; sourceTree = "<group>"; };
		C2E36AA42CF55DE600668227 /* OpenShowView.h */ = {isa = PBXFileReference; fileEncoding = 4; lastKnownFileType = sourcecode.c.h; path = OpenShowView.h; sourceTree = "<group>"; };
		C2E36AA52CF55DE600668227 /* OpenShowView.m */ = {isa = PBXFileReference; fileEncoding = 4; lastKnownFileType = sourcecode.c.objc; path = OpenShowView.m; sourceTree = "<group>"; };
		C2E36AAA2CF564E400668227 /* LaunchScreen.storyboard */ = {isa = PBXFileReference; fileEncoding = 4; lastKnownFileType = file.storyboard; path = LaunchScreen.storyboard; sourceTree = "<group>"; };
		C2E523192CF85A52009C7120 /* WebViewController.h */ = {isa = PBXFileReference; lastKnownFileType = sourcecode.c.h; path = WebViewController.h; sourceTree = "<group>"; };
		C2E5231A2CF85A52009C7120 /* WebViewController.m */ = {isa = PBXFileReference; lastKnownFileType = sourcecode.c.objc; path = WebViewController.m; sourceTree = "<group>"; };
		E09C2BB6B03B592389252C0C /* libPods-JL_OTA.a */ = {isa = PBXFileReference; explicitFileType = archive.ar; includeInIndex = 0; path = "libPods-JL_OTA.a"; sourceTree = BUILT_PRODUCTS_DIR; };
/* End PBXFileReference section */

/* Begin PBXFrameworksBuildPhase section */
		BECEACB6271132DE0090027A /* Frameworks */ = {
			isa = PBXFrameworksBuildPhase;
			buildActionMask = 2147483647;
			files = (
				1DD6CEE42D0BDD8500E60099 /* JL_HashPair.framework in Frameworks */,
				1DD757B7294AEEBD00DE5702 /* SystemConfiguration.framework in Frameworks */,
				1DD757B5294AEEB600DE5702 /* Security.framework in Frameworks */,
				1DD757B3294AEEAB00DE5702 /* libc++.tbd in Frameworks */,
				485354F527390825004B426F /* libz.tbd in Frameworks */,
				1DD6CEE02D0BDCA100E60099 /* JL_OTALib.framework in Frameworks */,
				1DDE6A1F29152955009BD1BA /* DFUnits.framework in Frameworks */,
				485354F32739081B004B426F /* libxml2.tbd in Frameworks */,
				B2586349BAABE434E407B5A7 /* libPods-JL_OTA.a in Frameworks */,
				1DD6CEE62D0BDDE500E60099 /* JLLogHelper.framework in Frameworks */,
				1DD6CEE22D0BDD0100E60099 /* JL_AdvParse.framework in Frameworks */,
				1DD6CEDA2D0BDB0B00E60099 /* JL_BLEKit.framework in Frameworks */,
			);
			runOnlyForDeploymentPostprocessing = 0;
		};
/* End PBXFrameworksBuildPhase section */

/* Begin PBXGroup section */
		1D0281AB2934DB1F001EE828 /* FileView */ = {
			isa = PBXGroup;
			children = (
				1D0281A229346837001EE828 /* FileViewController.h */,
				1D0281A329346837001EE828 /* FileViewController.m */,
				1D0281AC2934DB3F001EE828 /* NoFileView.h */,
				1D0281AD2934DB3F001EE828 /* NoFileView.m */,
			);
			path = FileView;
			sourceTree = "<group>";
		};
		1D0281AF29359956001EE828 /* UpdateViews */ = {
			isa = PBXGroup;
			children = (
				1D0281A529346858001EE828 /* UpdateViewController.h */,
				1D0281A629346858001EE828 /* UpdateViewController.m */,
				1D0281B0293599A1001EE828 /* UpdateTableViewCell.h */,
				1D0281B1293599A1001EE828 /* UpdateTableViewCell.m */,
				1D0281B729360476001EE828 /* UfwSelectView.h */,
				1D0281B829360476001EE828 /* UfwSelectView.m */,
				1DC4DD2F2937329600E157EB /* UpdateStatusView */,
			);
			path = UpdateViews;
			sourceTree = "<group>";
		};
		1D0281B52935ECD3001EE828 /* ConnectView */ = {
			isa = PBXGroup;
			children = (
				1D21A81529309B5E002E8D6B /* BroadcastViewController.h */,
				1D21A81629309B5E002E8D6B /* BroadcastViewController.m */,
			);
			path = ConnectView;
			sourceTree = "<group>";
		};
		1D05BBA028E5839E0033BD28 /* Views */ = {
			isa = PBXGroup;
			children = (
				C2E36AA72CF55DE600668227 /* welcome */,
				C2D53B052CF1C5F5000FE8EC /* statement */,
				1D2477B128F1185500C8EC48 /* AlertView */,
				BECEAD382713C1E70090027A /* CommonView */,
				1D73A28F2942E11C003D7EDE /* NormalUpdate */,
				1D21A81429309AF7002E8D6B /* BroadcastUpdate */,
				1D73A29129430564003D7EDE /* AutoTestUpdate */,
				1D3EAE7A29F527AB00C3405F /* ScanView */,
			);
			path = Views;
			sourceTree = "<group>";
		};
		1D05BBA128E58EA00033BD28 /* DeviceView */ = {
			isa = PBXGroup;
			children = (
				1D05BBA628E592630033BD28 /* JLDeviceViewController.h */,
				1D05BBA728E592630033BD28 /* JLDeviceViewController.m */,
			);
			path = DeviceView;
			sourceTree = "<group>";
		};
		1D21A81429309AF7002E8D6B /* BroadcastUpdate */ = {
			isa = PBXGroup;
			children = (
				1D02819F29346791001EE828 /* BroadcastMainViewController.h */,
				1D0281A029346791001EE828 /* BroadcastMainViewController.m */,
				1D0281B52935ECD3001EE828 /* ConnectView */,
				1D0281AB2934DB1F001EE828 /* FileView */,
				1D0281AF29359956001EE828 /* UpdateViews */,
			);
			path = BroadcastUpdate;
			sourceTree = "<group>";
		};
		1D2477B128F1185500C8EC48 /* AlertView */ = {
			isa = PBXGroup;
			children = (
				1D3EAEAA29F53CDF00C3405F /* Network */,
				1D2477B228F1187700C8EC48 /* FittingView.h */,
				1D2477B328F1187700C8EC48 /* FittingView.m */,
				1D2FA5E4290A738500D5E547 /* FinishViews */,
				1D2FA5DD2909306300D5E547 /* ProgressViews */,
				1DDE6A1729149D1C009BD1BA /* PopoverView */,
				1DE45E2B28F4F93A00BB7AD2 /* TipsComputerView.h */,
				1DE45E2C28F4F93A00BB7AD2 /* TipsComputerView.m */,
				1DE45E3828F648A100BB7AD2 /* TestNumberView.h */,
				1DE45E3928F648A100BB7AD2 /* TestNumberView.m */,
				1DFA8DDB28F961A700E7EB99 /* JLShareFileViewController.h */,
				1DFA8DDC28F961A700E7EB99 /* JLShareFileViewController.m */,
				1D5DA7B028FCFF7900A398EA /* TipsDeleteView.h */,
				1D5DA7B128FCFF7900A398EA /* TipsDeleteView.m */,
				1DDE6A1B2914FCD4009BD1BA /* EcEditView.h */,
				1DDE6A1C2914FCD4009BD1BA /* EcEditView.m */,
			);
			path = AlertView;
			sourceTree = "<group>";
		};
		1D2477B528F160D000C8EC48 /* UpdateView */ = {
			isa = PBXGroup;
			children = (
				1D2477B928F17B4E00C8EC48 /* UfwFileCell */,
				1D2477B628F1627300C8EC48 /* JLUpgradeViewController.h */,
				1D2477B728F1627300C8EC48 /* JLUpgradeViewController.m */,
			);
			path = UpdateView;
			sourceTree = "<group>";
		};
		1D2477B928F17B4E00C8EC48 /* UfwFileCell */ = {
			isa = PBXGroup;
			children = (
				1D2477BA28F17BFB00C8EC48 /* UfwFileCell.h */,
				1D2477BB28F17BFB00C8EC48 /* UfwFileCell.m */,
				1D2477BC28F17BFB00C8EC48 /* UfwFileCell.xib */,
			);
			path = UfwFileCell;
			sourceTree = "<group>";
		};
		1D27E11D298B48DF005244AB /* BleByAssist */ = {
			isa = PBXGroup;
			children = (
				1D27E11F298B502D005244AB /* JLBleAssistManager.h */,
				1D27E11E298B502D005244AB /* JLBleAssistManager.m */,
			);
			path = BleByAssist;
			sourceTree = "<group>";
		};
		1D2FA5DD2909306300D5E547 /* ProgressViews */ = {
			isa = PBXGroup;
			children = (
				1DE45E2828F4F7A200BB7AD2 /* TipsProgressView.h */,
				1DE45E2928F4F7A200BB7AD2 /* TipsProgressView.m */,
				1D2FA5DE2909309000D5E547 /* AutoUpdateTipsView.h */,
				1D2FA5DF2909309000D5E547 /* AutoUpdateTipsView.m */,
				1D2FA5E1290A11EE00D5E547 /* NormalUpdateTipsView.h */,
				1D2FA5E2290A11EE00D5E547 /* NormalUpdateTipsView.m */,
			);
			path = ProgressViews;
			sourceTree = "<group>";
		};
		1D2FA5E4290A738500D5E547 /* FinishViews */ = {
			isa = PBXGroup;
			children = (
				1DE45E2528F4F78C00BB7AD2 /* TipsFinishView.h */,
				1DE45E2628F4F78C00BB7AD2 /* TipsFinishView.m */,
				1D2FA5E5290A73BC00D5E547 /* AutoFinishView.h */,
				1D2FA5E6290A73BC00D5E547 /* AutoFinishView.m */,
				1D2FA5E8290A73CA00D5E547 /* NormalFinishView.h */,
				1D2FA5E9290A73CA00D5E547 /* NormalFinishView.m */,
			);
			path = FinishViews;
			sourceTree = "<group>";
		};
		1D30D5AA292F4FC500BC5E89 /* BroadcastSpeakers */ = {
			isa = PBXGroup;
			children = (
				1D30D5AB292F4FE300BC5E89 /* BroadcastBle */,
			);
			path = BroadcastSpeakers;
			sourceTree = "<group>";
		};
		1D30D5AB292F4FE300BC5E89 /* BroadcastBle */ = {
			isa = PBXGroup;
			children = (
				1D30D5AF292F57A400BC5E89 /* DeviceManager.h */,
				1D30D5B0292F57A400BC5E89 /* DeviceManager.m */,
				1D30D5BC292F8E1000BC5E89 /* BroadcastThread.h */,
				1D30D5BD292F8E1000BC5E89 /* BroadcastThread.m */,
				1D21A8102930923C002E8D6B /* BroadcastBleManager.h */,
				1D21A8112930923C002E8D6B /* BroadcastBleManager.m */,
			);
			path = BroadcastBle;
			sourceTree = "<group>";
		};
		1D3EAE7A29F527AB00C3405F /* ScanView */ = {
			isa = PBXGroup;
			children = (
				1D3EAEBC29F6528700C3405F /* ScanQRCodeVC.h */,
				1D3EAEBD29F6528700C3405F /* ScanQRCodeVC.m */,
			);
			path = ScanView;
			sourceTree = "<group>";
		};
		1D3EAE7E29F52AF200C3405F /* SGQRCode */ = {
			isa = PBXGroup;
			children = (
				1D3EAE9629F52AF200C3405F /* Permission */,
				1D3EAE8D29F52AF200C3405F /* QRCode */,
				1D3EAE8029F52AF200C3405F /* ScanView */,
				1D3EAE8529F52AF200C3405F /* SGQRCode.bundle */,
				1D3EAE7F29F52AF200C3405F /* SGQRCode.h */,
				1D3EAE9D29F52AF200C3405F /* SGQRCodeLog.h */,
				1D3EAE8C29F52AF200C3405F /* SGQRCodeLog.m */,
				1D3EAE9329F52AF200C3405F /* SoundEffect */,
				1D3EAE8929F52AF200C3405F /* Torch */,
				1D3EAE8629F52AF200C3405F /* WeakProxy */,
			);
			path = SGQRCode;
			sourceTree = "<group>";
		};
		1D3EAE8029F52AF200C3405F /* ScanView */ = {
			isa = PBXGroup;
			children = (
				1D3EAE8429F52AF200C3405F /* SGScanView.h */,
				1D3EAE8229F52AF200C3405F /* SGScanView.m */,
				1D3EAE8329F52AF200C3405F /* SGScanViewConfigure.h */,
				1D3EAE8129F52AF200C3405F /* SGScanViewConfigure.m */,
			);
			path = ScanView;
			sourceTree = "<group>";
		};
		1D3EAE8629F52AF200C3405F /* WeakProxy */ = {
			isa = PBXGroup;
			children = (
				1D3EAE8729F52AF200C3405F /* SGWeakProxy.m */,
				1D3EAE8829F52AF200C3405F /* SGWeakProxy.h */,
			);
			path = WeakProxy;
			sourceTree = "<group>";
		};
		1D3EAE8929F52AF200C3405F /* Torch */ = {
			isa = PBXGroup;
			children = (
				1D3EAE8A29F52AF200C3405F /* SGTorch.m */,
				1D3EAE8B29F52AF200C3405F /* SGTorch.h */,
			);
			path = Torch;
			sourceTree = "<group>";
		};
		1D3EAE8D29F52AF200C3405F /* QRCode */ = {
			isa = PBXGroup;
			children = (
				1D3EAE8E29F52AF200C3405F /* SGGenerateQRCode.h */,
				1D3EAE8F29F52AF200C3405F /* SGScanCode.m */,
				1D3EAE9029F52AF200C3405F /* SGScanCodeDelegate.h */,
				1D3EAE9129F52AF200C3405F /* SGScanCode.h */,
				1D3EAE9229F52AF200C3405F /* SGGenerateQRCode.m */,
			);
			path = QRCode;
			sourceTree = "<group>";
		};
		1D3EAE9329F52AF200C3405F /* SoundEffect */ = {
			isa = PBXGroup;
			children = (
				1D3EAE9429F52AF200C3405F /* SGSoundEffect.m */,
				1D3EAE9529F52AF200C3405F /* SGSoundEffect.h */,
			);
			path = SoundEffect;
			sourceTree = "<group>";
		};
		1D3EAE9629F52AF200C3405F /* Permission */ = {
			isa = PBXGroup;
			children = (
				1D3EAE9729F52AF200C3405F /* SGPermissionCamera.m */,
				1D3EAE9829F52AF200C3405F /* SGPermission.m */,
				1D3EAE9929F52AF200C3405F /* SGPermissionPhoto.m */,
				1D3EAE9A29F52AF200C3405F /* SGPermissionCamera.h */,
				1D3EAE9B29F52AF200C3405F /* SGPermission.h */,
				1D3EAE9C29F52AF200C3405F /* SGPermissionPhoto.h */,
			);
			path = Permission;
			sourceTree = "<group>";
		};
		1D3EAEAA29F53CDF00C3405F /* Network */ = {
			isa = PBXGroup;
			children = (
				1D3EAEAE29F540C200C3405F /* DownloadView.h */,
				1D3EAEAF29F540C200C3405F /* DownloadView.m */,
			);
			path = Network;
			sourceTree = "<group>";
		};
		1D73A28F2942E11C003D7EDE /* NormalUpdate */ = {
			isa = PBXGroup;
			children = (
				1D05BBA128E58EA00033BD28 /* DeviceView */,
				1D2477B528F160D000C8EC48 /* UpdateView */,
				1DE45E2E28F53CCC00BB7AD2 /* SettingView */,
			);
			path = NormalUpdate;
			sourceTree = "<group>";
		};
		1D73A29129430564003D7EDE /* AutoTestUpdate */ = {
			isa = PBXGroup;
			children = (
				1D73A29E29430CB0003D7EDE /* JLAutoViewsController.h */,
				1D73A29F29430CB0003D7EDE /* JLAutoViewsController.m */,
				1D73A292294305EA003D7EDE /* AutoDevicesView */,
				1D73A296294308EB003D7EDE /* AutoUpdateView */,
				1D73A29A29430A9B003D7EDE /* AutoSettingView */,
			);
			path = AutoTestUpdate;
			sourceTree = "<group>";
		};
		1D73A292294305EA003D7EDE /* AutoDevicesView */ = {
			isa = PBXGroup;
			children = (
				1D73A29329430620003D7EDE /* AutoDevicesViewController.h */,
				1D73A29429430620003D7EDE /* AutoDevicesViewController.m */,
			);
			path = AutoDevicesView;
			sourceTree = "<group>";
		};
		1D73A296294308EB003D7EDE /* AutoUpdateView */ = {
			isa = PBXGroup;
			children = (
				1D73A2972943090D003D7EDE /* AutoUpdateViewController.h */,
				1D73A2982943090D003D7EDE /* AutoUpdateViewController.m */,
			);
			path = AutoUpdateView;
			sourceTree = "<group>";
		};
		1D73A29A29430A9B003D7EDE /* AutoSettingView */ = {
			isa = PBXGroup;
			children = (
				1D73A29B29430ABD003D7EDE /* AutoSettingViewController.h */,
				1D73A29C29430ABD003D7EDE /* AutoSettingViewController.m */,
			);
			path = AutoSettingView;
			sourceTree = "<group>";
		};
		1DA322E529558B6E001CCE86 /* AutoTestHelper */ = {
			isa = PBXGroup;
			children = (
				1DA322E729558BA0001CCE86 /* AutoTestModels.swift */,
			);
			path = AutoTestHelper;
			sourceTree = "<group>";
		};
		1DC4DD2F2937329600E157EB /* UpdateStatusView */ = {
			isa = PBXGroup;
			children = (
				1DC4DD2C2937321D00E157EB /* UpdateStatusView.h */,
				1DC4DD2D2937321D00E157EB /* UpdateStatusView.m */,
				1DC4DD33293734BA00E157EB /* UpdateStatusCell.h */,
				1DC4DD34293734BA00E157EB /* UpdateStatusCell.m */,
			);
			path = UpdateStatusView;
			sourceTree = "<group>";
		};
		1DDE6A1729149D1C009BD1BA /* PopoverView */ = {
			isa = PBXGroup;
			children = (
				1DDE6A1829149D4B009BD1BA /* PopoverView.h */,
				1DDE6A1929149D4B009BD1BA /* PopoverView.m */,
				1D02819B29345430001EE828 /* PopoverViewCell.h */,
				1D02819C29345430001EE828 /* PopoverViewCell.m */,
			);
			path = PopoverView;
			sourceTree = "<group>";
		};
		1DE45E2128F4224C00BB7AD2 /* Tools */ = {
			isa = PBXGroup;
			children = (
				1DA322E529558B6E001CCE86 /* AutoTestHelper */,
				1DE45E2228F4227F00BB7AD2 /* ToolsHelper.h */,
				1DE45E2328F4227F00BB7AD2 /* ToolsHelper.m */,
				1DE45E4428F7AEB900BB7AD2 /* LoopUpdateManager.h */,
				1DE45E4528F7AEB900BB7AD2 /* LoopUpdateManager.m */,
				1D0281A82934D2ED001EE828 /* NSString+Size.h */,
				1D0281A92934D2ED001EE828 /* NSString+Size.m */,
				1DC4DD2829370ADA00E157EB /* UfwConfig.h */,
				1DC4DD2929370ADA00E157EB /* UfwConfig.m */,
				1D0301852946D0670023AF7C /* SDKExtent.swift */,
				C2D53B102CF1C999000FE8EC /* UILabel+YBAttributeTextTapAction.h */,
				C2D53B112CF1C999000FE8EC /* UILabel+YBAttributeTextTapAction.m */,
				1D0301832946D0660023AF7C /* JL_OTA-Bridging-Header.h */,
			);
			path = Tools;
			sourceTree = "<group>";
		};
		1DE45E2E28F53CCC00BB7AD2 /* SettingView */ = {
			isa = PBXGroup;
			children = (
				C2D469912CF17D3F0085DEA6 /* WebView */,
				C2D4697B2CF16EDB0085DEA6 /* about */,
				1DFF1B0B28FCE71600C0EDBC /* ShareLog */,
				1DE45E3228F54D0E00BB7AD2 /* SettingCell */,
				1DE45E2F28F5425A00BB7AD2 /* JLSettingViewController.h */,
				1DE45E3028F5425A00BB7AD2 /* JLSettingViewController.m */,
			);
			path = SettingView;
			sourceTree = "<group>";
		};
		1DE45E3228F54D0E00BB7AD2 /* SettingCell */ = {
			isa = PBXGroup;
			children = (
				1DE45E3328F54D5600BB7AD2 /* SettingTableViewCell.h */,
				1DE45E3428F54D5600BB7AD2 /* SettingTableViewCell.m */,
				1DE45E3528F54D5600BB7AD2 /* SettingTableViewCell.xib */,
			);
			path = SettingCell;
			sourceTree = "<group>";
		};
		1DE45E3B28F66BAD00BB7AD2 /* BleHandle */ = {
			isa = PBXGroup;
			children = (
				1DE45E3C28F66BDE00BB7AD2 /* JLBleHandler.h */,
				1DE45E3D28F66BDE00BB7AD2 /* JLBleHandler.m */,
			);
			path = BleHandle;
			sourceTree = "<group>";
		};
		1DE45E3F28F69E4400BB7AD2 /* SDKBleManager */ = {
			isa = PBXGroup;
			children = (
				BECEAD082711466B0090027A /* JL_RunSDK.h */,
				BECEAD092711466B0090027A /* JL_RunSDK.m */,
				1DE45E4028F69E6400BB7AD2 /* SDKBleHelper.h */,
				1DE45E4128F69E6400BB7AD2 /* SDKBleHelper.m */,
			);
			path = SDKBleManager;
			sourceTree = "<group>";
		};
		1DFF1B0B28FCE71600C0EDBC /* ShareLog */ = {
			isa = PBXGroup;
			children = (
				1DFF1B0C28FCE72800C0EDBC /* JLShareLogViewController.h */,
				1DFF1B0D28FCE72800C0EDBC /* JLShareLogViewController.m */,
				1D5DA7B428FD25C700A398EA /* JLShareDetailViewController.h */,
				1D5DA7B528FD25C700A398EA /* JLShareDetailViewController.m */,
			);
			path = ShareLog;
			sourceTree = "<group>";
		};
		4853548A273902D1004B426F /* GCDWeb */ = {
			isa = PBXGroup;
			children = (
				485354AE27390335004B426F /* GCDWebKit */,
			);
			path = GCDWeb;
			sourceTree = "<group>";
		};
		485354AE27390335004B426F /* GCDWebKit */ = {
			isa = PBXGroup;
			children = (
				485354AF27390335004B426F /* GCDWebKit.h */,
				485354B127390335004B426F /* GCDWebKit.m */,
				485354B027390335004B426F /* SJXCSMIPHelper.h */,
				485354B227390335004B426F /* SJXCSMIPHelper.m */,
			);
			path = GCDWebKit;
			sourceTree = "<group>";
		};
		B6B9E2E0E9A94D931FFF9BB4 /* Pods */ = {
			isa = PBXGroup;
			children = (
				C057BFA0D8007BF50224E58C /* Pods-JL_OTA.debug.xcconfig */,
				B338BE157734E70B6A35FD8C /* Pods-JL_OTA.release.xcconfig */,
			);
			path = Pods;
			sourceTree = "<group>";
		};
		BECEACB0271132DE0090027A = {
			isa = PBXGroup;
			children = (
				BECEACBB271132DE0090027A /* JL_OTA */,
				BECEAD5C271422610090027A /* OTAFiles */,
				BECEAD542713DC280090027A /* Sources */,
				BECEAD192713C1010090027A /* ThirdParty */,
				BECEACBA271132DE0090027A /* Products */,
				BECEACFB2711416E0090027A /* Frameworks */,
				B6B9E2E0E9A94D931FFF9BB4 /* Pods */,
			);
			sourceTree = "<group>";
		};
		BECEACBA271132DE0090027A /* Products */ = {
			isa = PBXGroup;
			children = (
				BECEACB9271132DE0090027A /* JL_OTA.app */,
			);
			name = Products;
			sourceTree = "<group>";
		};
		BECEACBB271132DE0090027A /* JL_OTA */ = {
			isa = PBXGroup;
			children = (
				BECEACBC271132DE0090027A /* AppDelegate.h */,
				BECEACBD271132DE0090027A /* AppDelegate.m */,
				1D27E11D298B48DF005244AB /* BleByAssist */,
				1D30D5AA292F4FC500BC5E89 /* BroadcastSpeakers */,
				1DE45E3F28F69E4400BB7AD2 /* SDKBleManager */,
				BECEAD552713E5910090027A /* BleManager */,
				1DE45E3B28F66BAD00BB7AD2 /* BleHandle */,
				1DE45E2128F4224C00BB7AD2 /* Tools */,
				1D05BBA028E5839E0033BD28 /* Views */,
				BECEACC8271132E20090027A /* Assets.xcassets */,
				C2E36AAA2CF564E400668227 /* LaunchScreen.storyboard */,
				BECEACCD271132E20090027A /* Info.plist */,
				BECEACCE271132E20090027A /* main.m */,
			);
			path = JL_OTA;
			sourceTree = "<group>";
		};
		BECEACFB2711416E0090027A /* Frameworks */ = {
			isa = PBXGroup;
			children = (
				1DD6CEE52D0BDDE500E60099 /* JLLogHelper.framework */,
				1DD6CEE32D0BDD8500E60099 /* JL_HashPair.framework */,
				1DD6CEE12D0BDD0100E60099 /* JL_AdvParse.framework */,
				1DD6CEDF2D0BDCA100E60099 /* JL_OTALib.framework */,
				1DD6CED92D0BDB0B00E60099 /* JL_BLEKit.framework */,
				1DD757B6294AEEBD00DE5702 /* SystemConfiguration.framework */,
				1DD757B4294AEEB600DE5702 /* Security.framework */,
				1DD757B2294AEEAB00DE5702 /* libc++.tbd */,
				485354F427390825004B426F /* libz.tbd */,
				485354F22739081B004B426F /* libxml2.tbd */,
				1DDE6A1E29152955009BD1BA /* DFUnits.framework */,
				E09C2BB6B03B592389252C0C /* libPods-JL_OTA.a */,
			);
			name = Frameworks;
			sourceTree = "<group>";
		};
		BECEAD192713C1010090027A /* ThirdParty */ = {
			isa = PBXGroup;
			children = (
				1D3EAE7E29F52AF200C3405F /* SGQRCode */,
				4853548A273902D1004B426F /* GCDWeb */,
			);
			path = ThirdParty;
			sourceTree = "<group>";
		};
		BECEAD382713C1E70090027A /* CommonView */ = {
			isa = PBXGroup;
			children = (
				BE8A22EF27153A2C00589FB3 /* JLMainViewController.h */,
				BE8A22F027153A2C00589FB3 /* JLMainViewController.m */,
				BE8A22F427156DD300589FB3 /* JLBaseViewController.h */,
				BE8A22F527156DD300589FB3 /* JLBaseViewController.m */,
				1D05BBA228E5907E0033BD28 /* NavViewController.h */,
				1D05BBA328E5907E0033BD28 /* NavViewController.m */,
				BECEAD392713C2200090027A /* JLDeviceCell.h */,
				BECEAD3A2713C2200090027A /* JLDeviceCell.m */,
				BECEAD3B2713C2200090027A /* JLDeviceCell.xib */,
				BECEAD72271441B70090027A /* UITableViewCell+JLCustom.h */,
				BECEAD73271441B70090027A /* UITableViewCell+JLCustom.m */,
			);
			path = CommonView;
			sourceTree = "<group>";
		};
		BECEAD542713DC280090027A /* Sources */ = {
			isa = PBXGroup;
			children = (
				C2D4698E2CF17CB00085DEA6 /* user_privacy_policy.html */,
				C201E4022CF45E4800338FB0 /* user_protocol.html */,
				1DFA8DDE28F9677300E7EB99 /* file_share.gif */,
				1D8CF1F829669ED500CB3C3A /* InfoPlist.strings */,
				BECEAD532713D4B30090027A /* PrefixHeader.pch */,
				BECEAD462713CFD40090027A /* Localizable.strings */,
			);
			path = Sources;
			sourceTree = "<group>";
		};
		BECEAD552713E5910090027A /* BleManager */ = {
			isa = PBXGroup;
			children = (
				1DF2527D2987A60F0058EDA0 /* HandleBroadcastPtl.h */,
				1DF2527E2987A60F0058EDA0 /* HandleBroadcastPtl.m */,
				BECEAD4E2713D1E90090027A /* JLBleManager.h */,
				BECEAD4F2713D1E90090027A /* JLBleManager.m */,
				BECEAD562713E5AF0090027A /* JLBleEntity.h */,
				BECEAD572713E5AF0090027A /* JLBleEntity.m */,
				1D5EB63829B8182E0096AEE4 /* SingleDataSender.h */,
				1D5EB63929B8182E0096AEE4 /* SingleDataSender.m */,
			);
			path = BleManager;
			sourceTree = "<group>";
		};
		BECEAD5C271422610090027A /* OTAFiles */ = {
			isa = PBXGroup;
			children = (
				BECEAD68271423C90090027A /* JLOtaFileManager.h */,
				BECEAD69271423C90090027A /* JLOtaFileManager.m */,
				BECEAD5D271422610090027A /* 2.ufw */,
				BECEAD5E271422610090027A /* 1.ufw */,
				BECEAD5F271422610090027A /* 0.ufw */,
			);
			path = OTAFiles;
			sourceTree = "<group>";
		};
		C2D4697B2CF16EDB0085DEA6 /* about */ = {
			isa = PBXGroup;
			children = (
				C2D469892CF17A1D0085DEA6 /* cell */,
				C2D469842CF16EEC0085DEA6 /* AboutViewController.h */,
				C2D469852CF16EEC0085DEA6 /* AboutViewController.m */,
			);
			path = about;
			sourceTree = "<group>";
		};
		C2D469892CF17A1D0085DEA6 /* cell */ = {
			isa = PBXGroup;
			children = (
				C2D4698A2CF17A3B0085DEA6 /* AboutCell.h */,
				C2D4698B2CF17A3B0085DEA6 /* AboutCell.m */,
			);
			path = cell;
			sourceTree = "<group>";
		};
		C2D469912CF17D3F0085DEA6 /* WebView */ = {
			isa = PBXGroup;
			children = (
				C2E523192CF85A52009C7120 /* WebViewController.h */,
				C2E5231A2CF85A52009C7120 /* WebViewController.m */,
			);
			path = WebView;
			sourceTree = "<group>";
		};
		C2D53B052CF1C5F5000FE8EC /* statement */ = {
			isa = PBXGroup;
			children = (
				C2D53B0B2CF1C870000FE8EC /* StatementViewController.h */,
				C2D53B0D2CF1C870000FE8EC /* StatementViewController.m */,
			);
			path = statement;
			sourceTree = "<group>";
		};
		C2E36AA72CF55DE600668227 /* welcome */ = {
			isa = PBXGroup;
			children = (
				C2E36AA42CF55DE600668227 /* OpenShowView.h */,
				C2E36AA52CF55DE600668227 /* OpenShowView.m */,
			);
			path = welcome;
			sourceTree = "<group>";
		};
/* End PBXGroup section */

/* Begin PBXNativeTarget section */
		BECEACB8271132DE0090027A /* JL_OTA */ = {
			isa = PBXNativeTarget;
			buildConfigurationList = BECEACD2271132E20090027A /* Build configuration list for PBXNativeTarget "JL_OTA" */;
			buildPhases = (
				42E33BBB3BE6D75CD29E0C28 /* [CP] Check Pods Manifest.lock */,
				BECEACB5271132DE0090027A /* Sources */,
				BECEACB6271132DE0090027A /* Frameworks */,
				BECEACB7271132DE0090027A /* Resources */,
				5E2C286442DE7B55B1EA6AF1 /* [CP] Copy Pods Resources */,
			);
			buildRules = (
			);
			dependencies = (
			);
			name = JL_OTA;
			productName = JL_OTA;
			productReference = BECEACB9271132DE0090027A /* JL_OTA.app */;
			productType = "com.apple.product-type.application";
		};
/* End PBXNativeTarget section */

/* Begin PBXProject section */
		BECEACB1271132DE0090027A /* Project object */ = {
			isa = PBXProject;
			attributes = {
				BuildIndependentTargetsInParallel = 1;
				LastUpgradeCheck = 1340;
				ORGANIZATIONNAME = "Zhuhia Jieli Technology.";
				TargetAttributes = {
					BECEACB8271132DE0090027A = {
						CreatedOnToolsVersion = 13.0;
						LastSwiftMigration = 1410;
					};
				};
			};
			buildConfigurationList = BECEACB4271132DE0090027A /* Build configuration list for PBXProject "JL_OTA" */;
			compatibilityVersion = "Xcode 13.0";
			developmentRegion = en;
			hasScannedForEncodings = 0;
			knownRegions = (
				en,
				Base,
				"zh-Hans",
				ko,
			);
			mainGroup = BECEACB0271132DE0090027A;
			productRefGroup = BECEACBA271132DE0090027A /* Products */;
			projectDirPath = "";
			projectRoot = "";
			targets = (
				BECEACB8271132DE0090027A /* JL_OTA */,
			);
		};
/* End PBXProject section */

/* Begin PBXResourcesBuildPhase section */
		BECEACB7271132DE0090027A /* Resources */ = {
			isa = PBXResourcesBuildPhase;
			buildActionMask = 2147483647;
			files = (
				BECEAD60271422610090027A /* 2.ufw in Resources */,
				BECEAD3E2713C2200090027A /* JLDeviceCell.xib in Resources */,
				1D3EAEA029F52AF200C3405F /* SGQRCode.bundle in Resources */,
				BECEAD432713CFD40090027A /* Localizable.strings in Resources */,
				C2E36AAB2CF564E400668227 /* LaunchScreen.storyboard in Resources */,
				1DFA8DDF28F9677300E7EB99 /* file_share.gif in Resources */,
				BECEAD62271422610090027A /* 1.ufw in Resources */,
				BECEAD64271422610090027A /* 0.ufw in Resources */,
				1D2477BE28F17BFB00C8EC48 /* UfwFileCell.xib in Resources */,
				C2D469902CF17CB00085DEA6 /* user_privacy_policy.html in Resources */,
				1DE45E3728F54D5600BB7AD2 /* SettingTableViewCell.xib in Resources */,
				1D8CF1F629669ED500CB3C3A /* InfoPlist.strings in Resources */,
				BECEACC9271132E20090027A /* Assets.xcassets in Resources */,
				C201E4032CF45E4800338FB0 /* user_protocol.html in Resources */,
			);
			runOnlyForDeploymentPostprocessing = 0;
		};
/* End PBXResourcesBuildPhase section */

/* Begin PBXShellScriptBuildPhase section */
		42E33BBB3BE6D75CD29E0C28 /* [CP] Check Pods Manifest.lock */ = {
			isa = PBXShellScriptBuildPhase;
			buildActionMask = 2147483647;
			files = (
			);
			inputFileListPaths = (
			);
			inputPaths = (
				"${PODS_PODFILE_DIR_PATH}/Podfile.lock",
				"${PODS_ROOT}/Manifest.lock",
			);
			name = "[CP] Check Pods Manifest.lock";
			outputFileListPaths = (
			);
			outputPaths = (
				"$(DERIVED_FILE_DIR)/Pods-JL_OTA-checkManifestLockResult.txt",
			);
			runOnlyForDeploymentPostprocessing = 0;
			shellPath = /bin/sh;
			shellScript = "diff \"${PODS_PODFILE_DIR_PATH}/Podfile.lock\" \"${PODS_ROOT}/Manifest.lock\" > /dev/null\nif [ $? != 0 ] ; then\n    # print error to STDERR\n    echo \"error: The sandbox is not in sync with the Podfile.lock. Run 'pod install' or update your CocoaPods installation.\" >&2\n    exit 1\nfi\n# This output is used by Xcode 'outputs' to avoid re-running this script phase.\necho \"SUCCESS\" > \"${SCRIPT_OUTPUT_FILE_0}\"\n";
			showEnvVarsInLog = 0;
		};
		5E2C286442DE7B55B1EA6AF1 /* [CP] Copy Pods Resources */ = {
			isa = PBXShellScriptBuildPhase;
			buildActionMask = 2147483647;
			files = (
			);
			inputFileListPaths = (
				"${PODS_ROOT}/Target Support Files/Pods-JL_OTA/Pods-JL_OTA-resources-${CONFIGURATION}-input-files.xcfilelist",
			);
			name = "[CP] Copy Pods Resources";
			outputFileListPaths = (
				"${PODS_ROOT}/Target Support Files/Pods-JL_OTA/Pods-JL_OTA-resources-${CONFIGURATION}-output-files.xcfilelist",
			);
			runOnlyForDeploymentPostprocessing = 0;
			shellPath = /bin/sh;
			shellScript = "\"${PODS_ROOT}/Target Support Files/Pods-JL_OTA/Pods-JL_OTA-resources.sh\"\n";
			showEnvVarsInLog = 0;
		};
/* End PBXShellScriptBuildPhase section */

/* Begin PBXSourcesBuildPhase section */
		BECEACB5271132DE0090027A /* Sources */ = {
			isa = PBXSourcesBuildPhase;
			buildActionMask = 2147483647;
			files = (
				1D3EAEA629F52AF200C3405F /* SGSoundEffect.m in Sources */,
				1D2FA5E3290A11EE00D5E547 /* NormalUpdateTipsView.m in Sources */,
				BECEAD502713D1E90090027A /* JLBleManager.m in Sources */,
				1D0281A729346858001EE828 /* UpdateViewController.m in Sources */,
				1D30D5BE292F8E1000BC5E89 /* BroadcastThread.m in Sources */,
				1D3EAEB029F540C200C3405F /* DownloadView.m in Sources */,
				1D3EAEA529F52AF200C3405F /* SGGenerateQRCode.m in Sources */,
				1D2477B828F1627300C8EC48 /* JLUpgradeViewController.m in Sources */,
				1DE45E4328F6B33F00BB7AD2 /* JL_RunSDK.m in Sources */,
				1DF2527F2987A60F0058EDA0 /* HandleBroadcastPtl.m in Sources */,
				1DE45E3628F54D5600BB7AD2 /* SettingTableViewCell.m in Sources */,
				1D0281A429346837001EE828 /* FileViewController.m in Sources */,
				1DC4DD2A29370ADA00E157EB /* UfwConfig.m in Sources */,
				1D2477B428F1187700C8EC48 /* FittingView.m in Sources */,
				1DFA8DDD28F961A700E7EB99 /* JLShareFileViewController.m in Sources */,
				1DE45E2728F4F78C00BB7AD2 /* TipsFinishView.m in Sources */,
				BECEACBE271132DE0090027A /* AppDelegate.m in Sources */,
				1DE45E3E28F66BDF00BB7AD2 /* JLBleHandler.m in Sources */,
				1D2FA5EA290A73CA00D5E547 /* NormalFinishView.m in Sources */,
				1D0281AA2934D2ED001EE828 /* NSString+Size.m in Sources */,
				1D73A29D29430ABD003D7EDE /* AutoSettingViewController.m in Sources */,
				1D5EB63A29B8182E0096AEE4 /* SingleDataSender.m in Sources */,
				1DFF1B0E28FCE72800C0EDBC /* JLShareLogViewController.m in Sources */,
				BECEAD6A271423C90090027A /* JLOtaFileManager.m in Sources */,
				1D73A2A029430CB0003D7EDE /* JLAutoViewsController.m in Sources */,
				BE8A22F627156DD300589FB3 /* JLBaseViewController.m in Sources */,
				1D3EAEA829F52AF200C3405F /* SGPermission.m in Sources */,
				C2E36AA82CF55DE600668227 /* OpenShowView.m in Sources */,
				1D3EAEA229F52AF200C3405F /* SGTorch.m in Sources */,
				1D2477BD28F17BFB00C8EC48 /* UfwFileCell.m in Sources */,
				BECEAD582713E5AF0090027A /* JLBleEntity.m in Sources */,
				1DA322E829558BA0001CCE86 /* AutoTestModels.swift in Sources */,
				C2D53B122CF1C999000FE8EC /* UILabel+YBAttributeTextTapAction.m in Sources */,
				1D3EAEA329F52AF200C3405F /* SGQRCodeLog.m in Sources */,
				1D3EAEA729F52AF200C3405F /* SGPermissionCamera.m in Sources */,
				1D21A81729309B5E002E8D6B /* BroadcastViewController.m in Sources */,
				1D73A2992943090D003D7EDE /* AutoUpdateViewController.m in Sources */,
				C2D53B0F2CF1C870000FE8EC /* StatementViewController.m in Sources */,
				1DE45E3A28F648A100BB7AD2 /* TestNumberView.m in Sources */,
				1D3EAE9F29F52AF200C3405F /* SGScanView.m in Sources */,
				1D0281B2293599A1001EE828 /* UpdateTableViewCell.m in Sources */,
				1DC4DD35293734BA00E157EB /* UpdateStatusCell.m in Sources */,
				1D73A29529430620003D7EDE /* AutoDevicesViewController.m in Sources */,
				1D0301862946D0670023AF7C /* SDKExtent.swift in Sources */,
				1D3EAEA429F52AF200C3405F /* SGScanCode.m in Sources */,
				1DE45E3128F5425A00BB7AD2 /* JLSettingViewController.m in Sources */,
				1D05BBA428E5907E0033BD28 /* NavViewController.m in Sources */,
				1D21A8122930923C002E8D6B /* BroadcastBleManager.m in Sources */,
				1DE45E2428F4227F00BB7AD2 /* ToolsHelper.m in Sources */,
				C2D469882CF16EEC0085DEA6 /* AboutViewController.m in Sources */,
				1D0281B929360476001EE828 /* UfwSelectView.m in Sources */,
				BECEAD3C2713C2200090027A /* JLDeviceCell.m in Sources */,
				1D02819D29345430001EE828 /* PopoverViewCell.m in Sources */,
				1D30D5B1292F57A400BC5E89 /* DeviceManager.m in Sources */,
				1D5DA7B628FD25C700A398EA /* JLShareDetailViewController.m in Sources */,
				1D3EAEA129F52AF200C3405F /* SGWeakProxy.m in Sources */,
				BE8A22F127153A2C00589FB3 /* JLMainViewController.m in Sources */,
				1DE45E4228F69E6400BB7AD2 /* SDKBleHelper.m in Sources */,
				1D0281A129346791001EE828 /* BroadcastMainViewController.m in Sources */,
				1DDE6A1A29149D4B009BD1BA /* PopoverView.m in Sources */,
				1D0281AE2934DB3F001EE828 /* NoFileView.m in Sources */,
				485354C527390335004B426F /* GCDWebKit.m in Sources */,
				1DC4DD2E2937321D00E157EB /* UpdateStatusView.m in Sources */,
				1D3EAEA929F52AF300C3405F /* SGPermissionPhoto.m in Sources */,
				1DE45E2D28F4F93A00BB7AD2 /* TipsComputerView.m in Sources */,
				1D5DA7B228FCFF7900A398EA /* TipsDeleteView.m in Sources */,
				BECEAD74271441B70090027A /* UITableViewCell+JLCustom.m in Sources */,
				1DE45E4628F7AEB900BB7AD2 /* LoopUpdateManager.m in Sources */,
				1D3EAE9E29F52AF200C3405F /* SGScanViewConfigure.m in Sources */,
				485354C627390335004B426F /* SJXCSMIPHelper.m in Sources */,
				C2D4698C2CF17A3B0085DEA6 /* AboutCell.m in Sources */,
				BECEACCF271132E20090027A /* main.m in Sources */,
				1D2FA5E02909309000D5E547 /* AutoUpdateTipsView.m in Sources */,
				1D3EAEBE29F6528700C3405F /* ScanQRCodeVC.m in Sources */,
				1D5DF08628E597F500124EEF /* JLDeviceViewController.m in Sources */,
				1DE45E2A28F4F7A200BB7AD2 /* TipsProgressView.m in Sources */,
				C2E5231C2CF85A52009C7120 /* WebViewController.m in Sources */,
				1D2FA5E7290A73BC00D5E547 /* AutoFinishView.m in Sources */,
				1DDE6A1D2914FCD4009BD1BA /* EcEditView.m in Sources */,
			);
			runOnlyForDeploymentPostprocessing = 0;
		};
/* End PBXSourcesBuildPhase section */

/* Begin PBXVariantGroup section */
		1D8CF1F829669ED500CB3C3A /* InfoPlist.strings */ = {
			isa = PBXVariantGroup;
			children = (
				1D8CF1F729669ED500CB3C3A /* en */,
				1D8CF1F929669EDA00CB3C3A /* zh-Hans */,
				1D8CF1FA29669EDD00CB3C3A /* ko */,
			);
			name = InfoPlist.strings;
			sourceTree = "<group>";
		};
		BECEAD462713CFD40090027A /* Localizable.strings */ = {
			isa = PBXVariantGroup;
			children = (
				BECEAD452713CFD40090027A /* en */,
				BECEAD4D2713D0360090027A /* zh-Hans */,
				1D2CA7DB2963FF5800893829 /* ko */,
			);
			name = Localizable.strings;
			sourceTree = "<group>";
			usesTabs = 0;
		};
/* End PBXVariantGroup section */

/* Begin XCBuildConfiguration section */
		BECEACD0271132E20090027A /* Debug */ = {
			isa = XCBuildConfiguration;
			buildSettings = {
				ALWAYS_SEARCH_USER_PATHS = NO;
				CLANG_ANALYZER_LOCALIZABILITY_NONLOCALIZED = YES;
				CLANG_ANALYZER_NONNULL = YES;
				CLANG_ANALYZER_NUMBER_OBJECT_CONVERSION = YES_AGGRESSIVE;
				CLANG_CXX_LANGUAGE_STANDARD = "gnu++17";
				CLANG_CXX_LIBRARY = "libc++";
				CLANG_ENABLE_MODULES = YES;
				CLANG_ENABLE_OBJC_ARC = YES;
				CLANG_ENABLE_OBJC_WEAK = YES;
				CLANG_WARN_BLOCK_CAPTURE_AUTORELEASING = YES;
				CLANG_WARN_BOOL_CONVERSION = YES;
				CLANG_WARN_COMMA = YES;
				CLANG_WARN_CONSTANT_CONVERSION = YES;
				CLANG_WARN_DEPRECATED_OBJC_IMPLEMENTATIONS = YES;
				CLANG_WARN_DIRECT_OBJC_ISA_USAGE = YES_ERROR;
				CLANG_WARN_DOCUMENTATION_COMMENTS = YES;
				CLANG_WARN_EMPTY_BODY = YES;
				CLANG_WARN_ENUM_CONVERSION = YES;
				CLANG_WARN_INFINITE_RECURSION = YES;
				CLANG_WARN_INT_CONVERSION = YES;
				CLANG_WARN_NON_LITERAL_NULL_CONVERSION = YES;
				CLANG_WARN_OBJC_IMPLICIT_RETAIN_SELF = YES;
				CLANG_WARN_OBJC_LITERAL_CONVERSION = YES;
				CLANG_WARN_OBJC_ROOT_CLASS = YES_ERROR;
				CLANG_WARN_QUOTED_INCLUDE_IN_FRAMEWORK_HEADER = YES;
				CLANG_WARN_RANGE_LOOP_ANALYSIS = YES;
				CLANG_WARN_STRICT_PROTOTYPES = YES;
				CLANG_WARN_SUSPICIOUS_MOVE = YES;
				CLANG_WARN_UNGUARDED_AVAILABILITY = YES_AGGRESSIVE;
				CLANG_WARN_UNREACHABLE_CODE = YES;
				CLANG_WARN__DUPLICATE_METHOD_MATCH = YES;
				COPY_PHASE_STRIP = NO;
				DEBUG_INFORMATION_FORMAT = dwarf;
				ENABLE_BITCODE = NO;
				ENABLE_STRICT_OBJC_MSGSEND = YES;
				ENABLE_TESTABILITY = YES;
				GCC_C_LANGUAGE_STANDARD = gnu11;
				GCC_DYNAMIC_NO_PIC = NO;
				GCC_NO_COMMON_BLOCKS = YES;
				GCC_OPTIMIZATION_LEVEL = 0;
				GCC_PREPROCESSOR_DEFINITIONS = (
					"DEBUG=1",
					"$(inherited)",
				);
				GCC_WARN_64_TO_32_BIT_CONVERSION = YES;
				GCC_WARN_ABOUT_RETURN_TYPE = YES_ERROR;
				GCC_WARN_UNDECLARED_SELECTOR = YES;
				GCC_WARN_UNINITIALIZED_AUTOS = YES_AGGRESSIVE;
				GCC_WARN_UNUSED_FUNCTION = YES;
				GCC_WARN_UNUSED_VARIABLE = YES;
				IPHONEOS_DEPLOYMENT_TARGET = 10.0;
				MTL_ENABLE_DEBUG_INFO = INCLUDE_SOURCE;
				MTL_FAST_MATH = YES;
				ONLY_ACTIVE_ARCH = YES;
				SDKROOT = iphoneos;
			};
			name = Debug;
		};
		BECEACD1271132E20090027A /* Release */ = {
			isa = XCBuildConfiguration;
			buildSettings = {
				ALWAYS_SEARCH_USER_PATHS = NO;
				CLANG_ANALYZER_LOCALIZABILITY_NONLOCALIZED = YES;
				CLANG_ANALYZER_NONNULL = YES;
				CLANG_ANALYZER_NUMBER_OBJECT_CONVERSION = YES_AGGRESSIVE;
				CLANG_CXX_LANGUAGE_STANDARD = "gnu++17";
				CLANG_CXX_LIBRARY = "libc++";
				CLANG_ENABLE_MODULES = YES;
				CLANG_ENABLE_OBJC_ARC = YES;
				CLANG_ENABLE_OBJC_WEAK = YES;
				CLANG_WARN_BLOCK_CAPTURE_AUTORELEASING = YES;
				CLANG_WARN_BOOL_CONVERSION = YES;
				CLANG_WARN_COMMA = YES;
				CLANG_WARN_CONSTANT_CONVERSION = YES;
				CLANG_WARN_DEPRECATED_OBJC_IMPLEMENTATIONS = YES;
				CLANG_WARN_DIRECT_OBJC_ISA_USAGE = YES_ERROR;
				CLANG_WARN_DOCUMENTATION_COMMENTS = YES;
				CLANG_WARN_EMPTY_BODY = YES;
				CLANG_WARN_ENUM_CONVERSION = YES;
				CLANG_WARN_INFINITE_RECURSION = YES;
				CLANG_WARN_INT_CONVERSION = YES;
				CLANG_WARN_NON_LITERAL_NULL_CONVERSION = YES;
				CLANG_WARN_OBJC_IMPLICIT_RETAIN_SELF = YES;
				CLANG_WARN_OBJC_LITERAL_CONVERSION = YES;
				CLANG_WARN_OBJC_ROOT_CLASS = YES_ERROR;
				CLANG_WARN_QUOTED_INCLUDE_IN_FRAMEWORK_HEADER = YES;
				CLANG_WARN_RANGE_LOOP_ANALYSIS = YES;
				CLANG_WARN_STRICT_PROTOTYPES = YES;
				CLANG_WARN_SUSPICIOUS_MOVE = YES;
				CLANG_WARN_UNGUARDED_AVAILABILITY = YES_AGGRESSIVE;
				CLANG_WARN_UNREACHABLE_CODE = YES;
				CLANG_WARN__DUPLICATE_METHOD_MATCH = YES;
				COPY_PHASE_STRIP = NO;
				DEBUG_INFORMATION_FORMAT = "dwarf-with-dsym";
				ENABLE_BITCODE = NO;
				ENABLE_NS_ASSERTIONS = NO;
				ENABLE_STRICT_OBJC_MSGSEND = YES;
				GCC_C_LANGUAGE_STANDARD = gnu11;
				GCC_NO_COMMON_BLOCKS = YES;
				GCC_WARN_64_TO_32_BIT_CONVERSION = YES;
				GCC_WARN_ABOUT_RETURN_TYPE = YES_ERROR;
				GCC_WARN_UNDECLARED_SELECTOR = YES;
				GCC_WARN_UNINITIALIZED_AUTOS = YES_AGGRESSIVE;
				GCC_WARN_UNUSED_FUNCTION = YES;
				GCC_WARN_UNUSED_VARIABLE = YES;
				IPHONEOS_DEPLOYMENT_TARGET = 10.0;
				MTL_ENABLE_DEBUG_INFO = NO;
				MTL_FAST_MATH = YES;
				SDKROOT = iphoneos;
				SWIFT_COMPILATION_MODE = wholemodule;
				VALIDATE_PRODUCT = YES;
			};
			name = Release;
		};
		BECEACD3271132E20090027A /* Debug */ = {
			isa = XCBuildConfiguration;
			baseConfigurationReference = C057BFA0D8007BF50224E58C /* Pods-JL_OTA.debug.xcconfig */;
			buildSettings = {
				ASSETCATALOG_COMPILER_APPICON_NAME = AppIcon;
				ASSETCATALOG_COMPILER_GLOBAL_ACCENT_COLOR_NAME = AccentColor;
				CLANG_ENABLE_MODULES = YES;
				CODE_SIGN_STYLE = Automatic;
				CURRENT_PROJECT_VERSION = 10;
				DEVELOPMENT_TEAM = J8GU9SL7NG;
				ENABLE_BITCODE = NO;
				FRAMEWORK_SEARCH_PATHS = (
					"$(inherited)",
					"$(PROJECT_DIR)",
					"$(PROJECT_DIR)/Pods/Bugly",
				);
				GCC_PREFIX_HEADER = "$(SRCROOT)/Sources/PrefixHeader.pch";
				GENERATE_INFOPLIST_FILE = YES;
				INFOPLIST_FILE = JL_OTA/Info.plist;
				INFOPLIST_KEY_CFBundleDisplayName = "杰理OTA升级";
				INFOPLIST_KEY_NSBluetoothAlwaysUsageDescription = "APP操控设备需用到蓝牙传输数据，是否授权使用蓝牙？";
				INFOPLIST_KEY_NSBluetoothPeripheralUsageDescription = "APP与设备交互需要用到蓝牙数据传输，是否允许？";
				INFOPLIST_KEY_UIApplicationSupportsIndirectInputEvents = YES;
				INFOPLIST_KEY_UIRequiredDeviceCapabilities = armv7;
				INFOPLIST_KEY_UISupportedInterfaceOrientations = UIInterfaceOrientationPortrait;
				INFOPLIST_KEY_UISupportedInterfaceOrientations_iPad = "UIInterfaceOrientationLandscapeLeft UIInterfaceOrientationLandscapeRight UIInterfaceOrientationPortrait UIInterfaceOrientationPortraitUpsideDown";
				INFOPLIST_KEY_UISupportsDocumentBrowser = YES;
				IPHONEOS_DEPLOYMENT_TARGET = 12.0;
				LD_RUNPATH_SEARCH_PATHS = (
					"$(inherited)",
					"@executable_path/Frameworks",
				);
				LINK_WITH_STANDARD_LIBRARIES = YES;
				MARKETING_VERSION = 3.5.0;
				ONLY_ACTIVE_ARCH = YES;
				OTHER_LDFLAGS = (
					"-ObjC",
					"$(inherited)",
				);
				PRODUCT_BUNDLE_IDENTIFIER = com.JLBLE.OtaUpdate;
				PRODUCT_NAME = "$(TARGET_NAME)";
				SUPPORTED_PLATFORMS = "iphoneos iphonesimulator";
				SUPPORTS_MACCATALYST = NO;
				SUPPORTS_MAC_DESIGNED_FOR_IPHONE_IPAD = YES;
				SWIFT_EMIT_LOC_STRINGS = YES;
				SWIFT_OBJC_BRIDGING_HEADER = "JL_OTA/Tools/JL_OTA-Bridging-Header.h";
				SWIFT_OPTIMIZATION_LEVEL = "-Onone";
				SWIFT_VERSION = 5.0;
				TARGETED_DEVICE_FAMILY = 1;
			};
			name = Debug;
		};
		BECEACD4271132E20090027A /* Release */ = {
			isa = XCBuildConfiguration;
			baseConfigurationReference = B338BE157734E70B6A35FD8C /* Pods-JL_OTA.release.xcconfig */;
			buildSettings = {
				ASSETCATALOG_COMPILER_APPICON_NAME = AppIcon;
				ASSETCATALOG_COMPILER_GLOBAL_ACCENT_COLOR_NAME = AccentColor;
				CLANG_ENABLE_MODULES = YES;
				CODE_SIGN_STYLE = Automatic;
				CURRENT_PROJECT_VERSION = 10;
				DEVELOPMENT_TEAM = J8GU9SL7NG;
				ENABLE_BITCODE = NO;
				FRAMEWORK_SEARCH_PATHS = (
					"$(inherited)",
					"$(PROJECT_DIR)",
					"$(PROJECT_DIR)/Pods/Bugly",
				);
				GCC_PREFIX_HEADER = "$(SRCROOT)/Sources/PrefixHeader.pch";
				GENERATE_INFOPLIST_FILE = YES;
				INFOPLIST_FILE = JL_OTA/Info.plist;
				INFOPLIST_KEY_CFBundleDisplayName = "杰理OTA升级";
				INFOPLIST_KEY_NSBluetoothAlwaysUsageDescription = "APP操控设备需用到蓝牙传输数据，是否授权使用蓝牙？";
				INFOPLIST_KEY_NSBluetoothPeripheralUsageDescription = "APP与设备交互需要用到蓝牙数据传输，是否允许？";
				INFOPLIST_KEY_UIApplicationSupportsIndirectInputEvents = YES;
				INFOPLIST_KEY_UIRequiredDeviceCapabilities = armv7;
				INFOPLIST_KEY_UISupportedInterfaceOrientations = UIInterfaceOrientationPortrait;
				INFOPLIST_KEY_UISupportedInterfaceOrientations_iPad = "UIInterfaceOrientationLandscapeLeft UIInterfaceOrientationLandscapeRight UIInterfaceOrientationPortrait UIInterfaceOrientationPortraitUpsideDown";
				INFOPLIST_KEY_UISupportsDocumentBrowser = YES;
				IPHONEOS_DEPLOYMENT_TARGET = 12.0;
				LD_RUNPATH_SEARCH_PATHS = (
					"$(inherited)",
					"@executable_path/Frameworks",
				);
				LINK_WITH_STANDARD_LIBRARIES = YES;
				MARKETING_VERSION = 3.5.0;
				ONLY_ACTIVE_ARCH = YES;
				OTHER_LDFLAGS = (
					"-ObjC",
					"$(inherited)",
				);
				PRODUCT_BUNDLE_IDENTIFIER = com.JLBLE.OtaUpdate;
				PRODUCT_NAME = "$(TARGET_NAME)";
				SUPPORTED_PLATFORMS = "iphoneos iphonesimulator";
				SUPPORTS_MACCATALYST = NO;
				SUPPORTS_MAC_DESIGNED_FOR_IPHONE_IPAD = YES;
				SWIFT_EMIT_LOC_STRINGS = YES;
				SWIFT_OBJC_BRIDGING_HEADER = "JL_OTA/Tools/JL_OTA-Bridging-Header.h";
				SWIFT_VERSION = 5.0;
				TARGETED_DEVICE_FAMILY = 1;
			};
			name = Release;
		};
/* End XCBuildConfiguration section */

/* Begin XCConfigurationList section */
		BECEACB4271132DE0090027A /* Build configuration list for PBXProject "JL_OTA" */ = {
			isa = XCConfigurationList;
			buildConfigurations = (
				BECEACD0271132E20090027A /* Debug */,
				BECEACD1271132E20090027A /* Release */,
			);
			defaultConfigurationIsVisible = 0;
			defaultConfigurationName = Release;
		};
		BECEACD2271132E20090027A /* Build configuration list for PBXNativeTarget "JL_OTA" */ = {
			isa = XCConfigurationList;
			buildConfigurations = (
				BECEACD3271132E20090027A /* Debug */,
				BECEACD4271132E20090027A /* Release */,
			);
			defaultConfigurationIsVisible = 0;
			defaultConfigurationName = Release;
		};
/* End XCConfigurationList section */
	};
	rootObject = BECEACB1271132DE0090027A /* Project object */;
}
