// !$*UTF8*$!
{
	archiveVersion = 1;
	classes = {
	};
	objectVersion = 55;
	objects = {

/* Begin PBXBuildFile section */
		485354B727390335004B426F /* GCDWebServerResponse.m in Sources */ = {isa = PBXBuildFile; fileRef = 4853548F27390335004B426F /* GCDWebServerResponse.m */; };
		485354B827390335004B426F /* GCDWebServerRequest.m in Sources */ = {isa = PBXBuildFile; fileRef = 4853549227390335004B426F /* GCDWebServerRequest.m */; };
		485354B927390335004B426F /* GCDWebServerFunctions.m in Sources */ = {isa = PBXBuildFile; fileRef = 4853549527390335004B426F /* GCDWebServerFunctions.m */; };
		485354BA27390335004B426F /* GCDWebServer.m in Sources */ = {isa = PBXBuildFile; fileRef = 4853549627390335004B426F /* GCDWebServer.m */; };
		485354BB27390335004B426F /* GCDWebServerConnection.m in Sources */ = {isa = PBXBuildFile; fileRef = 4853549727390335004B426F /* GCDWebServerConnection.m */; };
		485354BC27390335004B426F /* GCDWebServerErrorResponse.m in Sources */ = {isa = PBXBuildFile; fileRef = 4853549C27390335004B426F /* GCDWebServerErrorResponse.m */; };
		485354BD27390335004B426F /* GCDWebServerFileResponse.m in Sources */ = {isa = PBXBuildFile; fileRef = 4853549E27390335004B426F /* GCDWebServerFileResponse.m */; };
		485354BE27390335004B426F /* GCDWebServerDataResponse.m in Sources */ = {isa = PBXBuildFile; fileRef = 4853549F27390335004B426F /* GCDWebServerDataResponse.m */; };
		485354BF27390335004B426F /* GCDWebServerStreamedResponse.m in Sources */ = {isa = PBXBuildFile; fileRef = 485354A127390335004B426F /* GCDWebServerStreamedResponse.m */; };
		485354C027390335004B426F /* GCDWebServerURLEncodedFormRequest.m in Sources */ = {isa = PBXBuildFile; fileRef = 485354A627390335004B426F /* GCDWebServerURLEncodedFormRequest.m */; };
		485354C127390335004B426F /* GCDWebServerMultiPartFormRequest.m in Sources */ = {isa = PBXBuildFile; fileRef = 485354A727390335004B426F /* GCDWebServerMultiPartFormRequest.m */; };
		485354C227390335004B426F /* GCDWebServerDataRequest.m in Sources */ = {isa = PBXBuildFile; fileRef = 485354A827390335004B426F /* GCDWebServerDataRequest.m */; };
		485354C327390335004B426F /* GCDWebServerFileRequest.m in Sources */ = {isa = PBXBuildFile; fileRef = 485354A927390335004B426F /* GCDWebServerFileRequest.m */; };
		485354C427390335004B426F /* GCDWebDAVServer.m in Sources */ = {isa = PBXBuildFile; fileRef = 485354AD27390335004B426F /* GCDWebDAVServer.m */; };
		485354C527390335004B426F /* GCDWebKit.m in Sources */ = {isa = PBXBuildFile; fileRef = 485354B127390335004B426F /* GCDWebKit.m */; };
		485354C627390335004B426F /* SJXCSMIPHelper.m in Sources */ = {isa = PBXBuildFile; fileRef = 485354B227390335004B426F /* SJXCSMIPHelper.m */; };
		485354C727390335004B426F /* GCDWebUploader.bundle in Resources */ = {isa = PBXBuildFile; fileRef = 485354B427390335004B426F /* GCDWebUploader.bundle */; };
		485354C827390335004B426F /* GCDWebUploader.m in Sources */ = {isa = PBXBuildFile; fileRef = 485354B627390335004B426F /* GCDWebUploader.m */; };
		485354C9273903F7004B426F /* GCDWebUploader.bundle in Resources */ = {isa = PBXBuildFile; fileRef = 485354B427390335004B426F /* GCDWebUploader.bundle */; };
		485354CB27390425004B426F /* GCDWebKit.m in Sources */ = {isa = PBXBuildFile; fileRef = 485354B127390335004B426F /* GCDWebKit.m */; };
		485354CD27390425004B426F /* SJXCSMIPHelper.m in Sources */ = {isa = PBXBuildFile; fileRef = 485354B227390335004B426F /* SJXCSMIPHelper.m */; };
		485354CF27390434004B426F /* GCDWebServer.m in Sources */ = {isa = PBXBuildFile; fileRef = 4853549627390335004B426F /* GCDWebServer.m */; };
		485354D327390434004B426F /* GCDWebServerFunctions.m in Sources */ = {isa = PBXBuildFile; fileRef = 4853549527390335004B426F /* GCDWebServerFunctions.m */; };
		485354D527390434004B426F /* GCDWebServerResponse.m in Sources */ = {isa = PBXBuildFile; fileRef = 4853548F27390335004B426F /* GCDWebServerResponse.m */; };
		485354D727390434004B426F /* GCDWebServerConnection.m in Sources */ = {isa = PBXBuildFile; fileRef = 4853549727390335004B426F /* GCDWebServerConnection.m */; };
		485354D927390434004B426F /* GCDWebServerRequest.m in Sources */ = {isa = PBXBuildFile; fileRef = 4853549227390335004B426F /* GCDWebServerRequest.m */; };
		485354DB2739043F004B426F /* GCDWebServerFileResponse.m in Sources */ = {isa = PBXBuildFile; fileRef = 4853549E27390335004B426F /* GCDWebServerFileResponse.m */; };
		485354DD2739043F004B426F /* GCDWebServerStreamedResponse.m in Sources */ = {isa = PBXBuildFile; fileRef = 485354A127390335004B426F /* GCDWebServerStreamedResponse.m */; };
		485354DF2739043F004B426F /* GCDWebServerErrorResponse.m in Sources */ = {isa = PBXBuildFile; fileRef = 4853549C27390335004B426F /* GCDWebServerErrorResponse.m */; };
		485354E12739043F004B426F /* GCDWebServerDataResponse.m in Sources */ = {isa = PBXBuildFile; fileRef = 4853549F27390335004B426F /* GCDWebServerDataResponse.m */; };
		485354E327390447004B426F /* GCDWebServerDataRequest.m in Sources */ = {isa = PBXBuildFile; fileRef = 485354A827390335004B426F /* GCDWebServerDataRequest.m */; };
		485354E527390447004B426F /* GCDWebServerURLEncodedFormRequest.m in Sources */ = {isa = PBXBuildFile; fileRef = 485354A627390335004B426F /* GCDWebServerURLEncodedFormRequest.m */; };
		485354E727390447004B426F /* GCDWebServerFileRequest.m in Sources */ = {isa = PBXBuildFile; fileRef = 485354A927390335004B426F /* GCDWebServerFileRequest.m */; };
		485354E927390447004B426F /* GCDWebServerMultiPartFormRequest.m in Sources */ = {isa = PBXBuildFile; fileRef = 485354A727390335004B426F /* GCDWebServerMultiPartFormRequest.m */; };
		485354EB27390452004B426F /* GCDWebDAVServer.m in Sources */ = {isa = PBXBuildFile; fileRef = 485354AD27390335004B426F /* GCDWebDAVServer.m */; };
		485354ED27390460004B426F /* GCDWebUploader.m in Sources */ = {isa = PBXBuildFile; fileRef = 485354B627390335004B426F /* GCDWebUploader.m */; };
		485354EF27390770004B426F /* AFNetworking.framework in Frameworks */ = {isa = PBXBuildFile; fileRef = 485354EE27390770004B426F /* AFNetworking.framework */; platformFilter = ios; };
		485354F32739081B004B426F /* libxml2.tbd in Frameworks */ = {isa = PBXBuildFile; fileRef = 485354F22739081B004B426F /* libxml2.tbd */; };
		485354F527390825004B426F /* libz.tbd in Frameworks */ = {isa = PBXBuildFile; fileRef = 485354F427390825004B426F /* libz.tbd */; };
		485354F62739082F004B426F /* libxml2.tbd in Frameworks */ = {isa = PBXBuildFile; fileRef = 485354F22739081B004B426F /* libxml2.tbd */; };
		485354F727390838004B426F /* libz.tbd in Frameworks */ = {isa = PBXBuildFile; fileRef = 485354F427390825004B426F /* libz.tbd */; };
		485354FD27392FA5004B426F /* AFNetworking.framework in CopyFiles */ = {isa = PBXBuildFile; fileRef = 485354EE27390770004B426F /* AFNetworking.framework */; platformFilter = ios; settings = {ATTRIBUTES = (CodeSignOnCopy, RemoveHeadersOnCopy, ); }; };
		485354FF27392FBD004B426F /* AFNetworking.framework in CopyFiles */ = {isa = PBXBuildFile; fileRef = 485354EE27390770004B426F /* AFNetworking.framework */; settings = {ATTRIBUTES = (CodeSignOnCopy, RemoveHeadersOnCopy, ); }; };
		BE8A22EB271538DC00589FB3 /* JLDeviceViewController.m in Sources */ = {isa = PBXBuildFile; fileRef = BE8A22EA271538DC00589FB3 /* JLDeviceViewController.m */; };
		BE8A22EE271538F000589FB3 /* JLUpdateViewController.m in Sources */ = {isa = PBXBuildFile; fileRef = BE8A22ED271538F000589FB3 /* JLUpdateViewController.m */; };
		BE8A22F127153A2C00589FB3 /* JLMainViewController.m in Sources */ = {isa = PBXBuildFile; fileRef = BE8A22F027153A2C00589FB3 /* JLMainViewController.m */; };
		BE8A22F227153A2C00589FB3 /* JLMainViewController.m in Sources */ = {isa = PBXBuildFile; fileRef = BE8A22F027153A2C00589FB3 /* JLMainViewController.m */; };
		BE8A22F627156DD300589FB3 /* JLBaseViewController.m in Sources */ = {isa = PBXBuildFile; fileRef = BE8A22F527156DD300589FB3 /* JLBaseViewController.m */; };
		BE8A22F727156DD300589FB3 /* JLBaseViewController.m in Sources */ = {isa = PBXBuildFile; fileRef = BE8A22F527156DD300589FB3 /* JLBaseViewController.m */; };
		BECEACBE271132DE0090027A /* AppDelegate.m in Sources */ = {isa = PBXBuildFile; fileRef = BECEACBD271132DE0090027A /* AppDelegate.m */; };
		BECEACC9271132E20090027A /* Assets.xcassets in Resources */ = {isa = PBXBuildFile; fileRef = BECEACC8271132E20090027A /* Assets.xcassets */; };
		BECEACCC271132E20090027A /* LaunchScreen.storyboard in Resources */ = {isa = PBXBuildFile; fileRef = BECEACCA271132E20090027A /* LaunchScreen.storyboard */; };
		BECEACCF271132E20090027A /* main.m in Sources */ = {isa = PBXBuildFile; fileRef = BECEACCE271132E20090027A /* main.m */; };
		BECEACE82711372E0090027A /* Assets.xcassets in Resources */ = {isa = PBXBuildFile; fileRef = BECEACE72711372E0090027A /* Assets.xcassets */; };
		BECEACEB2711372E0090027A /* LaunchScreen.storyboard in Resources */ = {isa = PBXBuildFile; fileRef = BECEACE92711372E0090027A /* LaunchScreen.storyboard */; };
		BECEACEE2711372E0090027A /* main.m in Sources */ = {isa = PBXBuildFile; fileRef = BECEACED2711372E0090027A /* main.m */; };
		BECEACFE2711416F0090027A /* DFUnits.framework in Frameworks */ = {isa = PBXBuildFile; fileRef = BECEACFC2711416E0090027A /* DFUnits.framework */; };
		BECEAD002711416F0090027A /* JL_BLEKit.framework in Frameworks */ = {isa = PBXBuildFile; fileRef = BECEACFD2711416F0090027A /* JL_BLEKit.framework */; };
		BECEAD03271141840090027A /* DFUnits.framework in Frameworks */ = {isa = PBXBuildFile; fileRef = BECEACFC2711416E0090027A /* DFUnits.framework */; };
		BECEAD05271141840090027A /* JL_BLEKit.framework in Frameworks */ = {isa = PBXBuildFile; fileRef = BECEACFD2711416F0090027A /* JL_BLEKit.framework */; };
		BECEAD0A2711466B0090027A /* JL_RunSDK.m in Sources */ = {isa = PBXBuildFile; fileRef = BECEAD092711466B0090027A /* JL_RunSDK.m */; };
		BECEAD1227118E7D0090027A /* JLUpdateViewController.m in Sources */ = {isa = PBXBuildFile; fileRef = BECEAD1027118E7D0090027A /* JLUpdateViewController.m */; };
		BECEAD1327118E7E0090027A /* JLUpdateViewController.xib in Resources */ = {isa = PBXBuildFile; fileRef = BECEAD1127118E7D0090027A /* JLUpdateViewController.xib */; };
		BECEAD1727118E940090027A /* JLDeviceViewController.m in Sources */ = {isa = PBXBuildFile; fileRef = BECEAD1527118E940090027A /* JLDeviceViewController.m */; };
		BECEAD1827118E940090027A /* JLDeviceViewController.xib in Resources */ = {isa = PBXBuildFile; fileRef = BECEAD1627118E940090027A /* JLDeviceViewController.xib */; };
		BECEAD2A2713C1010090027A /* UIScrollView+MJRefresh.m in Sources */ = {isa = PBXBuildFile; fileRef = BECEAD1C2713C1010090027A /* UIScrollView+MJRefresh.m */; };
		BECEAD2B2713C1010090027A /* UIScrollView+MJRefresh.m in Sources */ = {isa = PBXBuildFile; fileRef = BECEAD1C2713C1010090027A /* UIScrollView+MJRefresh.m */; };
		BECEAD2C2713C1010090027A /* MJRefreshConst.m in Sources */ = {isa = PBXBuildFile; fileRef = BECEAD1D2713C1010090027A /* MJRefreshConst.m */; };
		BECEAD2D2713C1010090027A /* MJRefreshConst.m in Sources */ = {isa = PBXBuildFile; fileRef = BECEAD1D2713C1010090027A /* MJRefreshConst.m */; };
		BECEAD2E2713C1010090027A /* MJRefreshHeaderView.m in Sources */ = {isa = PBXBuildFile; fileRef = BECEAD1F2713C1010090027A /* MJRefreshHeaderView.m */; };
		BECEAD2F2713C1010090027A /* MJRefreshHeaderView.m in Sources */ = {isa = PBXBuildFile; fileRef = BECEAD1F2713C1010090027A /* MJRefreshHeaderView.m */; };
		BECEAD302713C1010090027A /* MJRefreshBaseView.m in Sources */ = {isa = PBXBuildFile; fileRef = BECEAD222713C1010090027A /* MJRefreshBaseView.m */; };
		BECEAD312713C1010090027A /* MJRefreshBaseView.m in Sources */ = {isa = PBXBuildFile; fileRef = BECEAD222713C1010090027A /* MJRefreshBaseView.m */; };
		BECEAD322713C1010090027A /* UIScrollView+MJExtension.m in Sources */ = {isa = PBXBuildFile; fileRef = BECEAD232713C1010090027A /* UIScrollView+MJExtension.m */; };
		BECEAD332713C1010090027A /* UIScrollView+MJExtension.m in Sources */ = {isa = PBXBuildFile; fileRef = BECEAD232713C1010090027A /* UIScrollView+MJExtension.m */; };
		BECEAD342713C1010090027A /* MJRefreshFooterView.m in Sources */ = {isa = PBXBuildFile; fileRef = BECEAD252713C1010090027A /* MJRefreshFooterView.m */; };
		BECEAD352713C1020090027A /* MJRefreshFooterView.m in Sources */ = {isa = PBXBuildFile; fileRef = BECEAD252713C1010090027A /* MJRefreshFooterView.m */; };
		BECEAD362713C1020090027A /* UIView+MJExtension.m in Sources */ = {isa = PBXBuildFile; fileRef = BECEAD292713C1010090027A /* UIView+MJExtension.m */; };
		BECEAD372713C1020090027A /* UIView+MJExtension.m in Sources */ = {isa = PBXBuildFile; fileRef = BECEAD292713C1010090027A /* UIView+MJExtension.m */; };
		BECEAD3C2713C2200090027A /* JLDeviceCell.m in Sources */ = {isa = PBXBuildFile; fileRef = BECEAD3A2713C2200090027A /* JLDeviceCell.m */; };
		BECEAD3E2713C2200090027A /* JLDeviceCell.xib in Resources */ = {isa = PBXBuildFile; fileRef = BECEAD3B2713C2200090027A /* JLDeviceCell.xib */; };
		BECEAD3F2713C2200090027A /* JLDeviceCell.xib in Resources */ = {isa = PBXBuildFile; fileRef = BECEAD3B2713C2200090027A /* JLDeviceCell.xib */; };
		BECEAD432713CFD40090027A /* Localizable.strings in Resources */ = {isa = PBXBuildFile; fileRef = BECEAD462713CFD40090027A /* Localizable.strings */; };
		BECEAD442713CFD40090027A /* Localizable.strings in Resources */ = {isa = PBXBuildFile; fileRef = BECEAD462713CFD40090027A /* Localizable.strings */; };
		BECEAD502713D1E90090027A /* JLBleManager.m in Sources */ = {isa = PBXBuildFile; fileRef = BECEAD4F2713D1E90090027A /* JLBleManager.m */; };
		BECEAD582713E5AF0090027A /* JLBleEntity.m in Sources */ = {isa = PBXBuildFile; fileRef = BECEAD572713E5AF0090027A /* JLBleEntity.m */; };
		BECEAD5A27140F940090027A /* JLDeviceCell.m in Sources */ = {isa = PBXBuildFile; fileRef = BECEAD3A2713C2200090027A /* JLDeviceCell.m */; };
		BECEAD60271422610090027A /* 2.ufw in Resources */ = {isa = PBXBuildFile; fileRef = BECEAD5D271422610090027A /* 2.ufw */; };
		BECEAD61271422610090027A /* 2.ufw in Resources */ = {isa = PBXBuildFile; fileRef = BECEAD5D271422610090027A /* 2.ufw */; };
		BECEAD62271422610090027A /* 1.ufw in Resources */ = {isa = PBXBuildFile; fileRef = BECEAD5E271422610090027A /* 1.ufw */; };
		BECEAD63271422610090027A /* 1.ufw in Resources */ = {isa = PBXBuildFile; fileRef = BECEAD5E271422610090027A /* 1.ufw */; };
		BECEAD64271422610090027A /* 0.ufw in Resources */ = {isa = PBXBuildFile; fileRef = BECEAD5F271422610090027A /* 0.ufw */; };
		BECEAD65271422610090027A /* 0.ufw in Resources */ = {isa = PBXBuildFile; fileRef = BECEAD5F271422610090027A /* 0.ufw */; };
		BECEAD66271423590090027A /* JLDeviceViewController.xib in Resources */ = {isa = PBXBuildFile; fileRef = BECEAD1627118E940090027A /* JLDeviceViewController.xib */; };
		BECEAD672714235C0090027A /* JLUpdateViewController.xib in Resources */ = {isa = PBXBuildFile; fileRef = BECEAD1127118E7D0090027A /* JLUpdateViewController.xib */; };
		BECEAD6A271423C90090027A /* JLOtaFileManager.m in Sources */ = {isa = PBXBuildFile; fileRef = BECEAD69271423C90090027A /* JLOtaFileManager.m */; };
		BECEAD6B271423C90090027A /* JLOtaFileManager.m in Sources */ = {isa = PBXBuildFile; fileRef = BECEAD69271423C90090027A /* JLOtaFileManager.m */; };
		BECEAD6D27142B350090027A /* AppDelegate.m in Sources */ = {isa = PBXBuildFile; fileRef = BECEACDC271137270090027A /* AppDelegate.m */; };
		BECEAD74271441B70090027A /* UITableViewCell+JLCustom.m in Sources */ = {isa = PBXBuildFile; fileRef = BECEAD73271441B70090027A /* UITableViewCell+JLCustom.m */; };
		BECEAD75271441B70090027A /* UITableViewCell+JLCustom.m in Sources */ = {isa = PBXBuildFile; fileRef = BECEAD73271441B70090027A /* UITableViewCell+JLCustom.m */; };
/* End PBXBuildFile section */

/* Begin PBXCopyFilesBuildPhase section */
		485354FC27392F95004B426F /* CopyFiles */ = {
			isa = PBXCopyFilesBuildPhase;
			buildActionMask = 2147483647;
			dstPath = "";
			dstSubfolderSpec = 10;
			files = (
				485354FD27392FA5004B426F /* AFNetworking.framework in CopyFiles */,
			);
			runOnlyForDeploymentPostprocessing = 0;
		};
		485354FE27392FAD004B426F /* CopyFiles */ = {
			isa = PBXCopyFilesBuildPhase;
			buildActionMask = 2147483647;
			dstPath = "";
			dstSubfolderSpec = 10;
			files = (
				485354FF27392FBD004B426F /* AFNetworking.framework in CopyFiles */,
			);
			runOnlyForDeploymentPostprocessing = 0;
		};
/* End PBXCopyFilesBuildPhase section */

/* Begin PBXFileReference section */
		4853548D27390335004B426F /* GCDWebServerFunctions.h */ = {isa = PBXFileReference; fileEncoding = 4; lastKnownFileType = sourcecode.c.h; path = GCDWebServerFunctions.h; sourceTree = "<group>"; };
		4853548E27390335004B426F /* GCDWebServerPrivate.h */ = {isa = PBXFileReference; fileEncoding = 4; lastKnownFileType = sourcecode.c.h; path = GCDWebServerPrivate.h; sourceTree = "<group>"; };
		4853548F27390335004B426F /* GCDWebServerResponse.m */ = {isa = PBXFileReference; fileEncoding = 4; lastKnownFileType = sourcecode.c.objc; path = GCDWebServerResponse.m; sourceTree = "<group>"; };
		4853549027390335004B426F /* GCDWebServerConnection.h */ = {isa = PBXFileReference; fileEncoding = 4; lastKnownFileType = sourcecode.c.h; path = GCDWebServerConnection.h; sourceTree = "<group>"; };
		4853549127390335004B426F /* GCDWebServer.h */ = {isa = PBXFileReference; fileEncoding = 4; lastKnownFileType = sourcecode.c.h; path = GCDWebServer.h; sourceTree = "<group>"; };
		4853549227390335004B426F /* GCDWebServerRequest.m */ = {isa = PBXFileReference; fileEncoding = 4; lastKnownFileType = sourcecode.c.objc; path = GCDWebServerRequest.m; sourceTree = "<group>"; };
		4853549327390335004B426F /* GCDWebServerHTTPStatusCodes.h */ = {isa = PBXFileReference; fileEncoding = 4; lastKnownFileType = sourcecode.c.h; path = GCDWebServerHTTPStatusCodes.h; sourceTree = "<group>"; };
		4853549427390335004B426F /* GCDWebServerResponse.h */ = {isa = PBXFileReference; fileEncoding = 4; lastKnownFileType = sourcecode.c.h; path = GCDWebServerResponse.h; sourceTree = "<group>"; };
		4853549527390335004B426F /* GCDWebServerFunctions.m */ = {isa = PBXFileReference; fileEncoding = 4; lastKnownFileType = sourcecode.c.objc; path = GCDWebServerFunctions.m; sourceTree = "<group>"; };
		4853549627390335004B426F /* GCDWebServer.m */ = {isa = PBXFileReference; fileEncoding = 4; lastKnownFileType = sourcecode.c.objc; path = GCDWebServer.m; sourceTree = "<group>"; };
		4853549727390335004B426F /* GCDWebServerConnection.m */ = {isa = PBXFileReference; fileEncoding = 4; lastKnownFileType = sourcecode.c.objc; path = GCDWebServerConnection.m; sourceTree = "<group>"; };
		4853549827390335004B426F /* GCDWebServerRequest.h */ = {isa = PBXFileReference; fileEncoding = 4; lastKnownFileType = sourcecode.c.h; path = GCDWebServerRequest.h; sourceTree = "<group>"; };
		4853549A27390335004B426F /* GCDWebServerFileResponse.h */ = {isa = PBXFileReference; fileEncoding = 4; lastKnownFileType = sourcecode.c.h; path = GCDWebServerFileResponse.h; sourceTree = "<group>"; };
		4853549B27390335004B426F /* GCDWebServerStreamedResponse.h */ = {isa = PBXFileReference; fileEncoding = 4; lastKnownFileType = sourcecode.c.h; path = GCDWebServerStreamedResponse.h; sourceTree = "<group>"; };
		4853549C27390335004B426F /* GCDWebServerErrorResponse.m */ = {isa = PBXFileReference; fileEncoding = 4; lastKnownFileType = sourcecode.c.objc; path = GCDWebServerErrorResponse.m; sourceTree = "<group>"; };
		4853549D27390335004B426F /* GCDWebServerDataResponse.h */ = {isa = PBXFileReference; fileEncoding = 4; lastKnownFileType = sourcecode.c.h; path = GCDWebServerDataResponse.h; sourceTree = "<group>"; };
		4853549E27390335004B426F /* GCDWebServerFileResponse.m */ = {isa = PBXFileReference; fileEncoding = 4; lastKnownFileType = sourcecode.c.objc; path = GCDWebServerFileResponse.m; sourceTree = "<group>"; };
		4853549F27390335004B426F /* GCDWebServerDataResponse.m */ = {isa = PBXFileReference; fileEncoding = 4; lastKnownFileType = sourcecode.c.objc; path = GCDWebServerDataResponse.m; sourceTree = "<group>"; };
		485354A027390335004B426F /* GCDWebServerErrorResponse.h */ = {isa = PBXFileReference; fileEncoding = 4; lastKnownFileType = sourcecode.c.h; path = GCDWebServerErrorResponse.h; sourceTree = "<group>"; };
		485354A127390335004B426F /* GCDWebServerStreamedResponse.m */ = {isa = PBXFileReference; fileEncoding = 4; lastKnownFileType = sourcecode.c.objc; path = GCDWebServerStreamedResponse.m; sourceTree = "<group>"; };
		485354A327390335004B426F /* GCDWebServerDataRequest.h */ = {isa = PBXFileReference; fileEncoding = 4; lastKnownFileType = sourcecode.c.h; path = GCDWebServerDataRequest.h; sourceTree = "<group>"; };
		485354A427390335004B426F /* GCDWebServerMultiPartFormRequest.h */ = {isa = PBXFileReference; fileEncoding = 4; lastKnownFileType = sourcecode.c.h; path = GCDWebServerMultiPartFormRequest.h; sourceTree = "<group>"; };
		485354A527390335004B426F /* GCDWebServerFileRequest.h */ = {isa = PBXFileReference; fileEncoding = 4; lastKnownFileType = sourcecode.c.h; path = GCDWebServerFileRequest.h; sourceTree = "<group>"; };
		485354A627390335004B426F /* GCDWebServerURLEncodedFormRequest.m */ = {isa = PBXFileReference; fileEncoding = 4; lastKnownFileType = sourcecode.c.objc; path = GCDWebServerURLEncodedFormRequest.m; sourceTree = "<group>"; };
		485354A727390335004B426F /* GCDWebServerMultiPartFormRequest.m */ = {isa = PBXFileReference; fileEncoding = 4; lastKnownFileType = sourcecode.c.objc; path = GCDWebServerMultiPartFormRequest.m; sourceTree = "<group>"; };
		485354A827390335004B426F /* GCDWebServerDataRequest.m */ = {isa = PBXFileReference; fileEncoding = 4; lastKnownFileType = sourcecode.c.objc; path = GCDWebServerDataRequest.m; sourceTree = "<group>"; };
		485354A927390335004B426F /* GCDWebServerFileRequest.m */ = {isa = PBXFileReference; fileEncoding = 4; lastKnownFileType = sourcecode.c.objc; path = GCDWebServerFileRequest.m; sourceTree = "<group>"; };
		485354AA27390335004B426F /* GCDWebServerURLEncodedFormRequest.h */ = {isa = PBXFileReference; fileEncoding = 4; lastKnownFileType = sourcecode.c.h; path = GCDWebServerURLEncodedFormRequest.h; sourceTree = "<group>"; };
		485354AC27390335004B426F /* GCDWebDAVServer.h */ = {isa = PBXFileReference; fileEncoding = 4; lastKnownFileType = sourcecode.c.h; path = GCDWebDAVServer.h; sourceTree = "<group>"; };
		485354AD27390335004B426F /* GCDWebDAVServer.m */ = {isa = PBXFileReference; fileEncoding = 4; lastKnownFileType = sourcecode.c.objc; path = GCDWebDAVServer.m; sourceTree = "<group>"; };
		485354AF27390335004B426F /* GCDWebKit.h */ = {isa = PBXFileReference; fileEncoding = 4; lastKnownFileType = sourcecode.c.h; path = GCDWebKit.h; sourceTree = "<group>"; };
		485354B027390335004B426F /* SJXCSMIPHelper.h */ = {isa = PBXFileReference; fileEncoding = 4; lastKnownFileType = sourcecode.c.h; path = SJXCSMIPHelper.h; sourceTree = "<group>"; };
		485354B127390335004B426F /* GCDWebKit.m */ = {isa = PBXFileReference; fileEncoding = 4; lastKnownFileType = sourcecode.c.objc; path = GCDWebKit.m; sourceTree = "<group>"; };
		485354B227390335004B426F /* SJXCSMIPHelper.m */ = {isa = PBXFileReference; fileEncoding = 4; lastKnownFileType = sourcecode.c.objc; path = SJXCSMIPHelper.m; sourceTree = "<group>"; };
		485354B427390335004B426F /* GCDWebUploader.bundle */ = {isa = PBXFileReference; lastKnownFileType = "wrapper.plug-in"; path = GCDWebUploader.bundle; sourceTree = "<group>"; };
		485354B527390335004B426F /* GCDWebUploader.h */ = {isa = PBXFileReference; fileEncoding = 4; lastKnownFileType = sourcecode.c.h; path = GCDWebUploader.h; sourceTree = "<group>"; };
		485354B627390335004B426F /* GCDWebUploader.m */ = {isa = PBXFileReference; fileEncoding = 4; lastKnownFileType = sourcecode.c.objc; path = GCDWebUploader.m; sourceTree = "<group>"; };
		485354EE27390770004B426F /* AFNetworking.framework */ = {isa = PBXFileReference; lastKnownFileType = wrapper.framework; path = AFNetworking.framework; sourceTree = "<group>"; };
		485354F22739081B004B426F /* libxml2.tbd */ = {isa = PBXFileReference; lastKnownFileType = "sourcecode.text-based-dylib-definition"; name = libxml2.tbd; path = usr/lib/libxml2.tbd; sourceTree = SDKROOT; };
		485354F427390825004B426F /* libz.tbd */ = {isa = PBXFileReference; lastKnownFileType = "sourcecode.text-based-dylib-definition"; name = libz.tbd; path = usr/lib/libz.tbd; sourceTree = SDKROOT; };
		BE8A22E9271538DC00589FB3 /* JLDeviceViewController.h */ = {isa = PBXFileReference; lastKnownFileType = sourcecode.c.h; path = JLDeviceViewController.h; sourceTree = "<group>"; };
		BE8A22EA271538DC00589FB3 /* JLDeviceViewController.m */ = {isa = PBXFileReference; lastKnownFileType = sourcecode.c.objc; path = JLDeviceViewController.m; sourceTree = "<group>"; };
		BE8A22EC271538F000589FB3 /* JLUpdateViewController.h */ = {isa = PBXFileReference; lastKnownFileType = sourcecode.c.h; path = JLUpdateViewController.h; sourceTree = "<group>"; };
		BE8A22ED271538F000589FB3 /* JLUpdateViewController.m */ = {isa = PBXFileReference; lastKnownFileType = sourcecode.c.objc; path = JLUpdateViewController.m; sourceTree = "<group>"; };
		BE8A22EF27153A2C00589FB3 /* JLMainViewController.h */ = {isa = PBXFileReference; lastKnownFileType = sourcecode.c.h; path = JLMainViewController.h; sourceTree = "<group>"; };
		BE8A22F027153A2C00589FB3 /* JLMainViewController.m */ = {isa = PBXFileReference; lastKnownFileType = sourcecode.c.objc; path = JLMainViewController.m; sourceTree = "<group>"; };
		BE8A22F427156DD300589FB3 /* JLBaseViewController.h */ = {isa = PBXFileReference; lastKnownFileType = sourcecode.c.h; path = JLBaseViewController.h; sourceTree = "<group>"; };
		BE8A22F527156DD300589FB3 /* JLBaseViewController.m */ = {isa = PBXFileReference; lastKnownFileType = sourcecode.c.objc; path = JLBaseViewController.m; sourceTree = "<group>"; };
		BECEACB9271132DE0090027A /* JL_OTA.app */ = {isa = PBXFileReference; explicitFileType = wrapper.application; includeInIndex = 0; path = JL_OTA.app; sourceTree = BUILT_PRODUCTS_DIR; };
		BECEACBC271132DE0090027A /* AppDelegate.h */ = {isa = PBXFileReference; lastKnownFileType = sourcecode.c.h; path = AppDelegate.h; sourceTree = "<group>"; };
		BECEACBD271132DE0090027A /* AppDelegate.m */ = {isa = PBXFileReference; lastKnownFileType = sourcecode.c.objc; path = AppDelegate.m; sourceTree = "<group>"; };
		BECEACC8271132E20090027A /* Assets.xcassets */ = {isa = PBXFileReference; lastKnownFileType = folder.assetcatalog; path = Assets.xcassets; sourceTree = "<group>"; };
		BECEACCB271132E20090027A /* Base */ = {isa = PBXFileReference; lastKnownFileType = file.storyboard; name = Base; path = Base.lproj/LaunchScreen.storyboard; sourceTree = "<group>"; };
		BECEACCD271132E20090027A /* Info.plist */ = {isa = PBXFileReference; lastKnownFileType = text.plist.xml; path = Info.plist; sourceTree = "<group>"; };
		BECEACCE271132E20090027A /* main.m */ = {isa = PBXFileReference; lastKnownFileType = sourcecode.c.objc; path = main.m; sourceTree = "<group>"; };
		BECEACD9271137270090027A /* JL_OTA_InnerBle.app */ = {isa = PBXFileReference; explicitFileType = wrapper.application; includeInIndex = 0; path = JL_OTA_InnerBle.app; sourceTree = BUILT_PRODUCTS_DIR; };
		BECEACDB271137270090027A /* AppDelegate.h */ = {isa = PBXFileReference; lastKnownFileType = sourcecode.c.h; path = AppDelegate.h; sourceTree = "<group>"; };
		BECEACDC271137270090027A /* AppDelegate.m */ = {isa = PBXFileReference; lastKnownFileType = sourcecode.c.objc; path = AppDelegate.m; sourceTree = "<group>"; };
		BECEACE72711372E0090027A /* Assets.xcassets */ = {isa = PBXFileReference; lastKnownFileType = folder.assetcatalog; path = Assets.xcassets; sourceTree = "<group>"; };
		BECEACEA2711372E0090027A /* Base */ = {isa = PBXFileReference; lastKnownFileType = file.storyboard; name = Base; path = Base.lproj/LaunchScreen.storyboard; sourceTree = "<group>"; };
		BECEACEC2711372E0090027A /* Info.plist */ = {isa = PBXFileReference; lastKnownFileType = text.plist.xml; path = Info.plist; sourceTree = "<group>"; };
		BECEACED2711372E0090027A /* main.m */ = {isa = PBXFileReference; lastKnownFileType = sourcecode.c.objc; path = main.m; sourceTree = "<group>"; };
		BECEACFC2711416E0090027A /* DFUnits.framework */ = {isa = PBXFileReference; lastKnownFileType = wrapper.framework; path = DFUnits.framework; sourceTree = "<group>"; };
		BECEACFD2711416F0090027A /* JL_BLEKit.framework */ = {isa = PBXFileReference; lastKnownFileType = wrapper.framework; path = JL_BLEKit.framework; sourceTree = "<group>"; };
		BECEAD082711466B0090027A /* JL_RunSDK.h */ = {isa = PBXFileReference; lastKnownFileType = sourcecode.c.h; path = JL_RunSDK.h; sourceTree = "<group>"; };
		BECEAD092711466B0090027A /* JL_RunSDK.m */ = {isa = PBXFileReference; lastKnownFileType = sourcecode.c.objc; path = JL_RunSDK.m; sourceTree = "<group>"; };
		BECEAD0F27118E7D0090027A /* JLUpdateViewController.h */ = {isa = PBXFileReference; lastKnownFileType = sourcecode.c.h; path = JLUpdateViewController.h; sourceTree = "<group>"; };
		BECEAD1027118E7D0090027A /* JLUpdateViewController.m */ = {isa = PBXFileReference; lastKnownFileType = sourcecode.c.objc; path = JLUpdateViewController.m; sourceTree = "<group>"; };
		BECEAD1127118E7D0090027A /* JLUpdateViewController.xib */ = {isa = PBXFileReference; lastKnownFileType = file.xib; path = JLUpdateViewController.xib; sourceTree = "<group>"; };
		BECEAD1427118E940090027A /* JLDeviceViewController.h */ = {isa = PBXFileReference; lastKnownFileType = sourcecode.c.h; path = JLDeviceViewController.h; sourceTree = "<group>"; };
		BECEAD1527118E940090027A /* JLDeviceViewController.m */ = {isa = PBXFileReference; lastKnownFileType = sourcecode.c.objc; path = JLDeviceViewController.m; sourceTree = "<group>"; };
		BECEAD1627118E940090027A /* JLDeviceViewController.xib */ = {isa = PBXFileReference; lastKnownFileType = file.xib; path = JLDeviceViewController.xib; sourceTree = "<group>"; };
		BECEAD1B2713C1010090027A /* MJRefreshFooterView.h */ = {isa = PBXFileReference; fileEncoding = 4; lastKnownFileType = sourcecode.c.h; path = MJRefreshFooterView.h; sourceTree = "<group>"; };
		BECEAD1C2713C1010090027A /* UIScrollView+MJRefresh.m */ = {isa = PBXFileReference; fileEncoding = 4; lastKnownFileType = sourcecode.c.objc; path = "UIScrollView+MJRefresh.m"; sourceTree = "<group>"; };
		BECEAD1D2713C1010090027A /* MJRefreshConst.m */ = {isa = PBXFileReference; fileEncoding = 4; lastKnownFileType = sourcecode.c.objc; path = MJRefreshConst.m; sourceTree = "<group>"; };
		BECEAD1E2713C1010090027A /* UIScrollView+MJExtension.h */ = {isa = PBXFileReference; fileEncoding = 4; lastKnownFileType = sourcecode.c.h; path = "UIScrollView+MJExtension.h"; sourceTree = "<group>"; };
		BECEAD1F2713C1010090027A /* MJRefreshHeaderView.m */ = {isa = PBXFileReference; fileEncoding = 4; lastKnownFileType = sourcecode.c.objc; path = MJRefreshHeaderView.m; sourceTree = "<group>"; };
		BECEAD202713C1010090027A /* MJRefresh.h */ = {isa = PBXFileReference; fileEncoding = 4; lastKnownFileType = sourcecode.c.h; path = MJRefresh.h; sourceTree = "<group>"; };
		BECEAD212713C1010090027A /* UIView+MJExtension.h */ = {isa = PBXFileReference; fileEncoding = 4; lastKnownFileType = sourcecode.c.h; path = "UIView+MJExtension.h"; sourceTree = "<group>"; };
		BECEAD222713C1010090027A /* MJRefreshBaseView.m */ = {isa = PBXFileReference; fileEncoding = 4; lastKnownFileType = sourcecode.c.objc; path = MJRefreshBaseView.m; sourceTree = "<group>"; };
		BECEAD232713C1010090027A /* UIScrollView+MJExtension.m */ = {isa = PBXFileReference; fileEncoding = 4; lastKnownFileType = sourcecode.c.objc; path = "UIScrollView+MJExtension.m"; sourceTree = "<group>"; };
		BECEAD242713C1010090027A /* MJRefreshConst.h */ = {isa = PBXFileReference; fileEncoding = 4; lastKnownFileType = sourcecode.c.h; path = MJRefreshConst.h; sourceTree = "<group>"; };
		BECEAD252713C1010090027A /* MJRefreshFooterView.m */ = {isa = PBXFileReference; fileEncoding = 4; lastKnownFileType = sourcecode.c.objc; path = MJRefreshFooterView.m; sourceTree = "<group>"; };
		BECEAD262713C1010090027A /* UIScrollView+MJRefresh.h */ = {isa = PBXFileReference; fileEncoding = 4; lastKnownFileType = sourcecode.c.h; path = "UIScrollView+MJRefresh.h"; sourceTree = "<group>"; };
		BECEAD272713C1010090027A /* MJRefreshHeaderView.h */ = {isa = PBXFileReference; fileEncoding = 4; lastKnownFileType = sourcecode.c.h; path = MJRefreshHeaderView.h; sourceTree = "<group>"; };
		BECEAD282713C1010090027A /* MJRefreshBaseView.h */ = {isa = PBXFileReference; fileEncoding = 4; lastKnownFileType = sourcecode.c.h; path = MJRefreshBaseView.h; sourceTree = "<group>"; };
		BECEAD292713C1010090027A /* UIView+MJExtension.m */ = {isa = PBXFileReference; fileEncoding = 4; lastKnownFileType = sourcecode.c.objc; path = "UIView+MJExtension.m"; sourceTree = "<group>"; };
		BECEAD392713C2200090027A /* JLDeviceCell.h */ = {isa = PBXFileReference; fileEncoding = 4; lastKnownFileType = sourcecode.c.h; path = JLDeviceCell.h; sourceTree = "<group>"; };
		BECEAD3A2713C2200090027A /* JLDeviceCell.m */ = {isa = PBXFileReference; fileEncoding = 4; lastKnownFileType = sourcecode.c.objc; path = JLDeviceCell.m; sourceTree = "<group>"; };
		BECEAD3B2713C2200090027A /* JLDeviceCell.xib */ = {isa = PBXFileReference; fileEncoding = 4; lastKnownFileType = file.xib; path = JLDeviceCell.xib; sourceTree = "<group>"; };
		BECEAD452713CFD40090027A /* en */ = {isa = PBXFileReference; lastKnownFileType = text.plist.strings; name = en; path = en.lproj/Localizable.strings; sourceTree = "<group>"; };
		BECEAD4A2713D0330090027A /* zh-Hans */ = {isa = PBXFileReference; lastKnownFileType = text.plist.strings; name = "zh-Hans"; path = "zh-Hans.lproj/LaunchScreen.strings"; sourceTree = "<group>"; };
		BECEAD4C2713D0350090027A /* zh-Hans */ = {isa = PBXFileReference; lastKnownFileType = text.plist.strings; name = "zh-Hans"; path = "zh-Hans.lproj/LaunchScreen.strings"; sourceTree = "<group>"; };
		BECEAD4D2713D0360090027A /* zh-Hans */ = {isa = PBXFileReference; lastKnownFileType = text.plist.strings; name = "zh-Hans"; path = "zh-Hans.lproj/Localizable.strings"; sourceTree = "<group>"; };
		BECEAD4E2713D1E90090027A /* JLBleManager.h */ = {isa = PBXFileReference; lastKnownFileType = sourcecode.c.h; path = JLBleManager.h; sourceTree = "<group>"; };
		BECEAD4F2713D1E90090027A /* JLBleManager.m */ = {isa = PBXFileReference; lastKnownFileType = sourcecode.c.objc; path = JLBleManager.m; sourceTree = "<group>"; };
		BECEAD532713D4B30090027A /* PrefixHeader.pch */ = {isa = PBXFileReference; lastKnownFileType = sourcecode.c.h; path = PrefixHeader.pch; sourceTree = "<group>"; };
		BECEAD562713E5AF0090027A /* JLBleEntity.h */ = {isa = PBXFileReference; lastKnownFileType = sourcecode.c.h; path = JLBleEntity.h; sourceTree = "<group>"; };
		BECEAD572713E5AF0090027A /* JLBleEntity.m */ = {isa = PBXFileReference; lastKnownFileType = sourcecode.c.objc; path = JLBleEntity.m; sourceTree = "<group>"; };
		BECEAD5D271422610090027A /* 2.ufw */ = {isa = PBXFileReference; lastKnownFileType = file; path = 2.ufw; sourceTree = "<group>"; };
		BECEAD5E271422610090027A /* 1.ufw */ = {isa = PBXFileReference; lastKnownFileType = file; path = 1.ufw; sourceTree = "<group>"; };
		BECEAD5F271422610090027A /* 0.ufw */ = {isa = PBXFileReference; lastKnownFileType = file; path = 0.ufw; sourceTree = "<group>"; };
		BECEAD68271423C90090027A /* JLOtaFileManager.h */ = {isa = PBXFileReference; lastKnownFileType = sourcecode.c.h; path = JLOtaFileManager.h; sourceTree = "<group>"; };
		BECEAD69271423C90090027A /* JLOtaFileManager.m */ = {isa = PBXFileReference; lastKnownFileType = sourcecode.c.objc; path = JLOtaFileManager.m; sourceTree = "<group>"; };
		BECEAD72271441B70090027A /* UITableViewCell+JLCustom.h */ = {isa = PBXFileReference; lastKnownFileType = sourcecode.c.h; path = "UITableViewCell+JLCustom.h"; sourceTree = "<group>"; };
		BECEAD73271441B70090027A /* UITableViewCell+JLCustom.m */ = {isa = PBXFileReference; lastKnownFileType = sourcecode.c.objc; path = "UITableViewCell+JLCustom.m"; sourceTree = "<group>"; };
/* End PBXFileReference section */

/* Begin PBXFrameworksBuildPhase section */
		BECEACB6271132DE0090027A /* Frameworks */ = {
			isa = PBXFrameworksBuildPhase;
			buildActionMask = 2147483647;
			files = (
				485354F527390825004B426F /* libz.tbd in Frameworks */,
				485354F32739081B004B426F /* libxml2.tbd in Frameworks */,
				BECEAD03271141840090027A /* DFUnits.framework in Frameworks */,
				485354EF27390770004B426F /* AFNetworking.framework in Frameworks */,
				BECEAD05271141840090027A /* JL_BLEKit.framework in Frameworks */,
			);
			runOnlyForDeploymentPostprocessing = 0;
		};
		BECEACD6271137270090027A /* Frameworks */ = {
			isa = PBXFrameworksBuildPhase;
			buildActionMask = 2147483647;
			files = (
				485354F727390838004B426F /* libz.tbd in Frameworks */,
				485354F62739082F004B426F /* libxml2.tbd in Frameworks */,
				BECEACFE2711416F0090027A /* DFUnits.framework in Frameworks */,
				BECEAD002711416F0090027A /* JL_BLEKit.framework in Frameworks */,
			);
			runOnlyForDeploymentPostprocessing = 0;
		};
/* End PBXFrameworksBuildPhase section */

/* Begin PBXGroup section */
		4853548A273902D1004B426F /* GCDWeb */ = {
			isa = PBXGroup;
			children = (
				485354AE27390335004B426F /* GCDWebKit */,
				4853548B27390335004B426F /* GCDWebServer */,
				485354AB27390335004B426F /* GCDWebDAVServer */,
				485354B327390335004B426F /* GCDWebUploader */,
			);
			path = GCDWeb;
			sourceTree = "<group>";
		};
		4853548B27390335004B426F /* GCDWebServer */ = {
			isa = PBXGroup;
			children = (
				4853548C27390335004B426F /* Core */,
				4853549927390335004B426F /* Responses */,
				485354A227390335004B426F /* Requests */,
			);
			path = GCDWebServer;
			sourceTree = "<group>";
		};
		4853548C27390335004B426F /* Core */ = {
			isa = PBXGroup;
			children = (
				4853549127390335004B426F /* GCDWebServer.h */,
				4853549627390335004B426F /* GCDWebServer.m */,
				4853548E27390335004B426F /* GCDWebServerPrivate.h */,
				4853549327390335004B426F /* GCDWebServerHTTPStatusCodes.h */,
				4853548D27390335004B426F /* GCDWebServerFunctions.h */,
				4853549527390335004B426F /* GCDWebServerFunctions.m */,
				4853549427390335004B426F /* GCDWebServerResponse.h */,
				4853548F27390335004B426F /* GCDWebServerResponse.m */,
				4853549027390335004B426F /* GCDWebServerConnection.h */,
				4853549727390335004B426F /* GCDWebServerConnection.m */,
				4853549827390335004B426F /* GCDWebServerRequest.h */,
				4853549227390335004B426F /* GCDWebServerRequest.m */,
			);
			path = Core;
			sourceTree = "<group>";
		};
		4853549927390335004B426F /* Responses */ = {
			isa = PBXGroup;
			children = (
				4853549A27390335004B426F /* GCDWebServerFileResponse.h */,
				4853549E27390335004B426F /* GCDWebServerFileResponse.m */,
				4853549B27390335004B426F /* GCDWebServerStreamedResponse.h */,
				485354A127390335004B426F /* GCDWebServerStreamedResponse.m */,
				485354A027390335004B426F /* GCDWebServerErrorResponse.h */,
				4853549C27390335004B426F /* GCDWebServerErrorResponse.m */,
				4853549D27390335004B426F /* GCDWebServerDataResponse.h */,
				4853549F27390335004B426F /* GCDWebServerDataResponse.m */,
			);
			path = Responses;
			sourceTree = "<group>";
		};
		485354A227390335004B426F /* Requests */ = {
			isa = PBXGroup;
			children = (
				485354A327390335004B426F /* GCDWebServerDataRequest.h */,
				485354A827390335004B426F /* GCDWebServerDataRequest.m */,
				485354A427390335004B426F /* GCDWebServerMultiPartFormRequest.h */,
				485354A727390335004B426F /* GCDWebServerMultiPartFormRequest.m */,
				485354A527390335004B426F /* GCDWebServerFileRequest.h */,
				485354A927390335004B426F /* GCDWebServerFileRequest.m */,
				485354AA27390335004B426F /* GCDWebServerURLEncodedFormRequest.h */,
				485354A627390335004B426F /* GCDWebServerURLEncodedFormRequest.m */,
			);
			path = Requests;
			sourceTree = "<group>";
		};
		485354AB27390335004B426F /* GCDWebDAVServer */ = {
			isa = PBXGroup;
			children = (
				485354AC27390335004B426F /* GCDWebDAVServer.h */,
				485354AD27390335004B426F /* GCDWebDAVServer.m */,
			);
			path = GCDWebDAVServer;
			sourceTree = "<group>";
		};
		485354AE27390335004B426F /* GCDWebKit */ = {
			isa = PBXGroup;
			children = (
				485354AF27390335004B426F /* GCDWebKit.h */,
				485354B127390335004B426F /* GCDWebKit.m */,
				485354B027390335004B426F /* SJXCSMIPHelper.h */,
				485354B227390335004B426F /* SJXCSMIPHelper.m */,
			);
			path = GCDWebKit;
			sourceTree = "<group>";
		};
		485354B327390335004B426F /* GCDWebUploader */ = {
			isa = PBXGroup;
			children = (
				485354B427390335004B426F /* GCDWebUploader.bundle */,
				485354B527390335004B426F /* GCDWebUploader.h */,
				485354B627390335004B426F /* GCDWebUploader.m */,
			);
			path = GCDWebUploader;
			sourceTree = "<group>";
		};
		BECEACB0271132DE0090027A = {
			isa = PBXGroup;
			children = (
				BECEACBB271132DE0090027A /* JL_OTA */,
				BECEACDA271137270090027A /* JL_OTA_InnerBle */,
				BECEAD5C271422610090027A /* OTAFiles */,
				BECEACF327113A320090027A /* Xib */,
				BECEAD382713C1E70090027A /* CommonView */,
				BECEAD542713DC280090027A /* Resource */,
				BECEAD192713C1010090027A /* ThirdParty */,
				BECEACBA271132DE0090027A /* Products */,
				BECEACFB2711416E0090027A /* Frameworks */,
			);
			sourceTree = "<group>";
		};
		BECEACBA271132DE0090027A /* Products */ = {
			isa = PBXGroup;
			children = (
				BECEACB9271132DE0090027A /* JL_OTA.app */,
				BECEACD9271137270090027A /* JL_OTA_InnerBle.app */,
			);
			name = Products;
			sourceTree = "<group>";
		};
		BECEACBB271132DE0090027A /* JL_OTA */ = {
			isa = PBXGroup;
			children = (
				BECEAD552713E5910090027A /* BleManager */,
				BECEACBC271132DE0090027A /* AppDelegate.h */,
				BECEACBD271132DE0090027A /* AppDelegate.m */,
				BECEAD1427118E940090027A /* JLDeviceViewController.h */,
				BECEAD1527118E940090027A /* JLDeviceViewController.m */,
				BECEAD0F27118E7D0090027A /* JLUpdateViewController.h */,
				BECEAD1027118E7D0090027A /* JLUpdateViewController.m */,
				BECEACC8271132E20090027A /* Assets.xcassets */,
				BECEACCA271132E20090027A /* LaunchScreen.storyboard */,
				BECEACCD271132E20090027A /* Info.plist */,
				BECEACCE271132E20090027A /* main.m */,
			);
			path = JL_OTA;
			sourceTree = "<group>";
		};
		BECEACDA271137270090027A /* JL_OTA_InnerBle */ = {
			isa = PBXGroup;
			children = (
				BECEAD082711466B0090027A /* JL_RunSDK.h */,
				BECEAD092711466B0090027A /* JL_RunSDK.m */,
				BECEACDB271137270090027A /* AppDelegate.h */,
				BECEACDC271137270090027A /* AppDelegate.m */,
				BE8A22E9271538DC00589FB3 /* JLDeviceViewController.h */,
				BE8A22EA271538DC00589FB3 /* JLDeviceViewController.m */,
				BE8A22EC271538F000589FB3 /* JLUpdateViewController.h */,
				BE8A22ED271538F000589FB3 /* JLUpdateViewController.m */,
				BECEACE72711372E0090027A /* Assets.xcassets */,
				BECEACE92711372E0090027A /* LaunchScreen.storyboard */,
				BECEACEC2711372E0090027A /* Info.plist */,
				BECEACED2711372E0090027A /* main.m */,
			);
			path = JL_OTA_InnerBle;
			sourceTree = "<group>";
		};
		BECEACF327113A320090027A /* Xib */ = {
			isa = PBXGroup;
			children = (
				BECEAD1627118E940090027A /* JLDeviceViewController.xib */,
				BECEAD1127118E7D0090027A /* JLUpdateViewController.xib */,
			);
			path = Xib;
			sourceTree = "<group>";
		};
		BECEACFB2711416E0090027A /* Frameworks */ = {
			isa = PBXGroup;
			children = (
				485354F427390825004B426F /* libz.tbd */,
				485354F22739081B004B426F /* libxml2.tbd */,
				485354EE27390770004B426F /* AFNetworking.framework */,
				BECEACFC2711416E0090027A /* DFUnits.framework */,
				BECEACFD2711416F0090027A /* JL_BLEKit.framework */,
			);
			name = Frameworks;
			sourceTree = "<group>";
		};
		BECEAD192713C1010090027A /* ThirdParty */ = {
			isa = PBXGroup;
			children = (
				4853548A273902D1004B426F /* GCDWeb */,
				BECEAD1A2713C1010090027A /* MJRefresh */,
			);
			path = ThirdParty;
			sourceTree = "<group>";
		};
		BECEAD1A2713C1010090027A /* MJRefresh */ = {
			isa = PBXGroup;
			children = (
				BECEAD202713C1010090027A /* MJRefresh.h */,
				BECEAD242713C1010090027A /* MJRefreshConst.h */,
				BECEAD1D2713C1010090027A /* MJRefreshConst.m */,
				BECEAD1B2713C1010090027A /* MJRefreshFooterView.h */,
				BECEAD252713C1010090027A /* MJRefreshFooterView.m */,
				BECEAD262713C1010090027A /* UIScrollView+MJRefresh.h */,
				BECEAD1C2713C1010090027A /* UIScrollView+MJRefresh.m */,
				BECEAD1E2713C1010090027A /* UIScrollView+MJExtension.h */,
				BECEAD232713C1010090027A /* UIScrollView+MJExtension.m */,
				BECEAD272713C1010090027A /* MJRefreshHeaderView.h */,
				BECEAD1F2713C1010090027A /* MJRefreshHeaderView.m */,
				BECEAD212713C1010090027A /* UIView+MJExtension.h */,
				BECEAD292713C1010090027A /* UIView+MJExtension.m */,
				BECEAD282713C1010090027A /* MJRefreshBaseView.h */,
				BECEAD222713C1010090027A /* MJRefreshBaseView.m */,
			);
			path = MJRefresh;
			sourceTree = "<group>";
		};
		BECEAD382713C1E70090027A /* CommonView */ = {
			isa = PBXGroup;
			children = (
				BE8A22EF27153A2C00589FB3 /* JLMainViewController.h */,
				BE8A22F027153A2C00589FB3 /* JLMainViewController.m */,
				BE8A22F427156DD300589FB3 /* JLBaseViewController.h */,
				BE8A22F527156DD300589FB3 /* JLBaseViewController.m */,
				BECEAD392713C2200090027A /* JLDeviceCell.h */,
				BECEAD3A2713C2200090027A /* JLDeviceCell.m */,
				BECEAD3B2713C2200090027A /* JLDeviceCell.xib */,
				BECEAD72271441B70090027A /* UITableViewCell+JLCustom.h */,
				BECEAD73271441B70090027A /* UITableViewCell+JLCustom.m */,
			);
			path = CommonView;
			sourceTree = "<group>";
		};
		BECEAD542713DC280090027A /* Resource */ = {
			isa = PBXGroup;
			children = (
				BECEAD532713D4B30090027A /* PrefixHeader.pch */,
				BECEAD462713CFD40090027A /* Localizable.strings */,
			);
			path = Resource;
			sourceTree = "<group>";
		};
		BECEAD552713E5910090027A /* BleManager */ = {
			isa = PBXGroup;
			children = (
				BECEAD4E2713D1E90090027A /* JLBleManager.h */,
				BECEAD4F2713D1E90090027A /* JLBleManager.m */,
				BECEAD562713E5AF0090027A /* JLBleEntity.h */,
				BECEAD572713E5AF0090027A /* JLBleEntity.m */,
			);
			path = BleManager;
			sourceTree = "<group>";
		};
		BECEAD5C271422610090027A /* OTAFiles */ = {
			isa = PBXGroup;
			children = (
				BECEAD68271423C90090027A /* JLOtaFileManager.h */,
				BECEAD69271423C90090027A /* JLOtaFileManager.m */,
				BECEAD5D271422610090027A /* 2.ufw */,
				BECEAD5E271422610090027A /* 1.ufw */,
				BECEAD5F271422610090027A /* 0.ufw */,
			);
			path = OTAFiles;
			sourceTree = "<group>";
		};
/* End PBXGroup section */

/* Begin PBXNativeTarget section */
		BECEACB8271132DE0090027A /* JL_OTA */ = {
			isa = PBXNativeTarget;
			buildConfigurationList = BECEACD2271132E20090027A /* Build configuration list for PBXNativeTarget "JL_OTA" */;
			buildPhases = (
				BECEACB5271132DE0090027A /* Sources */,
				BECEACB6271132DE0090027A /* Frameworks */,
				BECEACB7271132DE0090027A /* Resources */,
				485354FC27392F95004B426F /* CopyFiles */,
			);
			buildRules = (
			);
			dependencies = (
			);
			name = JL_OTA;
			productName = JL_OTA;
			productReference = BECEACB9271132DE0090027A /* JL_OTA.app */;
			productType = "com.apple.product-type.application";
		};
		BECEACD8271137270090027A /* JL_OTA_InnerBle */ = {
			isa = PBXNativeTarget;
			buildConfigurationList = BECEACEF2711372E0090027A /* Build configuration list for PBXNativeTarget "JL_OTA_InnerBle" */;
			buildPhases = (
				BECEACD5271137270090027A /* Sources */,
				BECEACD6271137270090027A /* Frameworks */,
				BECEACD7271137270090027A /* Resources */,
				485354FE27392FAD004B426F /* CopyFiles */,
			);
			buildRules = (
			);
			dependencies = (
			);
			name = JL_OTA_InnerBle;
			productName = JL_OTA_InnerBle;
			productReference = BECEACD9271137270090027A /* JL_OTA_InnerBle.app */;
			productType = "com.apple.product-type.application";
		};
/* End PBXNativeTarget section */

/* Begin PBXProject section */
		BECEACB1271132DE0090027A /* Project object */ = {
			isa = PBXProject;
			attributes = {
				BuildIndependentTargetsInParallel = 1;
				LastUpgradeCheck = 1300;
				TargetAttributes = {
					BECEACB8271132DE0090027A = {
						CreatedOnToolsVersion = 13.0;
					};
					BECEACD8271137270090027A = {
						CreatedOnToolsVersion = 13.0;
					};
				};
			};
			buildConfigurationList = BECEACB4271132DE0090027A /* Build configuration list for PBXProject "JL_OTA" */;
			compatibilityVersion = "Xcode 13.0";
			developmentRegion = en;
			hasScannedForEncodings = 0;
			knownRegions = (
				en,
				Base,
				"zh-Hans",
			);
			mainGroup = BECEACB0271132DE0090027A;
			productRefGroup = BECEACBA271132DE0090027A /* Products */;
			projectDirPath = "";
			projectRoot = "";
			targets = (
				BECEACB8271132DE0090027A /* JL_OTA */,
				BECEACD8271137270090027A /* JL_OTA_InnerBle */,
			);
		};
/* End PBXProject section */

/* Begin PBXResourcesBuildPhase section */
		BECEACB7271132DE0090027A /* Resources */ = {
			isa = PBXResourcesBuildPhase;
			buildActionMask = 2147483647;
			files = (
				BECEACCC271132E20090027A /* LaunchScreen.storyboard in Resources */,
				BECEAD60271422610090027A /* 2.ufw in Resources */,
				BECEAD1327118E7E0090027A /* JLUpdateViewController.xib in Resources */,
				485354C727390335004B426F /* GCDWebUploader.bundle in Resources */,
				BECEAD3E2713C2200090027A /* JLDeviceCell.xib in Resources */,
				BECEAD432713CFD40090027A /* Localizable.strings in Resources */,
				BECEAD62271422610090027A /* 1.ufw in Resources */,
				BECEAD64271422610090027A /* 0.ufw in Resources */,
				BECEACC9271132E20090027A /* Assets.xcassets in Resources */,
				BECEAD1827118E940090027A /* JLDeviceViewController.xib in Resources */,
			);
			runOnlyForDeploymentPostprocessing = 0;
		};
		BECEACD7271137270090027A /* Resources */ = {
			isa = PBXResourcesBuildPhase;
			buildActionMask = 2147483647;
			files = (
				485354C9273903F7004B426F /* GCDWebUploader.bundle in Resources */,
				BECEAD63271422610090027A /* 1.ufw in Resources */,
				BECEAD672714235C0090027A /* JLUpdateViewController.xib in Resources */,
				BECEAD442713CFD40090027A /* Localizable.strings in Resources */,
				BECEAD3F2713C2200090027A /* JLDeviceCell.xib in Resources */,
				BECEACEB2711372E0090027A /* LaunchScreen.storyboard in Resources */,
				BECEAD61271422610090027A /* 2.ufw in Resources */,
				BECEACE82711372E0090027A /* Assets.xcassets in Resources */,
				BECEAD65271422610090027A /* 0.ufw in Resources */,
				BECEAD66271423590090027A /* JLDeviceViewController.xib in Resources */,
			);
			runOnlyForDeploymentPostprocessing = 0;
		};
/* End PBXResourcesBuildPhase section */

/* Begin PBXSourcesBuildPhase section */
		BECEACB5271132DE0090027A /* Sources */ = {
			isa = PBXSourcesBuildPhase;
			buildActionMask = 2147483647;
			files = (
				BECEAD342713C1010090027A /* MJRefreshFooterView.m in Sources */,
				485354BE27390335004B426F /* GCDWebServerDataResponse.m in Sources */,
				485354C227390335004B426F /* GCDWebServerDataRequest.m in Sources */,
				485354C327390335004B426F /* GCDWebServerFileRequest.m in Sources */,
				485354C827390335004B426F /* GCDWebUploader.m in Sources */,
				BECEAD502713D1E90090027A /* JLBleManager.m in Sources */,
				BECEACBE271132DE0090027A /* AppDelegate.m in Sources */,
				BECEAD6A271423C90090027A /* JLOtaFileManager.m in Sources */,
				485354B827390335004B426F /* GCDWebServerRequest.m in Sources */,
				485354BF27390335004B426F /* GCDWebServerStreamedResponse.m in Sources */,
				485354C027390335004B426F /* GCDWebServerURLEncodedFormRequest.m in Sources */,
				485354C427390335004B426F /* GCDWebDAVServer.m in Sources */,
				BECEAD1727118E940090027A /* JLDeviceViewController.m in Sources */,
				485354C127390335004B426F /* GCDWebServerMultiPartFormRequest.m in Sources */,
				BE8A22F627156DD300589FB3 /* JLBaseViewController.m in Sources */,
				BECEAD2E2713C1010090027A /* MJRefreshHeaderView.m in Sources */,
				BECEAD582713E5AF0090027A /* JLBleEntity.m in Sources */,
				485354BD27390335004B426F /* GCDWebServerFileResponse.m in Sources */,
				BECEAD2A2713C1010090027A /* UIScrollView+MJRefresh.m in Sources */,
				BECEAD322713C1010090027A /* UIScrollView+MJExtension.m in Sources */,
				BECEAD3C2713C2200090027A /* JLDeviceCell.m in Sources */,
				BE8A22F127153A2C00589FB3 /* JLMainViewController.m in Sources */,
				485354C527390335004B426F /* GCDWebKit.m in Sources */,
				485354B727390335004B426F /* GCDWebServerResponse.m in Sources */,
				BECEAD74271441B70090027A /* UITableViewCell+JLCustom.m in Sources */,
				BECEAD2C2713C1010090027A /* MJRefreshConst.m in Sources */,
				BECEAD362713C1020090027A /* UIView+MJExtension.m in Sources */,
				BECEAD302713C1010090027A /* MJRefreshBaseView.m in Sources */,
				485354BC27390335004B426F /* GCDWebServerErrorResponse.m in Sources */,
				485354C627390335004B426F /* SJXCSMIPHelper.m in Sources */,
				485354BB27390335004B426F /* GCDWebServerConnection.m in Sources */,
				485354BA27390335004B426F /* GCDWebServer.m in Sources */,
				BECEACCF271132E20090027A /* main.m in Sources */,
				BECEAD1227118E7D0090027A /* JLUpdateViewController.m in Sources */,
				485354B927390335004B426F /* GCDWebServerFunctions.m in Sources */,
			);
			runOnlyForDeploymentPostprocessing = 0;
		};
		BECEACD5271137270090027A /* Sources */ = {
			isa = PBXSourcesBuildPhase;
			buildActionMask = 2147483647;
			files = (
				485354ED27390460004B426F /* GCDWebUploader.m in Sources */,
				485354EB27390452004B426F /* GCDWebDAVServer.m in Sources */,
				485354E327390447004B426F /* GCDWebServerDataRequest.m in Sources */,
				485354E527390447004B426F /* GCDWebServerURLEncodedFormRequest.m in Sources */,
				485354E727390447004B426F /* GCDWebServerFileRequest.m in Sources */,
				485354E927390447004B426F /* GCDWebServerMultiPartFormRequest.m in Sources */,
				485354DB2739043F004B426F /* GCDWebServerFileResponse.m in Sources */,
				485354DD2739043F004B426F /* GCDWebServerStreamedResponse.m in Sources */,
				485354DF2739043F004B426F /* GCDWebServerErrorResponse.m in Sources */,
				485354E12739043F004B426F /* GCDWebServerDataResponse.m in Sources */,
				485354CF27390434004B426F /* GCDWebServer.m in Sources */,
				485354D327390434004B426F /* GCDWebServerFunctions.m in Sources */,
				485354D527390434004B426F /* GCDWebServerResponse.m in Sources */,
				485354D727390434004B426F /* GCDWebServerConnection.m in Sources */,
				485354D927390434004B426F /* GCDWebServerRequest.m in Sources */,
				485354CB27390425004B426F /* GCDWebKit.m in Sources */,
				485354CD27390425004B426F /* SJXCSMIPHelper.m in Sources */,
				BECEAD352713C1020090027A /* MJRefreshFooterView.m in Sources */,
				BECEAD2F2713C1010090027A /* MJRefreshHeaderView.m in Sources */,
				BECEAD2B2713C1010090027A /* UIScrollView+MJRefresh.m in Sources */,
				BECEAD6B271423C90090027A /* JLOtaFileManager.m in Sources */,
				BECEAD332713C1010090027A /* UIScrollView+MJExtension.m in Sources */,
				BECEAD75271441B70090027A /* UITableViewCell+JLCustom.m in Sources */,
				BECEAD2D2713C1010090027A /* MJRefreshConst.m in Sources */,
				BE8A22EB271538DC00589FB3 /* JLDeviceViewController.m in Sources */,
				BECEAD6D27142B350090027A /* AppDelegate.m in Sources */,
				BECEAD372713C1020090027A /* UIView+MJExtension.m in Sources */,
				BE8A22EE271538F000589FB3 /* JLUpdateViewController.m in Sources */,
				BE8A22F227153A2C00589FB3 /* JLMainViewController.m in Sources */,
				BECEAD5A27140F940090027A /* JLDeviceCell.m in Sources */,
				BE8A22F727156DD300589FB3 /* JLBaseViewController.m in Sources */,
				BECEAD312713C1010090027A /* MJRefreshBaseView.m in Sources */,
				BECEACEE2711372E0090027A /* main.m in Sources */,
				BECEAD0A2711466B0090027A /* JL_RunSDK.m in Sources */,
			);
			runOnlyForDeploymentPostprocessing = 0;
		};
/* End PBXSourcesBuildPhase section */

/* Begin PBXVariantGroup section */
		BECEACCA271132E20090027A /* LaunchScreen.storyboard */ = {
			isa = PBXVariantGroup;
			children = (
				BECEACCB271132E20090027A /* Base */,
				BECEAD4A2713D0330090027A /* zh-Hans */,
			);
			name = LaunchScreen.storyboard;
			sourceTree = "<group>";
		};
		BECEACE92711372E0090027A /* LaunchScreen.storyboard */ = {
			isa = PBXVariantGroup;
			children = (
				BECEACEA2711372E0090027A /* Base */,
				BECEAD4C2713D0350090027A /* zh-Hans */,
			);
			name = LaunchScreen.storyboard;
			sourceTree = "<group>";
		};
		BECEAD462713CFD40090027A /* Localizable.strings */ = {
			isa = PBXVariantGroup;
			children = (
				BECEAD452713CFD40090027A /* en */,
				BECEAD4D2713D0360090027A /* zh-Hans */,
			);
			name = Localizable.strings;
			sourceTree = "<group>";
			usesTabs = 0;
		};
/* End PBXVariantGroup section */

/* Begin XCBuildConfiguration section */
		BECEACD0271132E20090027A /* Debug */ = {
			isa = XCBuildConfiguration;
			buildSettings = {
				ALWAYS_SEARCH_USER_PATHS = NO;
				CLANG_ANALYZER_LOCALIZABILITY_NONLOCALIZED = YES;
				CLANG_ANALYZER_NONNULL = YES;
				CLANG_ANALYZER_NUMBER_OBJECT_CONVERSION = YES_AGGRESSIVE;
				CLANG_CXX_LANGUAGE_STANDARD = "gnu++17";
				CLANG_CXX_LIBRARY = "libc++";
				CLANG_ENABLE_MODULES = YES;
				CLANG_ENABLE_OBJC_ARC = YES;
				CLANG_ENABLE_OBJC_WEAK = YES;
				CLANG_WARN_BLOCK_CAPTURE_AUTORELEASING = YES;
				CLANG_WARN_BOOL_CONVERSION = YES;
				CLANG_WARN_COMMA = YES;
				CLANG_WARN_CONSTANT_CONVERSION = YES;
				CLANG_WARN_DEPRECATED_OBJC_IMPLEMENTATIONS = YES;
				CLANG_WARN_DIRECT_OBJC_ISA_USAGE = YES_ERROR;
				CLANG_WARN_DOCUMENTATION_COMMENTS = YES;
				CLANG_WARN_EMPTY_BODY = YES;
				CLANG_WARN_ENUM_CONVERSION = YES;
				CLANG_WARN_INFINITE_RECURSION = YES;
				CLANG_WARN_INT_CONVERSION = YES;
				CLANG_WARN_NON_LITERAL_NULL_CONVERSION = YES;
				CLANG_WARN_OBJC_IMPLICIT_RETAIN_SELF = YES;
				CLANG_WARN_OBJC_LITERAL_CONVERSION = YES;
				CLANG_WARN_OBJC_ROOT_CLASS = YES_ERROR;
				CLANG_WARN_QUOTED_INCLUDE_IN_FRAMEWORK_HEADER = YES;
				CLANG_WARN_RANGE_LOOP_ANALYSIS = YES;
				CLANG_WARN_STRICT_PROTOTYPES = YES;
				CLANG_WARN_SUSPICIOUS_MOVE = YES;
				CLANG_WARN_UNGUARDED_AVAILABILITY = YES_AGGRESSIVE;
				CLANG_WARN_UNREACHABLE_CODE = YES;
				CLANG_WARN__DUPLICATE_METHOD_MATCH = YES;
				COPY_PHASE_STRIP = NO;
				DEBUG_INFORMATION_FORMAT = dwarf;
				ENABLE_BITCODE = NO;
				ENABLE_STRICT_OBJC_MSGSEND = YES;
				ENABLE_TESTABILITY = YES;
				GCC_C_LANGUAGE_STANDARD = gnu11;
				GCC_DYNAMIC_NO_PIC = NO;
				GCC_NO_COMMON_BLOCKS = YES;
				GCC_OPTIMIZATION_LEVEL = 0;
				GCC_PREPROCESSOR_DEFINITIONS = (
					"DEBUG=1",
					"$(inherited)",
				);
				GCC_WARN_64_TO_32_BIT_CONVERSION = YES;
				GCC_WARN_ABOUT_RETURN_TYPE = YES_ERROR;
				GCC_WARN_UNDECLARED_SELECTOR = YES;
				GCC_WARN_UNINITIALIZED_AUTOS = YES_AGGRESSIVE;
				GCC_WARN_UNUSED_FUNCTION = YES;
				GCC_WARN_UNUSED_VARIABLE = YES;
				IPHONEOS_DEPLOYMENT_TARGET = 15.0;
				MTL_ENABLE_DEBUG_INFO = INCLUDE_SOURCE;
				MTL_FAST_MATH = YES;
				ONLY_ACTIVE_ARCH = YES;
				SDKROOT = iphoneos;
			};
			name = Debug;
		};
		BECEACD1271132E20090027A /* Release */ = {
			isa = XCBuildConfiguration;
			buildSettings = {
				ALWAYS_SEARCH_USER_PATHS = NO;
				CLANG_ANALYZER_LOCALIZABILITY_NONLOCALIZED = YES;
				CLANG_ANALYZER_NONNULL = YES;
				CLANG_ANALYZER_NUMBER_OBJECT_CONVERSION = YES_AGGRESSIVE;
				CLANG_CXX_LANGUAGE_STANDARD = "gnu++17";
				CLANG_CXX_LIBRARY = "libc++";
				CLANG_ENABLE_MODULES = YES;
				CLANG_ENABLE_OBJC_ARC = YES;
				CLANG_ENABLE_OBJC_WEAK = YES;
				CLANG_WARN_BLOCK_CAPTURE_AUTORELEASING = YES;
				CLANG_WARN_BOOL_CONVERSION = YES;
				CLANG_WARN_COMMA = YES;
				CLANG_WARN_CONSTANT_CONVERSION = YES;
				CLANG_WARN_DEPRECATED_OBJC_IMPLEMENTATIONS = YES;
				CLANG_WARN_DIRECT_OBJC_ISA_USAGE = YES_ERROR;
				CLANG_WARN_DOCUMENTATION_COMMENTS = YES;
				CLANG_WARN_EMPTY_BODY = YES;
				CLANG_WARN_ENUM_CONVERSION = YES;
				CLANG_WARN_INFINITE_RECURSION = YES;
				CLANG_WARN_INT_CONVERSION = YES;
				CLANG_WARN_NON_LITERAL_NULL_CONVERSION = YES;
				CLANG_WARN_OBJC_IMPLICIT_RETAIN_SELF = YES;
				CLANG_WARN_OBJC_LITERAL_CONVERSION = YES;
				CLANG_WARN_OBJC_ROOT_CLASS = YES_ERROR;
				CLANG_WARN_QUOTED_INCLUDE_IN_FRAMEWORK_HEADER = YES;
				CLANG_WARN_RANGE_LOOP_ANALYSIS = YES;
				CLANG_WARN_STRICT_PROTOTYPES = YES;
				CLANG_WARN_SUSPICIOUS_MOVE = YES;
				CLANG_WARN_UNGUARDED_AVAILABILITY = YES_AGGRESSIVE;
				CLANG_WARN_UNREACHABLE_CODE = YES;
				CLANG_WARN__DUPLICATE_METHOD_MATCH = YES;
				COPY_PHASE_STRIP = NO;
				DEBUG_INFORMATION_FORMAT = "dwarf-with-dsym";
				ENABLE_BITCODE = NO;
				ENABLE_NS_ASSERTIONS = NO;
				ENABLE_STRICT_OBJC_MSGSEND = YES;
				GCC_C_LANGUAGE_STANDARD = gnu11;
				GCC_NO_COMMON_BLOCKS = YES;
				GCC_WARN_64_TO_32_BIT_CONVERSION = YES;
				GCC_WARN_ABOUT_RETURN_TYPE = YES_ERROR;
				GCC_WARN_UNDECLARED_SELECTOR = YES;
				GCC_WARN_UNINITIALIZED_AUTOS = YES_AGGRESSIVE;
				GCC_WARN_UNUSED_FUNCTION = YES;
				GCC_WARN_UNUSED_VARIABLE = YES;
				IPHONEOS_DEPLOYMENT_TARGET = 15.0;
				MTL_ENABLE_DEBUG_INFO = NO;
				MTL_FAST_MATH = YES;
				SDKROOT = iphoneos;
				VALIDATE_PRODUCT = YES;
			};
			name = Release;
		};
		BECEACD3271132E20090027A /* Debug */ = {
			isa = XCBuildConfiguration;
			buildSettings = {
				ASSETCATALOG_COMPILER_APPICON_NAME = AppIcon;
				ASSETCATALOG_COMPILER_GLOBAL_ACCENT_COLOR_NAME = AccentColor;
				CODE_SIGN_STYLE = Automatic;
				CURRENT_PROJECT_VERSION = 2;
				DEVELOPMENT_TEAM = J8GU9SL7NG;
				ENABLE_BITCODE = NO;
				FRAMEWORK_SEARCH_PATHS = (
					"$(inherited)",
					"$(PROJECT_DIR)",
				);
				GCC_PREFIX_HEADER = "$(SRCROOT)/Resource/PrefixHeader.pch";
				GENERATE_INFOPLIST_FILE = YES;
				INFOPLIST_FILE = JL_OTA/Info.plist;
				INFOPLIST_KEY_CFBundleDisplayName = "OTA Update";
				INFOPLIST_KEY_NSBluetoothAlwaysUsageDescription = "APP操控设备需用到蓝牙传输数据，是否授权使用蓝牙？";
				INFOPLIST_KEY_NSBluetoothPeripheralUsageDescription = "APP与设备交互需要用到蓝牙数据传输，是否允许？";
				INFOPLIST_KEY_UIApplicationSupportsIndirectInputEvents = YES;
				INFOPLIST_KEY_UILaunchStoryboardName = LaunchScreen;
				INFOPLIST_KEY_UIRequiredDeviceCapabilities = armv7;
				INFOPLIST_KEY_UISupportedInterfaceOrientations_iPad = "UIInterfaceOrientationPortrait UIInterfaceOrientationPortraitUpsideDown UIInterfaceOrientationLandscapeLeft UIInterfaceOrientationLandscapeRight";
				INFOPLIST_KEY_UISupportedInterfaceOrientations_iPhone = "UIInterfaceOrientationPortrait UIInterfaceOrientationLandscapeLeft UIInterfaceOrientationLandscapeRight";
				IPHONEOS_DEPLOYMENT_TARGET = 10.0;
				LD_RUNPATH_SEARCH_PATHS = (
					"$(inherited)",
					"@executable_path/Frameworks",
				);
				MARKETING_VERSION = 3.0;
				PRODUCT_BUNDLE_IDENTIFIER = com.JLBLE.OtaUpdate;
				PRODUCT_NAME = "$(TARGET_NAME)";
				SWIFT_EMIT_LOC_STRINGS = YES;
				TARGETED_DEVICE_FAMILY = "1,2";
			};
			name = Debug;
		};
		BECEACD4271132E20090027A /* Release */ = {
			isa = XCBuildConfiguration;
			buildSettings = {
				ASSETCATALOG_COMPILER_APPICON_NAME = AppIcon;
				ASSETCATALOG_COMPILER_GLOBAL_ACCENT_COLOR_NAME = AccentColor;
				CODE_SIGN_STYLE = Automatic;
				CURRENT_PROJECT_VERSION = 2;
				DEVELOPMENT_TEAM = J8GU9SL7NG;
				ENABLE_BITCODE = NO;
				FRAMEWORK_SEARCH_PATHS = (
					"$(inherited)",
					"$(PROJECT_DIR)",
				);
				GCC_PREFIX_HEADER = "$(SRCROOT)/Resource/PrefixHeader.pch";
				GENERATE_INFOPLIST_FILE = YES;
				INFOPLIST_FILE = JL_OTA/Info.plist;
				INFOPLIST_KEY_CFBundleDisplayName = "OTA Update";
				INFOPLIST_KEY_NSBluetoothAlwaysUsageDescription = "APP操控设备需用到蓝牙传输数据，是否授权使用蓝牙？";
				INFOPLIST_KEY_NSBluetoothPeripheralUsageDescription = "APP与设备交互需要用到蓝牙数据传输，是否允许？";
				INFOPLIST_KEY_UIApplicationSupportsIndirectInputEvents = YES;
				INFOPLIST_KEY_UILaunchStoryboardName = LaunchScreen;
				INFOPLIST_KEY_UIRequiredDeviceCapabilities = armv7;
				INFOPLIST_KEY_UISupportedInterfaceOrientations_iPad = "UIInterfaceOrientationPortrait UIInterfaceOrientationPortraitUpsideDown UIInterfaceOrientationLandscapeLeft UIInterfaceOrientationLandscapeRight";
				INFOPLIST_KEY_UISupportedInterfaceOrientations_iPhone = "UIInterfaceOrientationPortrait UIInterfaceOrientationLandscapeLeft UIInterfaceOrientationLandscapeRight";
				IPHONEOS_DEPLOYMENT_TARGET = 10.0;
				LD_RUNPATH_SEARCH_PATHS = (
					"$(inherited)",
					"@executable_path/Frameworks",
				);
				MARKETING_VERSION = 3.0;
				PRODUCT_BUNDLE_IDENTIFIER = com.JLBLE.OtaUpdate;
				PRODUCT_NAME = "$(TARGET_NAME)";
				SWIFT_EMIT_LOC_STRINGS = YES;
				TARGETED_DEVICE_FAMILY = "1,2";
			};
			name = Release;
		};
		BECEACF02711372E0090027A /* Debug */ = {
			isa = XCBuildConfiguration;
			buildSettings = {
				ASSETCATALOG_COMPILER_APPICON_NAME = AppIcon;
				ASSETCATALOG_COMPILER_GLOBAL_ACCENT_COLOR_NAME = AccentColor;
				CODE_SIGN_STYLE = Automatic;
				CURRENT_PROJECT_VERSION = 2;
				DEVELOPMENT_TEAM = J8GU9SL7NG;
				ENABLE_BITCODE = NO;
				FRAMEWORK_SEARCH_PATHS = (
					"$(inherited)",
					"$(PROJECT_DIR)",
				);
				GCC_PREFIX_HEADER = "$(SRCROOT)/Resource/PrefixHeader.pch";
				GENERATE_INFOPLIST_FILE = YES;
				INFOPLIST_FILE = JL_OTA_InnerBle/Info.plist;
				INFOPLIST_KEY_CFBundleDisplayName = "OTA Update";
				INFOPLIST_KEY_NSBluetoothAlwaysUsageDescription = "APP操控设备需用到蓝牙传输数据，是否授权使用蓝牙？";
				INFOPLIST_KEY_NSBluetoothPeripheralUsageDescription = "APP与设备交互需要用到蓝牙数据传输，是否允许？";
				INFOPLIST_KEY_UIApplicationSupportsIndirectInputEvents = YES;
				INFOPLIST_KEY_UILaunchStoryboardName = LaunchScreen;
				INFOPLIST_KEY_UIRequiredDeviceCapabilities = armv7;
				INFOPLIST_KEY_UISupportedInterfaceOrientations_iPad = "UIInterfaceOrientationPortrait UIInterfaceOrientationPortraitUpsideDown UIInterfaceOrientationLandscapeLeft UIInterfaceOrientationLandscapeRight";
				INFOPLIST_KEY_UISupportedInterfaceOrientations_iPhone = "UIInterfaceOrientationPortrait UIInterfaceOrientationLandscapeLeft UIInterfaceOrientationLandscapeRight";
				IPHONEOS_DEPLOYMENT_TARGET = 10.0;
				LD_RUNPATH_SEARCH_PATHS = (
					"$(inherited)",
					"@executable_path/Frameworks",
				);
				MARKETING_VERSION = 3.0;
				PRODUCT_BUNDLE_IDENTIFIER = com.JLBLE.OtaUpdate;
				PRODUCT_NAME = "$(TARGET_NAME)";
				SWIFT_EMIT_LOC_STRINGS = YES;
				TARGETED_DEVICE_FAMILY = "1,2";
			};
			name = Debug;
		};
		BECEACF12711372E0090027A /* Release */ = {
			isa = XCBuildConfiguration;
			buildSettings = {
				ASSETCATALOG_COMPILER_APPICON_NAME = AppIcon;
				ASSETCATALOG_COMPILER_GLOBAL_ACCENT_COLOR_NAME = AccentColor;
				CODE_SIGN_STYLE = Automatic;
				CURRENT_PROJECT_VERSION = 2;
				DEVELOPMENT_TEAM = J8GU9SL7NG;
				ENABLE_BITCODE = NO;
				FRAMEWORK_SEARCH_PATHS = (
					"$(inherited)",
					"$(PROJECT_DIR)",
				);
				GCC_PREFIX_HEADER = "$(SRCROOT)/Resource/PrefixHeader.pch";
				GENERATE_INFOPLIST_FILE = YES;
				INFOPLIST_FILE = JL_OTA_InnerBle/Info.plist;
				INFOPLIST_KEY_CFBundleDisplayName = "OTA Update";
				INFOPLIST_KEY_NSBluetoothAlwaysUsageDescription = "APP操控设备需用到蓝牙传输数据，是否授权使用蓝牙？";
				INFOPLIST_KEY_NSBluetoothPeripheralUsageDescription = "APP与设备交互需要用到蓝牙数据传输，是否允许？";
				INFOPLIST_KEY_UIApplicationSupportsIndirectInputEvents = YES;
				INFOPLIST_KEY_UILaunchStoryboardName = LaunchScreen;
				INFOPLIST_KEY_UIRequiredDeviceCapabilities = armv7;
				INFOPLIST_KEY_UISupportedInterfaceOrientations_iPad = "UIInterfaceOrientationPortrait UIInterfaceOrientationPortraitUpsideDown UIInterfaceOrientationLandscapeLeft UIInterfaceOrientationLandscapeRight";
				INFOPLIST_KEY_UISupportedInterfaceOrientations_iPhone = "UIInterfaceOrientationPortrait UIInterfaceOrientationLandscapeLeft UIInterfaceOrientationLandscapeRight";
				IPHONEOS_DEPLOYMENT_TARGET = 10.0;
				LD_RUNPATH_SEARCH_PATHS = (
					"$(inherited)",
					"@executable_path/Frameworks",
				);
				MARKETING_VERSION = 3.0;
				PRODUCT_BUNDLE_IDENTIFIER = com.JLBLE.OtaUpdate;
				PRODUCT_NAME = "$(TARGET_NAME)";
				SWIFT_EMIT_LOC_STRINGS = YES;
				TARGETED_DEVICE_FAMILY = "1,2";
			};
			name = Release;
		};
/* End XCBuildConfiguration section */

/* Begin XCConfigurationList section */
		BECEACB4271132DE0090027A /* Build configuration list for PBXProject "JL_OTA" */ = {
			isa = XCConfigurationList;
			buildConfigurations = (
				BECEACD0271132E20090027A /* Debug */,
				BECEACD1271132E20090027A /* Release */,
			);
			defaultConfigurationIsVisible = 0;
			defaultConfigurationName = Release;
		};
		BECEACD2271132E20090027A /* Build configuration list for PBXNativeTarget "JL_OTA" */ = {
			isa = XCConfigurationList;
			buildConfigurations = (
				BECEACD3271132E20090027A /* Debug */,
				BECEACD4271132E20090027A /* Release */,
			);
			defaultConfigurationIsVisible = 0;
			defaultConfigurationName = Release;
		};
		BECEACEF2711372E0090027A /* Build configuration list for PBXNativeTarget "JL_OTA_InnerBle" */ = {
			isa = XCConfigurationList;
			buildConfigurations = (
				BECEACF02711372E0090027A /* Debug */,
				BECEACF12711372E0090027A /* Release */,
			);
			defaultConfigurationIsVisible = 0;
			defaultConfigurationName = Release;
		};
/* End XCConfigurationList section */
	};
	rootObject = BECEACB1271132DE0090027A /* Project object */;
}
